// !$*UTF8*$!
{
	archiveVersion = 1;
	classes = {
	};
	objectVersion = 77;
	objects = {

/* Begin PBXBuildFile section */
		04BC34B504B9FEE40260E2974C554A9E /* HardeningTests.swift in Sources */ = {isa = PBXBuildFile; fileRef = 84E8AAB34A551B457426038586BD8E07 /* HardeningTests.swift */; };
		097C9EB1BD39BFD0B5EDD70C1C3E9E1A /* MatchingWorkspace.swift in Sources */ = {isa = PBXBuildFile; fileRef = CABD25326F72F279D09B9E6C4D86CC00 /* MatchingWorkspace.swift */; };
		0B3EFAD11B406A60093D6275CE80741E /* MacPicardApp.swift in Sources */ = {isa = PBXBuildFile; fileRef = 04E17E2798EC1E76F0B5417C43BD6CA7 /* MacPicardApp.swift */; };
		12AAEF0083048AC7FE7A9939ECAB7975 /* PicardCoverArt in Frameworks */ = {isa = PBXBuildFile; productRef = 0DD64CF68EEB8DD7D985500FCF26DCF8 /* PicardCoverArt */; };
		1396EE3E8B9490852857957C91E31BD2 /* SettingsView.swift in Sources */ = {isa = PBXBuildFile; fileRef = 37016807DD78920C3EBFC8DFFCAA69C9 /* SettingsView.swift */; };
		148746D00BEE8DD32D397C45DD9A56FD /* PlaybackTests.swift in Sources */ = {isa = PBXBuildFile; fileRef = D86D31AB187CD4A2F090374ED880E099 /* PlaybackTests.swift */; };
		16CD3C7CD5EAB3540E7C95E9EAE64E68 /* MacPicardViews.swift in Sources */ = {isa = PBXBuildFile; fileRef = 46CAC6DBD767BE6769B3ECDD10FC662A /* MacPicardViews.swift */; };
		1702312410F6960DF12F51B583A441D3 /* PicardFormats in Frameworks */ = {isa = PBXBuildFile; productRef = D99D5867E188C1FE9F1617B0CE919514 /* PicardFormats */; };
		18803E5491BEE23C1B40841F3D5B8483 /* PicardMusicBrainz in Frameworks */ = {isa = PBXBuildFile; productRef = D5656E2B9E6D81564E47B33465817E0B /* PicardMusicBrainz */; };
		19D07DC99602406C5EE4D139E647530A /* MatchReviewTests.swift in Sources */ = {isa = PBXBuildFile; fileRef = 851604E6A6DEAF6D72EDA399947A3D12 /* MatchReviewTests.swift */; };
		1C38BC62D6C06213DD660EC9A08F0A87 /* CoverArtTests.swift in Sources */ = {isa = PBXBuildFile; fileRef = 49C06CE6A449CA0242E6E4F3E005B6F2 /* CoverArtTests.swift */; };
		1DFC2E65F5351E6B120C05A4C9EC56FC /* Cocoa.framework in Frameworks */ = {isa = PBXBuildFile; fileRef = CD13A92A5C7D0A2028A0CCC2B86821E2 /* Cocoa.framework */; };
		2185A4D25C4F59737876A04DCDB70D89 /* AppModel.swift in Sources */ = {isa = PBXBuildFile; fileRef = 7EBA86D4EB40B704F49E1A64A439D51D /* AppModel.swift */; };
		2523155C0F31E762A35DA0DCC4DF7E96 /* PicardMusicBrainz in Frameworks */ = {isa = PBXBuildFile; productRef = 6196F40F310C72E9B8EB349EC9998255 /* PicardMusicBrainz */; };
		286A50700669B4CF03E17EBD7A4602F0 /* PicardScripts in Frameworks */ = {isa = PBXBuildFile; productRef = 4D3F467B713A2D36522898218ADB38D3 /* PicardScripts */; };
		2BCF325DE316C7A99E7FFAC459E075F5 /* PersistenceTests.swift in Sources */ = {isa = PBXBuildFile; fileRef = 2A9281B9ED6C36C968B7E4C5D8B53E43 /* PersistenceTests.swift */; };
		2D00BC8F57A37E990C9B3FD9C14DDB93 /* PicardScripts in Frameworks */ = {isa = PBXBuildFile; productRef = B97055E3BF75B72903ABEFDFE9C0F8B8 /* PicardScripts */; };
		3053CDE6EC8321C8ED73A7E39A9C9CEE /* SettingsModel.swift in Sources */ = {isa = PBXBuildFile; fileRef = 7D9CDEEEDEBE53712FDC7932EB6D87D6 /* SettingsModel.swift */; };
		34B6C2369CA184D287A1C6E3D52AF2B7 /* PicardFoundation in Frameworks */ = {isa = PBXBuildFile; productRef = 464D82CD8AD41A45992E60047EB97644 /* PicardFoundation */; };
		3A791608AFC35A14E59EEE8BF9AFB464 /* PicardFoundation in Frameworks */ = {isa = PBXBuildFile; productRef = A66DC986A0BB82D6B914EC02A4C14EAA /* PicardFoundation */; };
		495AAA66FEF5BE4DF90534BD85FA12DA /* Cocoa.framework in Frameworks */ = {isa = PBXBuildFile; fileRef = CD13A92A5C7D0A2028A0CCC2B86821E2 /* Cocoa.framework */; };
		4C38D20C7458E38298EB6C10416B49CD /* ArtworkEditingTests.swift in Sources */ = {isa = PBXBuildFile; fileRef = 3906C6DB1F8C8E1E6E43DE80CF1D58C3 /* ArtworkEditingTests.swift */; };
		4E574E96561FDB9AEFC11B4FACA44813 /* HardeningTests.swift in Sources */ = {isa = PBXBuildFile; fileRef = 1C1C272471B6387A18205F8C40E1C5AC /* HardeningTests.swift */; };
		4F6E2E88846363C09FE285B74EC3A6F2 /* Cocoa.framework in Frameworks */ = {isa = PBXBuildFile; fileRef = CD13A92A5C7D0A2028A0CCC2B86821E2 /* Cocoa.framework */; };
		50B1C74BBF537251DD38CFBE0FBB9FD9 /* PreferencesTests.swift in Sources */ = {isa = PBXBuildFile; fileRef = 2F2653163B43141F7BFE8CA2E3A765ED /* PreferencesTests.swift */; };
		536AE8B2CAD0A810C4CD112DAE9FF4F6 /* HardeningTests.swift in Sources */ = {isa = PBXBuildFile; fileRef = 53F9B61F62F4EE1D074A7DFF512BE30F /* HardeningTests.swift */; };
		5430CEC4C6B6F5EF673E85189352056E /* PicardFoundation in Frameworks */ = {isa = PBXBuildFile; productRef = F13EE8BCF876C25F2083848F5D0C6515 /* PicardFoundation */; };
		56834EFB2A3AF8AB4E3724E519D0917E /* OrganizationModelTests.swift in Sources */ = {isa = PBXBuildFile; fileRef = A267635D3A38648C70F812C993C9752E /* OrganizationModelTests.swift */; };
		5A9DC8547B246BEC9E3203A497E75FBA /* PicardSessions in Frameworks */ = {isa = PBXBuildFile; productRef = 8E0C739EDF564B5DAB5EED71F1083285 /* PicardSessions */; };
		6006063F51F3D54D81C78E132927314C /* OrganizationReviewTests.swift in Sources */ = {isa = PBXBuildFile; fileRef = 7DC4B3CDC27D133F72418A13D96B273D /* OrganizationReviewTests.swift */; };
		6087134933E8F2F79121DC345D7FE9F8 /* OrganizationModel.swift in Sources */ = {isa = PBXBuildFile; fileRef = FFB125B23C1A8F380CD13A3C537499EA /* OrganizationModel.swift */; };
		60C29CC84689DFEDDC7D1508C57991CD /* MatchReviewViews.swift in Sources */ = {isa = PBXBuildFile; fileRef = 7AF6728643A2B94A1041908317A51848 /* MatchReviewViews.swift */; };
		629FBD0F319312FBFF1B5376E6BB53B6 /* CollectionWorkspace.swift in Sources */ = {isa = PBXBuildFile; fileRef = 724CA13FA29D6EE6EBF04DC17B7C4D64 /* CollectionWorkspace.swift */; };
		6322BE6FC20D4CA3231179DB05CA8A63 /* FingerprintWorkflow.swift in Sources */ = {isa = PBXBuildFile; fileRef = FA34D3E914FE7F10884D010411CC0F32 /* FingerprintWorkflow.swift */; };
		67D42C49008ACCCD40566E82C2EA9AF5 /* WorkspaceTests.swift in Sources */ = {isa = PBXBuildFile; fileRef = 9D14A4F8A12DDCA78C1200B575EB7A58 /* WorkspaceTests.swift */; };
		68DE0614C2AA85A3269FA0D8E78C0549 /* PicardFoundation in Frameworks */ = {isa = PBXBuildFile; productRef = 249CB6C78073014F1CBF8A10C2260C81 /* PicardFoundation */; };
		6CFFCA672132EAE9904D5337448756A8 /* MusicBrainzTheme.swift in Sources */ = {isa = PBXBuildFile; fileRef = 7F58E3D3DC30810B8D7917D545813940 /* MusicBrainzTheme.swift */; };
		6D47D17C2C250F8B428BB6EBFD8B02E5 /* WorkflowModelTests.swift in Sources */ = {isa = PBXBuildFile; fileRef = E13938F9855336BFF4D4254CDE198AFC /* WorkflowModelTests.swift */; };
		70372136E8539D8940CD51264BE90164 /* LibraryBrowser.swift in Sources */ = {isa = PBXBuildFile; fileRef = 72AC717A1656C7584A156805BC578323 /* LibraryBrowser.swift */; };
		72770FB6136AA95D6A8EFCB3A30E9C9F /* MetadataEditorView.swift in Sources */ = {isa = PBXBuildFile; fileRef = 2AC7EA6252C7E58AC9F3941E96A44699 /* MetadataEditorView.swift */; };
		733B75DCC65ABC0B1E7907CFB84C0086 /* MusicBrainzTests.swift in Sources */ = {isa = PBXBuildFile; fileRef = 29DE3E0FB8F0E63919B54223492DFC07 /* MusicBrainzTests.swift */; };
		74E875CEB987A48132FE0965D98FC889 /* PicardCoverArt in Frameworks */ = {isa = PBXBuildFile; productRef = 3B93000C391BE46CA04A8D557FE52321 /* PicardCoverArt */; };
		78302431ECE13C3A8273022DEBBEF7C9 /* TrackActions.swift in Sources */ = {isa = PBXBuildFile; fileRef = 8113BADC55ECAD93E996679BBD1F2B27 /* TrackActions.swift */; };
		7A3B421E6DD82B37F2E113AAB7FD0866 /* FingerprintSafetyTests.swift in Sources */ = {isa = PBXBuildFile; fileRef = D0846EC77B7840D838F9D5F126D97EFD /* FingerprintSafetyTests.swift */; };
		7BBBA1B4DB9DDB7BCCD7D6BC40B3E299 /* MatchingWorkspaceTests.swift in Sources */ = {isa = PBXBuildFile; fileRef = C209C2E1E69F8CC14F798C7B05B17301 /* MatchingWorkspaceTests.swift */; };
		7C151DF381AAAF5C358248E9A234F22B /* FingerprintWorkflowTests.swift in Sources */ = {isa = PBXBuildFile; fileRef = 3A39811E020B901BC4DDC9D1382980D4 /* FingerprintWorkflowTests.swift */; };
		82FB37B4A2554431C121DD4B4C061CD8 /* LibraryImportTests.swift in Sources */ = {isa = PBXBuildFile; fileRef = A9EFD5384AEE00DE3EA04F28564242CC /* LibraryImportTests.swift */; };
		84AFDACAADC52BC5159F18CCCB3CC07E /* Cocoa.framework in Frameworks */ = {isa = PBXBuildFile; fileRef = CD13A92A5C7D0A2028A0CCC2B86821E2 /* Cocoa.framework */; };
		8CE95AB6D63897D266A64F54A8AE55A4 /* PicardFingerprint in Frameworks */ = {isa = PBXBuildFile; productRef = 4AF8CF47F8679971E8FDB31D19F10BE1 /* PicardFingerprint */; };
		8DD5D4E9DF46F859B5B70D630241A505 /* FingerprintTests.swift in Sources */ = {isa = PBXBuildFile; fileRef = 99F770F8487006AD7F3FE12BA0D9CDF5 /* FingerprintTests.swift */; };
		93D0C1ECBF09E68E6143BBF8690D4F9E /* LibraryMatchView.swift in Sources */ = {isa = PBXBuildFile; fileRef = BC39D3F5424871777BC2ADE5C2985DFC /* LibraryMatchView.swift */; };
		951D2EE8F2CB416309E9CF4535A81371 /* Cocoa.framework in Frameworks */ = {isa = PBXBuildFile; fileRef = CD13A92A5C7D0A2028A0CCC2B86821E2 /* Cocoa.framework */; };
		97E93A04DEC5F858E9023E81CF3997B6 /* PicardMusicBrainz in Frameworks */ = {isa = PBXBuildFile; productRef = 8172878BDA6BEE37CF6E9F76AD432EE9 /* PicardMusicBrainz */; };
		9960E98499924577DD7586EA1F59E120 /* PicardFingerprint in Frameworks */ = {isa = PBXBuildFile; productRef = 7B0813184BC4D8C46C835F72D1D0BF3D /* PicardFingerprint */; };
		9AF5483B083857E802B4FD1F9AEF8925 /* Cocoa.framework in Frameworks */ = {isa = PBXBuildFile; fileRef = CD13A92A5C7D0A2028A0CCC2B86821E2 /* Cocoa.framework */; };
		9E1E0C1868D7DEC3EB01C07F0620E591 /* FingerprintViews.swift in Sources */ = {isa = PBXBuildFile; fileRef = 16CCD358589D0C706645BA5A41A05F97 /* FingerprintViews.swift */; };
		9E58046A9A4D48F840E228F640764E70 /* WorkspaceModel.swift in Sources */ = {isa = PBXBuildFile; fileRef = FB7A56DD9AE19260799F31E42511CC24 /* WorkspaceModel.swift */; };
		A0DBA657DCE4E4BCBFB4E964A7C038C4 /* CollectionWorkspaceTests.swift in Sources */ = {isa = PBXBuildFile; fileRef = 8945F96824319CEAD353EA5B71F22A62 /* CollectionWorkspaceTests.swift */; };
		A2730CA24BF2999D210B4C91AD39F26B /* Cocoa.framework in Frameworks */ = {isa = PBXBuildFile; fileRef = CD13A92A5C7D0A2028A0CCC2B86821E2 /* Cocoa.framework */; };
		A4138AE9436DB50CF472731B897EB831 /* CollectionToolsView.swift in Sources */ = {isa = PBXBuildFile; fileRef = F85C5D43C9B1ED41325AB4717D0CA021 /* CollectionToolsView.swift */; };
		A77D17A5BD6F61FF76CBF790876F8F74 /* PicardFormats in Frameworks */ = {isa = PBXBuildFile; productRef = 4A9845EB4A049BDF077BAA5D1A79C887 /* PicardFormats */; };
		B0599321C4F585E3EE86D4B55F8D512F /* Cocoa.framework in Frameworks */ = {isa = PBXBuildFile; fileRef = CD13A92A5C7D0A2028A0CCC2B86821E2 /* Cocoa.framework */; };
		B1FB36D20294403A079503F354049F0F /* MetadataEditing.swift in Sources */ = {isa = PBXBuildFile; fileRef = FD9386642E60B506085482F7B4F3BFB2 /* MetadataEditing.swift */; };
		B5AAE4EF82226FE9B138EA5816B15170 /* EditReviewTests.swift in Sources */ = {isa = PBXBuildFile; fileRef = 267E8955D8FD98E617CC5401C774BA79 /* EditReviewTests.swift */; };
		B6A94192B7CAE9DFA648EAA3FF373A5E /* PicardFoundation in Frameworks */ = {isa = PBXBuildFile; productRef = 288CBF5874AACE7779E30B1DFB1EAB5B /* PicardFoundation */; };
		B7281A82C6E699A0F7DDCA4D87301116 /* LibraryManagementTests.swift in Sources */ = {isa = PBXBuildFile; fileRef = C1E7D95F29E36AF16B5C46449FD9CE4D /* LibraryManagementTests.swift */; };
		B7E4380BCE2AD4763933BC1AA5E128B8 /* RegroupView.swift in Sources */ = {isa = PBXBuildFile; fileRef = 7B325888F3C7BAA01901750B8F83FD26 /* RegroupView.swift */; };
		B8FDBA1A4075B4E45EFD46D48B73B296 /* APIRequestPolicyTests.swift in Sources */ = {isa = PBXBuildFile; fileRef = 518A45FEB9813994B3ABF5F5D625C016 /* APIRequestPolicyTests.swift */; };
		BC3982328529F16CFB47CA882731246F /* OrganizationViews.swift in Sources */ = {isa = PBXBuildFile; fileRef = C6D2A500BB09163B4ABF2EE6D2542162 /* OrganizationViews.swift */; };
		BCDD5400273B6607E6DB30B75988E26E /* PicardFormats in Frameworks */ = {isa = PBXBuildFile; productRef = 6AA0048AFEEF5DB8E6CE416914B4D2D1 /* PicardFormats */; };
		BE7CA29586439F5A65F34DC10AAA1F4C /* BrowserTests.swift in Sources */ = {isa = PBXBuildFile; fileRef = A9A6A432DAF67C2EA083044128E76D73 /* BrowserTests.swift */; };
		C1FEC0B1E7D7363EEA7038234DCE2D02 /* PicardSessions in Frameworks */ = {isa = PBXBuildFile; productRef = D98612E9E0868E53EF8179AACD67FD42 /* PicardSessions */; };
		C37E0400DE9DDBCA3E2DFFCF311CF608 /* MacPicardCommands.swift in Sources */ = {isa = PBXBuildFile; fileRef = 26C8A20B9C7BF3B1F7654D88D721B417 /* MacPicardCommands.swift */; };
		C3F801194DC5E4B2912D9DBD11923200 /* WorkspaceCommands.swift in Sources */ = {isa = PBXBuildFile; fileRef = 11AB0A50F9C7B4B42333BA1A4D19C8F6 /* WorkspaceCommands.swift */; };
		C58D4E45C2626A1DF69F64C7EC590CBD /* PicardFoundation in Frameworks */ = {isa = PBXBuildFile; productRef = 7C23A460FF1AE9BCDD3D6A310F50D7CD /* PicardFoundation */; };
		C5F45A11F7E1E6A9F35DD700889442CB /* Cocoa.framework in Frameworks */ = {isa = PBXBuildFile; fileRef = CD13A92A5C7D0A2028A0CCC2B86821E2 /* Cocoa.framework */; };
		CA6E34CE028A9762BDC0180A6D94933A /* PlaybackController.swift in Sources */ = {isa = PBXBuildFile; fileRef = C604759AA12C01EE72DF8795A9BA1B43 /* PlaybackController.swift */; };
		CCC7F83AB1A9DA88CCF898C2F56A28EB /* SettingsModelTests.swift in Sources */ = {isa = PBXBuildFile; fileRef = BBECB4FA113CE5C7C7EE14629400383E /* SettingsModelTests.swift */; };
		CF546A6D6509A3AA02E931A073DB88D6 /* LibraryActions.swift in Sources */ = {isa = PBXBuildFile; fileRef = 7AAEA620D907327F18934F19D5E42320 /* LibraryActions.swift */; };
		D5335C36D940A74AE121DD565AC5F166 /* ScriptEngineTests.swift in Sources */ = {isa = PBXBuildFile; fileRef = 2C77DB9E8FA42FB6B6B83DB2284B815A /* ScriptEngineTests.swift */; };
		D8CA5AEEACE8766419C54A035C09C308 /* ArtworkManagerView.swift in Sources */ = {isa = PBXBuildFile; fileRef = C5E0D177879B892A5F91C7EE65646936 /* ArtworkManagerView.swift */; };
		DC20D306D49917D0C184271784718DAB /* FormatEngineTests.swift in Sources */ = {isa = PBXBuildFile; fileRef = 263D90B7725B947DD130FC451B074968 /* FormatEngineTests.swift */; };
		DF43F197D3FB688238A60F60114D86A5 /* ManagedWorkflowTests.swift in Sources */ = {isa = PBXBuildFile; fileRef = 377081DA066B0A0B15C46C694FB7AAB8 /* ManagedWorkflowTests.swift */; };
		E0F6284BCD71475AE8A08E874ACBE379 /* ArtworkEditing.swift in Sources */ = {isa = PBXBuildFile; fileRef = 5B6590C9738C497E26CE5D72AA78102C /* ArtworkEditing.swift */; };
		E1500D8EBA18A0BC017ECF757B984B6D /* PicardFoundationTests.swift in Sources */ = {isa = PBXBuildFile; fileRef = FDA6545E4D3F622492EB1D14C78E25D3 /* PicardFoundationTests.swift */; };
		F4E0539D6151D1F01ADC70BF90F2B18E /* Localizable.strings in Resources */ = {isa = PBXBuildFile; fileRef = 5DE980FFBEF55B2FFE0143B60AC08610 /* Localizable.strings */; };
		F79B05C87479737783FF5FBD07771BB3 /* WorkflowModel.swift in Sources */ = {isa = PBXBuildFile; fileRef = F166730F712042778D87FEFC8BEF671D /* WorkflowModel.swift */; };
		F881A04E4ACE5DFE3A3E2311488FEAFB /* ArtworkManagementTests.swift in Sources */ = {isa = PBXBuildFile; fileRef = 3C49BF5555C9E2246B0676D69C3CDD1B /* ArtworkManagementTests.swift */; };
		FC87354A0F88DE7075F0B1F34D4F5575 /* PlaybackViews.swift in Sources */ = {isa = PBXBuildFile; fileRef = C38B4A13C858D30337948BFC51DEDB60 /* PlaybackViews.swift */; };
/* End PBXBuildFile section */

/* Begin PBXContainerItemProxy section */
		718E7CA96BAAAE235DD3A86FA2380C34 /* PBXContainerItemProxy */ = {
			isa = PBXContainerItemProxy;
			containerPortal = 5F166D669F1CB516D326FABFC8D8735F /* Project object */;
			proxyType = 1;
			remoteGlobalIDString = 7347B962A181BEFAA3F1BE0FC1ACF60A;
			remoteInfo = MacPicard;
		};
/* End PBXContainerItemProxy section */

/* Begin PBXFileReference section */
		018DBB3F61A68CC126DA9B501B3F4D8E /* package-macpicard.sh */ = {isa = PBXFileReference; includeInIndex = 1; lastKnownFileType = text.script.sh; path = "package-macpicard.sh"; sourceTree = "<group>"; };
		04E17E2798EC1E76F0B5417C43BD6CA7 /* MacPicardApp.swift */ = {isa = PBXFileReference; includeInIndex = 1; lastKnownFileType = sourcecode.swift; path = MacPicardApp.swift; sourceTree = "<group>"; };
		0BD8CFF0FACDBC1F4C17371E953E4E6B /* install-fingerprint-support.sh */ = {isa = PBXFileReference; includeInIndex = 1; lastKnownFileType = text.script.sh; path = "install-fingerprint-support.sh"; sourceTree = "<group>"; };
		11AB0A50F9C7B4B42333BA1A4D19C8F6 /* WorkspaceCommands.swift */ = {isa = PBXFileReference; includeInIndex = 1; lastKnownFileType = sourcecode.swift; path = WorkspaceCommands.swift; sourceTree = "<group>"; };
		153414DD8233817A2FB2BCF652921415 /* IMPROVEMENT_PROGRESS.md */ = {isa = PBXFileReference; includeInIndex = 1; path = IMPROVEMENT_PROGRESS.md; sourceTree = "<group>"; };
		16CCD358589D0C706645BA5A41A05F97 /* FingerprintViews.swift */ = {isa = PBXFileReference; includeInIndex = 1; lastKnownFileType = sourcecode.swift; path = FingerprintViews.swift; sourceTree = "<group>"; };
		1C1C272471B6387A18205F8C40E1C5AC /* HardeningTests.swift */ = {isa = PBXFileReference; includeInIndex = 1; lastKnownFileType = sourcecode.swift; path = HardeningTests.swift; sourceTree = "<group>"; };
		1DFAD0E52C4B08214124CD938CD0B976 /* MacPicardTests.xctest */ = {isa = PBXFileReference; explicitFileType = wrapper.cfbundle; includeInIndex = 0; path = MacPicardTests.xctest; sourceTree = BUILT_PRODUCTS_DIR; };
		263D90B7725B947DD130FC451B074968 /* FormatEngineTests.swift */ = {isa = PBXFileReference; includeInIndex = 1; lastKnownFileType = sourcecode.swift; path = FormatEngineTests.swift; sourceTree = "<group>"; };
		267E8955D8FD98E617CC5401C774BA79 /* EditReviewTests.swift */ = {isa = PBXFileReference; includeInIndex = 1; lastKnownFileType = sourcecode.swift; path = EditReviewTests.swift; sourceTree = "<group>"; };
		26C8A20B9C7BF3B1F7654D88D721B417 /* MacPicardCommands.swift */ = {isa = PBXFileReference; includeInIndex = 1; lastKnownFileType = sourcecode.swift; path = MacPicardCommands.swift; sourceTree = "<group>"; };
		29DE3E0FB8F0E63919B54223492DFC07 /* MusicBrainzTests.swift */ = {isa = PBXFileReference; includeInIndex = 1; lastKnownFileType = sourcecode.swift; path = MusicBrainzTests.swift; sourceTree = "<group>"; };
		2A9281B9ED6C36C968B7E4C5D8B53E43 /* PersistenceTests.swift */ = {isa = PBXFileReference; includeInIndex = 1; lastKnownFileType = sourcecode.swift; path = PersistenceTests.swift; sourceTree = "<group>"; };
		2AC7EA6252C7E58AC9F3941E96A44699 /* MetadataEditorView.swift */ = {isa = PBXFileReference; includeInIndex = 1; lastKnownFileType = sourcecode.swift; path = MetadataEditorView.swift; sourceTree = "<group>"; };
		2C77DB9E8FA42FB6B6B83DB2284B815A /* ScriptEngineTests.swift */ = {isa = PBXFileReference; includeInIndex = 1; lastKnownFileType = sourcecode.swift; path = ScriptEngineTests.swift; sourceTree = "<group>"; };
		2F2653163B43141F7BFE8CA2E3A765ED /* PreferencesTests.swift */ = {isa = PBXFileReference; includeInIndex = 1; lastKnownFileType = sourcecode.swift; path = PreferencesTests.swift; sourceTree = "<group>"; };
		37016807DD78920C3EBFC8DFFCAA69C9 /* SettingsView.swift */ = {isa = PBXFileReference; includeInIndex = 1; lastKnownFileType = sourcecode.swift; path = SettingsView.swift; sourceTree = "<group>"; };
		377081DA066B0A0B15C46C694FB7AAB8 /* ManagedWorkflowTests.swift */ = {isa = PBXFileReference; includeInIndex = 1; lastKnownFileType = sourcecode.swift; path = ManagedWorkflowTests.swift; sourceTree = "<group>"; };
		3906C6DB1F8C8E1E6E43DE80CF1D58C3 /* ArtworkEditingTests.swift */ = {isa = PBXFileReference; includeInIndex = 1; lastKnownFileType = sourcecode.swift; path = ArtworkEditingTests.swift; sourceTree = "<group>"; };
		3A39811E020B901BC4DDC9D1382980D4 /* FingerprintWorkflowTests.swift */ = {isa = PBXFileReference; includeInIndex = 1; lastKnownFileType = sourcecode.swift; path = FingerprintWorkflowTests.swift; sourceTree = "<group>"; };
		3C49BF5555C9E2246B0676D69C3CDD1B /* ArtworkManagementTests.swift */ = {isa = PBXFileReference; includeInIndex = 1; lastKnownFileType = sourcecode.swift; path = ArtworkManagementTests.swift; sourceTree = "<group>"; };
		3DD6ED74BB3BF56CDA59DD5896715CF8 /* PicardFingerprintTests.xctest */ = {isa = PBXFileReference; explicitFileType = wrapper.cfbundle; includeInIndex = 0; path = PicardFingerprintTests.xctest; sourceTree = BUILT_PRODUCTS_DIR; };
		46CAC6DBD767BE6769B3ECDD10FC662A /* MacPicardViews.swift */ = {isa = PBXFileReference; includeInIndex = 1; lastKnownFileType = sourcecode.swift; path = MacPicardViews.swift; sourceTree = "<group>"; };
		49C06CE6A449CA0242E6E4F3E005B6F2 /* CoverArtTests.swift */ = {isa = PBXFileReference; includeInIndex = 1; lastKnownFileType = sourcecode.swift; path = CoverArtTests.swift; sourceTree = "<group>"; };
		4BEFA045B0E9396F272C37A267172984 /* PicardCoverArtTests.xctest */ = {isa = PBXFileReference; explicitFileType = wrapper.cfbundle; includeInIndex = 0; path = PicardCoverArtTests.xctest; sourceTree = BUILT_PRODUCTS_DIR; };
		4EB9E0318190DC698767272F4A09A792 /* API_AUDIT.md */ = {isa = PBXFileReference; includeInIndex = 1; path = API_AUDIT.md; sourceTree = "<group>"; };
		510B59B7CCB87C12BF46E5A3A5244A0E /* RELEASE_CHECKLIST.md */ = {isa = PBXFileReference; includeInIndex = 1; path = RELEASE_CHECKLIST.md; sourceTree = "<group>"; };
		518A45FEB9813994B3ABF5F5D625C016 /* APIRequestPolicyTests.swift */ = {isa = PBXFileReference; includeInIndex = 1; lastKnownFileType = sourcecode.swift; path = APIRequestPolicyTests.swift; sourceTree = "<group>"; };
		53F9B61F62F4EE1D074A7DFF512BE30F /* HardeningTests.swift */ = {isa = PBXFileReference; includeInIndex = 1; lastKnownFileType = sourcecode.swift; path = HardeningTests.swift; sourceTree = "<group>"; };
		562BE73B74E42F3F458A3098141B764D /* PicardFoundationTests.xctest */ = {isa = PBXFileReference; explicitFileType = wrapper.cfbundle; includeInIndex = 0; path = PicardFoundationTests.xctest; sourceTree = BUILT_PRODUCTS_DIR; };
		5B6590C9738C497E26CE5D72AA78102C /* ArtworkEditing.swift */ = {isa = PBXFileReference; includeInIndex = 1; lastKnownFileType = sourcecode.swift; path = ArtworkEditing.swift; sourceTree = "<group>"; };
		637433F966B67ACED2A36EABC2DE34DD /* Info.plist */ = {isa = PBXFileReference; includeInIndex = 1; lastKnownFileType = text.plist.xml; path = Info.plist; sourceTree = "<group>"; };
		672C54C9AFA944DA79B9FD24564E97C5 /* README.md */ = {isa = PBXFileReference; includeInIndex = 1; path = README.md; sourceTree = "<group>"; };
		724CA13FA29D6EE6EBF04DC17B7C4D64 /* CollectionWorkspace.swift */ = {isa = PBXFileReference; includeInIndex = 1; lastKnownFileType = sourcecode.swift; path = CollectionWorkspace.swift; sourceTree = "<group>"; };
		72AC717A1656C7584A156805BC578323 /* LibraryBrowser.swift */ = {isa = PBXFileReference; includeInIndex = 1; lastKnownFileType = sourcecode.swift; path = LibraryBrowser.swift; sourceTree = "<group>"; };
		7AAEA620D907327F18934F19D5E42320 /* LibraryActions.swift */ = {isa = PBXFileReference; includeInIndex = 1; lastKnownFileType = sourcecode.swift; path = LibraryActions.swift; sourceTree = "<group>"; };
		7AF6728643A2B94A1041908317A51848 /* MatchReviewViews.swift */ = {isa = PBXFileReference; includeInIndex = 1; lastKnownFileType = sourcecode.swift; path = MatchReviewViews.swift; sourceTree = "<group>"; };
		7B325888F3C7BAA01901750B8F83FD26 /* RegroupView.swift */ = {isa = PBXFileReference; includeInIndex = 1; lastKnownFileType = sourcecode.swift; path = RegroupView.swift; sourceTree = "<group>"; };
		7D9CDEEEDEBE53712FDC7932EB6D87D6 /* SettingsModel.swift */ = {isa = PBXFileReference; includeInIndex = 1; lastKnownFileType = sourcecode.swift; path = SettingsModel.swift; sourceTree = "<group>"; };
		7DC4B3CDC27D133F72418A13D96B273D /* OrganizationReviewTests.swift */ = {isa = PBXFileReference; includeInIndex = 1; lastKnownFileType = sourcecode.swift; path = OrganizationReviewTests.swift; sourceTree = "<group>"; };
		7EBA86D4EB40B704F49E1A64A439D51D /* AppModel.swift */ = {isa = PBXFileReference; includeInIndex = 1; lastKnownFileType = sourcecode.swift; path = AppModel.swift; sourceTree = "<group>"; };
		7F58E3D3DC30810B8D7917D545813940 /* MusicBrainzTheme.swift */ = {isa = PBXFileReference; includeInIndex = 1; lastKnownFileType = sourcecode.swift; path = MusicBrainzTheme.swift; sourceTree = "<group>"; };
		8113BADC55ECAD93E996679BBD1F2B27 /* TrackActions.swift */ = {isa = PBXFileReference; includeInIndex = 1; lastKnownFileType = sourcecode.swift; path = TrackActions.swift; sourceTree = "<group>"; };
		84E8AAB34A551B457426038586BD8E07 /* HardeningTests.swift */ = {isa = PBXFileReference; includeInIndex = 1; lastKnownFileType = sourcecode.swift; path = HardeningTests.swift; sourceTree = "<group>"; };
		851604E6A6DEAF6D72EDA399947A3D12 /* MatchReviewTests.swift */ = {isa = PBXFileReference; includeInIndex = 1; lastKnownFileType = sourcecode.swift; path = MatchReviewTests.swift; sourceTree = "<group>"; };
		8945F96824319CEAD353EA5B71F22A62 /* CollectionWorkspaceTests.swift */ = {isa = PBXFileReference; includeInIndex = 1; lastKnownFileType = sourcecode.swift; path = CollectionWorkspaceTests.swift; sourceTree = "<group>"; };
		8BEEF27DB985536BCB8D899F3C4B5D27 /* PicardMusicBrainzTests.xctest */ = {isa = PBXFileReference; explicitFileType = wrapper.cfbundle; includeInIndex = 0; path = PicardMusicBrainzTests.xctest; sourceTree = BUILT_PRODUCTS_DIR; };
		97C964261B91E859565524EC3EB99AD0 /* AppIcon.png */ = {isa = PBXFileReference; includeInIndex = 1; lastKnownFileType = image.png; path = AppIcon.png; sourceTree = "<group>"; };
		99F770F8487006AD7F3FE12BA0D9CDF5 /* FingerprintTests.swift */ = {isa = PBXFileReference; includeInIndex = 1; lastKnownFileType = sourcecode.swift; path = FingerprintTests.swift; sourceTree = "<group>"; };
		9D14A4F8A12DDCA78C1200B575EB7A58 /* WorkspaceTests.swift */ = {isa = PBXFileReference; includeInIndex = 1; lastKnownFileType = sourcecode.swift; path = WorkspaceTests.swift; sourceTree = "<group>"; };
		A267635D3A38648C70F812C993C9752E /* OrganizationModelTests.swift */ = {isa = PBXFileReference; includeInIndex = 1; lastKnownFileType = sourcecode.swift; path = OrganizationModelTests.swift; sourceTree = "<group>"; };
		A58D344D796840C764176116DCB66012 /* PicardFormatsTests.xctest */ = {isa = PBXFileReference; explicitFileType = wrapper.cfbundle; includeInIndex = 0; path = PicardFormatsTests.xctest; sourceTree = BUILT_PRODUCTS_DIR; };
		A939A59F3F98C9D569668C03DDE47F01 /* FINGERPRINTING.md */ = {isa = PBXFileReference; includeInIndex = 1; path = FINGERPRINTING.md; sourceTree = "<group>"; };
		A9A6A432DAF67C2EA083044128E76D73 /* BrowserTests.swift */ = {isa = PBXFileReference; includeInIndex = 1; lastKnownFileType = sourcecode.swift; path = BrowserTests.swift; sourceTree = "<group>"; };
		A9EFD5384AEE00DE3EA04F28564242CC /* LibraryImportTests.swift */ = {isa = PBXFileReference; includeInIndex = 1; lastKnownFileType = sourcecode.swift; path = LibraryImportTests.swift; sourceTree = "<group>"; };
		AABB3EF6389B00882A5B874D3804E8DA /* ACCESSIBILITY_AUDIT.md */ = {isa = PBXFileReference; includeInIndex = 1; path = ACCESSIBILITY_AUDIT.md; sourceTree = "<group>"; };
		BBECB4FA113CE5C7C7EE14629400383E /* SettingsModelTests.swift */ = {isa = PBXFileReference; includeInIndex = 1; lastKnownFileType = sourcecode.swift; path = SettingsModelTests.swift; sourceTree = "<group>"; };
		BC39D3F5424871777BC2ADE5C2985DFC /* LibraryMatchView.swift */ = {isa = PBXFileReference; includeInIndex = 1; lastKnownFileType = sourcecode.swift; path = LibraryMatchView.swift; sourceTree = "<group>"; };
		C1E7D95F29E36AF16B5C46449FD9CE4D /* LibraryManagementTests.swift */ = {isa = PBXFileReference; includeInIndex = 1; lastKnownFileType = sourcecode.swift; path = LibraryManagementTests.swift; sourceTree = "<group>"; };
		C209C2E1E69F8CC14F798C7B05B17301 /* MatchingWorkspaceTests.swift */ = {isa = PBXFileReference; includeInIndex = 1; lastKnownFileType = sourcecode.swift; path = MatchingWorkspaceTests.swift; sourceTree = "<group>"; };
		C38B4A13C858D30337948BFC51DEDB60 /* PlaybackViews.swift */ = {isa = PBXFileReference; includeInIndex = 1; lastKnownFileType = sourcecode.swift; path = PlaybackViews.swift; sourceTree = "<group>"; };
		C38E20243C7748148A4656F122B45F39 /* MacPicard.app */ = {isa = PBXFileReference; explicitFileType = wrapper.application; includeInIndex = 0; path = MacPicard.app; sourceTree = BUILT_PRODUCTS_DIR; };
		C5E0D177879B892A5F91C7EE65646936 /* ArtworkManagerView.swift */ = {isa = PBXFileReference; includeInIndex = 1; lastKnownFileType = sourcecode.swift; path = ArtworkManagerView.swift; sourceTree = "<group>"; };
		C604759AA12C01EE72DF8795A9BA1B43 /* PlaybackController.swift */ = {isa = PBXFileReference; includeInIndex = 1; lastKnownFileType = sourcecode.swift; path = PlaybackController.swift; sourceTree = "<group>"; };
		C6D2A500BB09163B4ABF2EE6D2542162 /* OrganizationViews.swift */ = {isa = PBXFileReference; includeInIndex = 1; lastKnownFileType = sourcecode.swift; path = OrganizationViews.swift; sourceTree = "<group>"; };
		CABD25326F72F279D09B9E6C4D86CC00 /* MatchingWorkspace.swift */ = {isa = PBXFileReference; includeInIndex = 1; lastKnownFileType = sourcecode.swift; path = MatchingWorkspace.swift; sourceTree = "<group>"; };
		CC5ADD0AB72393355DFE836C445ED80C /* generate-xcode-project.rb */ = {isa = PBXFileReference; includeInIndex = 1; path = "generate-xcode-project.rb"; sourceTree = "<group>"; };
		CC9D80BD2F6FB3D92E136DB346EC1AF6 /* IMPROVEMENT_PLAN.md */ = {isa = PBXFileReference; includeInIndex = 1; path = IMPROVEMENT_PLAN.md; sourceTree = "<group>"; };
		CD03A0AAB74E073F9CAED1B84CAF0BE7 /* .gitignore */ = {isa = PBXFileReference; includeInIndex = 1; path = .gitignore; sourceTree = "<group>"; };
		CD13A92A5C7D0A2028A0CCC2B86821E2 /* Cocoa.framework */ = {isa = PBXFileReference; lastKnownFileType = wrapper.framework; name = Cocoa.framework; path = System/Library/Frameworks/Cocoa.framework; sourceTree = SDKROOT; };
		D0846EC77B7840D838F9D5F126D97EFD /* FingerprintSafetyTests.swift */ = {isa = PBXFileReference; includeInIndex = 1; lastKnownFileType = sourcecode.swift; path = FingerprintSafetyTests.swift; sourceTree = "<group>"; };
		D86D31AB187CD4A2F090374ED880E099 /* PlaybackTests.swift */ = {isa = PBXFileReference; includeInIndex = 1; lastKnownFileType = sourcecode.swift; path = PlaybackTests.swift; sourceTree = "<group>"; };
		DDBC20991C3AAAC385B8D390FD730256 /* en */ = {isa = PBXFileReference; includeInIndex = 1; lastKnownFileType = text.plist.strings; name = en; path = en.lproj/Localizable.strings; sourceTree = "<group>"; };
		E13938F9855336BFF4D4254CDE198AFC /* WorkflowModelTests.swift */ = {isa = PBXFileReference; includeInIndex = 1; lastKnownFileType = sourcecode.swift; path = WorkflowModelTests.swift; sourceTree = "<group>"; };
		E2075E8F4FD3A1A9EC5B50A7F09B8BF6 /* PicardSessionsTests.xctest */ = {isa = PBXFileReference; explicitFileType = wrapper.cfbundle; includeInIndex = 0; path = PicardSessionsTests.xctest; sourceTree = BUILT_PRODUCTS_DIR; };
		E9691E3341F7DF5AF488003E2706C1A4 /* build-app-icon.sh */ = {isa = PBXFileReference; includeInIndex = 1; lastKnownFileType = text.script.sh; path = "build-app-icon.sh"; sourceTree = "<group>"; };
		F0BD14E32A57001EA4B4D6E579848B00 /* LOCALIZATION.md */ = {isa = PBXFileReference; includeInIndex = 1; path = LOCALIZATION.md; sourceTree = "<group>"; };
		F166730F712042778D87FEFC8BEF671D /* WorkflowModel.swift */ = {isa = PBXFileReference; includeInIndex = 1; lastKnownFileType = sourcecode.swift; path = WorkflowModel.swift; sourceTree = "<group>"; };
		F581CA54A20D2FFA0D13545EC6252187 /* Package.swift */ = {isa = PBXFileReference; includeInIndex = 1; lastKnownFileType = sourcecode.swift; path = Package.swift; sourceTree = "<group>"; };
		F85C5D43C9B1ED41325AB4717D0CA021 /* CollectionToolsView.swift */ = {isa = PBXFileReference; includeInIndex = 1; lastKnownFileType = sourcecode.swift; path = CollectionToolsView.swift; sourceTree = "<group>"; };
		F920ACBCC1E5C124641415A34D5EDCB9 /* PicardScriptsTests.xctest */ = {isa = PBXFileReference; explicitFileType = wrapper.cfbundle; includeInIndex = 0; path = PicardScriptsTests.xctest; sourceTree = BUILT_PRODUCTS_DIR; };
		FA34D3E914FE7F10884D010411CC0F32 /* FingerprintWorkflow.swift */ = {isa = PBXFileReference; includeInIndex = 1; lastKnownFileType = sourcecode.swift; path = FingerprintWorkflow.swift; sourceTree = "<group>"; };
		FB7A56DD9AE19260799F31E42511CC24 /* WorkspaceModel.swift */ = {isa = PBXFileReference; includeInIndex = 1; lastKnownFileType = sourcecode.swift; path = WorkspaceModel.swift; sourceTree = "<group>"; };
		FD9386642E60B506085482F7B4F3BFB2 /* MetadataEditing.swift */ = {isa = PBXFileReference; includeInIndex = 1; lastKnownFileType = sourcecode.swift; path = MetadataEditing.swift; sourceTree = "<group>"; };
		FDA6545E4D3F622492EB1D14C78E25D3 /* PicardFoundationTests.swift */ = {isa = PBXFileReference; includeInIndex = 1; lastKnownFileType = sourcecode.swift; path = PicardFoundationTests.swift; sourceTree = "<group>"; };
		FF62B3C49193F543B9DB8D51E59AAB12 /* ARTWORK.md */ = {isa = PBXFileReference; includeInIndex = 1; path = ARTWORK.md; sourceTree = "<group>"; };
		FFB125B23C1A8F380CD13A3C537499EA /* OrganizationModel.swift */ = {isa = PBXFileReference; includeInIndex = 1; lastKnownFileType = sourcecode.swift; path = OrganizationModel.swift; sourceTree = "<group>"; };
/* End PBXFileReference section */

/* Begin PBXFrameworksBuildPhase section */
		1867415DFCABE4340A5B0CDF30ACFF24 /* Frameworks */ = {
			isa = PBXFrameworksBuildPhase;
			buildActionMask = 2147483647;
			files = (
				4F6E2E88846363C09FE285B74EC3A6F2 /* Cocoa.framework in Frameworks */,
			);
			runOnlyForDeploymentPostprocessing = 0;
		};
		1A4779D150316B61B42DB31E684D9B58 /* Frameworks */ = {
			isa = PBXFrameworksBuildPhase;
			buildActionMask = 2147483647;
			files = (
				1DFC2E65F5351E6B120C05A4C9EC56FC /* Cocoa.framework in Frameworks */,
				5430CEC4C6B6F5EF673E85189352056E /* PicardFoundation in Frameworks */,
			);
			runOnlyForDeploymentPostprocessing = 0;
		};
		51319F3696CD52BC2B55A01891AE5695 /* Frameworks */ = {
			isa = PBXFrameworksBuildPhase;
			buildActionMask = 2147483647;
			files = (
				9AF5483B083857E802B4FD1F9AEF8925 /* Cocoa.framework in Frameworks */,
				B6A94192B7CAE9DFA648EAA3FF373A5E /* PicardFoundation in Frameworks */,
				97E93A04DEC5F858E9023E81CF3997B6 /* PicardMusicBrainz in Frameworks */,
			);
			runOnlyForDeploymentPostprocessing = 0;
		};
		9AD15685F6F12C7A8E4222CFD9A2FE86 /* Frameworks */ = {
			isa = PBXFrameworksBuildPhase;
			buildActionMask = 2147483647;
			files = (
				495AAA66FEF5BE4DF90534BD85FA12DA /* Cocoa.framework in Frameworks */,
				68DE0614C2AA85A3269FA0D8E78C0549 /* PicardFoundation in Frameworks */,
				286A50700669B4CF03E17EBD7A4602F0 /* PicardScripts in Frameworks */,
			);
			runOnlyForDeploymentPostprocessing = 0;
		};
		ABFBD9FB97E483781844DA9D01AEF478 /* Frameworks */ = {
			isa = PBXFrameworksBuildPhase;
			buildActionMask = 2147483647;
			files = (
				951D2EE8F2CB416309E9CF4535A81371 /* Cocoa.framework in Frameworks */,
				A77D17A5BD6F61FF76CBF790876F8F74 /* PicardFormats in Frameworks */,
			);
			runOnlyForDeploymentPostprocessing = 0;
		};
		B8F3547983F9FD51463CC2CD90F6F099 /* Frameworks */ = {
			isa = PBXFrameworksBuildPhase;
			buildActionMask = 2147483647;
			files = (
				A2730CA24BF2999D210B4C91AD39F26B /* Cocoa.framework in Frameworks */,
				BCDD5400273B6607E6DB30B75988E26E /* PicardFormats in Frameworks */,
				34B6C2369CA184D287A1C6E3D52AF2B7 /* PicardFoundation in Frameworks */,
				5A9DC8547B246BEC9E3203A497E75FBA /* PicardSessions in Frameworks */,
			);
			runOnlyForDeploymentPostprocessing = 0;
		};
		D0C4B50EB51DF234D38E2F7832264E80 /* Frameworks */ = {
			isa = PBXFrameworksBuildPhase;
			buildActionMask = 2147483647;
			files = (
				84AFDACAADC52BC5159F18CCCB3CC07E /* Cocoa.framework in Frameworks */,
				8CE95AB6D63897D266A64F54A8AE55A4 /* PicardFingerprint in Frameworks */,
				2523155C0F31E762A35DA0DCC4DF7E96 /* PicardMusicBrainz in Frameworks */,
			);
			runOnlyForDeploymentPostprocessing = 0;
		};
		D5DE6A5BC5512884F6CEB53077466384 /* Frameworks */ = {
			isa = PBXFrameworksBuildPhase;
			buildActionMask = 2147483647;
			files = (
				B0599321C4F585E3EE86D4B55F8D512F /* Cocoa.framework in Frameworks */,
				12AAEF0083048AC7FE7A9939ECAB7975 /* PicardCoverArt in Frameworks */,
				9960E98499924577DD7586EA1F59E120 /* PicardFingerprint in Frameworks */,
				1702312410F6960DF12F51B583A441D3 /* PicardFormats in Frameworks */,
				3A791608AFC35A14E59EEE8BF9AFB464 /* PicardFoundation in Frameworks */,
				18803E5491BEE23C1B40841F3D5B8483 /* PicardMusicBrainz in Frameworks */,
				2D00BC8F57A37E990C9B3FD9C14DDB93 /* PicardScripts in Frameworks */,
				C1FEC0B1E7D7363EEA7038234DCE2D02 /* PicardSessions in Frameworks */,
			);
			runOnlyForDeploymentPostprocessing = 0;
		};
		D9D2E7C92FDDA51FF84859C38CA577BD /* Frameworks */ = {
			isa = PBXFrameworksBuildPhase;
			buildActionMask = 2147483647;
			files = (
				C5F45A11F7E1E6A9F35DD700889442CB /* Cocoa.framework in Frameworks */,
				74E875CEB987A48132FE0965D98FC889 /* PicardCoverArt in Frameworks */,
				C58D4E45C2626A1DF69F64C7EC590CBD /* PicardFoundation in Frameworks */,
			);
			runOnlyForDeploymentPostprocessing = 0;
		};
/* End PBXFrameworksBuildPhase section */

/* Begin PBXGroup section */
		41DB7A624C28D80B5351B75D14134589 /* Scripts */ = {
			isa = PBXGroup;
			children = (
				E9691E3341F7DF5AF488003E2706C1A4 /* build-app-icon.sh */,
				CC5ADD0AB72393355DFE836C445ED80C /* generate-xcode-project.rb */,
				0BD8CFF0FACDBC1F4C17371E953E4E6B /* install-fingerprint-support.sh */,
				018DBB3F61A68CC126DA9B501B3F4D8E /* package-macpicard.sh */,
			);
			name = Scripts;
			path = Scripts;
			sourceTree = "<group>";
		};
		442E0AD2A6C4E0212466407E7B1D5816 /* Resources */ = {
			isa = PBXGroup;
			children = (
				637433F966B67ACED2A36EABC2DE34DD /* Info.plist */,
				97C964261B91E859565524EC3EB99AD0 /* AppIcon.png */,
				5DE980FFBEF55B2FFE0143B60AC08610 /* Localizable.strings */,
			);
			name = Resources;
			path = Resources;
			sourceTree = "<group>";
		};
		5B0044E84FAD4822BEC1C4F499B7EF05 /* MacPicardTests */ = {
			isa = PBXGroup;
			children = (
				3906C6DB1F8C8E1E6E43DE80CF1D58C3 /* ArtworkEditingTests.swift */,
				A9A6A432DAF67C2EA083044128E76D73 /* BrowserTests.swift */,
				8945F96824319CEAD353EA5B71F22A62 /* CollectionWorkspaceTests.swift */,
				267E8955D8FD98E617CC5401C774BA79 /* EditReviewTests.swift */,
				3A39811E020B901BC4DDC9D1382980D4 /* FingerprintWorkflowTests.swift */,
				C1E7D95F29E36AF16B5C46449FD9CE4D /* LibraryManagementTests.swift */,
				C209C2E1E69F8CC14F798C7B05B17301 /* MatchingWorkspaceTests.swift */,
				A267635D3A38648C70F812C993C9752E /* OrganizationModelTests.swift */,
				D86D31AB187CD4A2F090374ED880E099 /* PlaybackTests.swift */,
				BBECB4FA113CE5C7C7EE14629400383E /* SettingsModelTests.swift */,
				E13938F9855336BFF4D4254CDE198AFC /* WorkflowModelTests.swift */,
			);
			name = MacPicardTests;
			path = MacPicardTests;
			sourceTree = "<group>";
		};
		5BFE02B58C039C2A785D144D7CA90F80 = {
			isa = PBXGroup;
			children = (
				CDBECF55CABF1A6F2F2605BB89759EB5 /* Products */,
				F4E3C7FF58C6EE81514FF3551F3F1A29 /* Frameworks */,
				DABD2281F60B3554EF8E1D6505C603BB /* Packages */,
				672C54C9AFA944DA79B9FD24564E97C5 /* README.md */,
				CD03A0AAB74E073F9CAED1B84CAF0BE7 /* .gitignore */,
				41DB7A624C28D80B5351B75D14134589 /* Scripts */,
				E7AA6CD710B07C9DDBC0F6A0E43196C2 /* Documentation */,
				6547CC5A43A193B5E0BD9954861E3E5D /* MacPicard */,
				6682396318DA59A4308E9435CDD5A0C5 /* Tests */,
			);
			sourceTree = "<group>";
		};
		62CEEFC25DFF9785A71431712998D035 /* OS X */ = {
			isa = PBXGroup;
			children = (
				CD13A92A5C7D0A2028A0CCC2B86821E2 /* Cocoa.framework */,
			);
			name = "OS X";
			sourceTree = "<group>";
		};
		6547CC5A43A193B5E0BD9954861E3E5D /* MacPicard */ = {
			isa = PBXGroup;
			children = (
				7EBA86D4EB40B704F49E1A64A439D51D /* AppModel.swift */,
				5B6590C9738C497E26CE5D72AA78102C /* ArtworkEditing.swift */,
				C5E0D177879B892A5F91C7EE65646936 /* ArtworkManagerView.swift */,
				F85C5D43C9B1ED41325AB4717D0CA021 /* CollectionToolsView.swift */,
				724CA13FA29D6EE6EBF04DC17B7C4D64 /* CollectionWorkspace.swift */,
				16CCD358589D0C706645BA5A41A05F97 /* FingerprintViews.swift */,
				FA34D3E914FE7F10884D010411CC0F32 /* FingerprintWorkflow.swift */,
				7AAEA620D907327F18934F19D5E42320 /* LibraryActions.swift */,
				72AC717A1656C7584A156805BC578323 /* LibraryBrowser.swift */,
				BC39D3F5424871777BC2ADE5C2985DFC /* LibraryMatchView.swift */,
				04E17E2798EC1E76F0B5417C43BD6CA7 /* MacPicardApp.swift */,
				26C8A20B9C7BF3B1F7654D88D721B417 /* MacPicardCommands.swift */,
				46CAC6DBD767BE6769B3ECDD10FC662A /* MacPicardViews.swift */,
				7AF6728643A2B94A1041908317A51848 /* MatchReviewViews.swift */,
				CABD25326F72F279D09B9E6C4D86CC00 /* MatchingWorkspace.swift */,
				FD9386642E60B506085482F7B4F3BFB2 /* MetadataEditing.swift */,
				2AC7EA6252C7E58AC9F3941E96A44699 /* MetadataEditorView.swift */,
				7F58E3D3DC30810B8D7917D545813940 /* MusicBrainzTheme.swift */,
				FFB125B23C1A8F380CD13A3C537499EA /* OrganizationModel.swift */,
				C6D2A500BB09163B4ABF2EE6D2542162 /* OrganizationViews.swift */,
				C604759AA12C01EE72DF8795A9BA1B43 /* PlaybackController.swift */,
				C38B4A13C858D30337948BFC51DEDB60 /* PlaybackViews.swift */,
				7B325888F3C7BAA01901750B8F83FD26 /* RegroupView.swift */,
				7D9CDEEEDEBE53712FDC7932EB6D87D6 /* SettingsModel.swift */,
				37016807DD78920C3EBFC8DFFCAA69C9 /* SettingsView.swift */,
				8113BADC55ECAD93E996679BBD1F2B27 /* TrackActions.swift */,
				F166730F712042778D87FEFC8BEF671D /* WorkflowModel.swift */,
				11AB0A50F9C7B4B42333BA1A4D19C8F6 /* WorkspaceCommands.swift */,
				FB7A56DD9AE19260799F31E42511CC24 /* WorkspaceModel.swift */,
				442E0AD2A6C4E0212466407E7B1D5816 /* Resources */,
			);
			name = MacPicard;
			path = Sources/MacPicard;
			sourceTree = "<group>";
		};
		6682396318DA59A4308E9435CDD5A0C5 /* Tests */ = {
			isa = PBXGroup;
			children = (
				5B0044E84FAD4822BEC1C4F499B7EF05 /* MacPicardTests */,
				81511565D495D157828675E33B50EC2C /* PicardCoverArtTests */,
				905779E6EB4C1E354296DD774D9F08D8 /* PicardFingerprintTests */,
				DB80A47169FDDC5634A79CD61DE2262A /* PicardFormatsTests */,
				DD5262F101B6F6B56EBB7780A8D09897 /* PicardFoundationTests */,
				F04A31C60CA6E19BAD99BE94D474F974 /* PicardMusicBrainzTests */,
				9B4496FADACF3E192DB445C6CCED4F66 /* PicardScriptsTests */,
				E6ECF282EB2EE986F8FA24E21FE9BE14 /* PicardSessionsTests */,
			);
			name = Tests;
			path = Tests;
			sourceTree = "<group>";
		};
		81511565D495D157828675E33B50EC2C /* PicardCoverArtTests */ = {
			isa = PBXGroup;
			children = (
				3C49BF5555C9E2246B0676D69C3CDD1B /* ArtworkManagementTests.swift */,
				49C06CE6A449CA0242E6E4F3E005B6F2 /* CoverArtTests.swift */,
			);
			name = PicardCoverArtTests;
			path = PicardCoverArtTests;
			sourceTree = "<group>";
		};
		905779E6EB4C1E354296DD774D9F08D8 /* PicardFingerprintTests */ = {
			isa = PBXGroup;
			children = (
				D0846EC77B7840D838F9D5F126D97EFD /* FingerprintSafetyTests.swift */,
				99F770F8487006AD7F3FE12BA0D9CDF5 /* FingerprintTests.swift */,
			);
			name = PicardFingerprintTests;
			path = PicardFingerprintTests;
			sourceTree = "<group>";
		};
		9B4496FADACF3E192DB445C6CCED4F66 /* PicardScriptsTests */ = {
			isa = PBXGroup;
			children = (
				84E8AAB34A551B457426038586BD8E07 /* HardeningTests.swift */,
				377081DA066B0A0B15C46C694FB7AAB8 /* ManagedWorkflowTests.swift */,
				2C77DB9E8FA42FB6B6B83DB2284B815A /* ScriptEngineTests.swift */,
			);
			name = PicardScriptsTests;
			path = PicardScriptsTests;
			sourceTree = "<group>";
		};
		CDBECF55CABF1A6F2F2605BB89759EB5 /* Products */ = {
			isa = PBXGroup;
			children = (
				C38E20243C7748148A4656F122B45F39 /* MacPicard.app */,
				1DFAD0E52C4B08214124CD938CD0B976 /* MacPicardTests.xctest */,
				4BEFA045B0E9396F272C37A267172984 /* PicardCoverArtTests.xctest */,
				3DD6ED74BB3BF56CDA59DD5896715CF8 /* PicardFingerprintTests.xctest */,
				A58D344D796840C764176116DCB66012 /* PicardFormatsTests.xctest */,
				562BE73B74E42F3F458A3098141B764D /* PicardFoundationTests.xctest */,
				8BEEF27DB985536BCB8D899F3C4B5D27 /* PicardMusicBrainzTests.xctest */,
				F920ACBCC1E5C124641415A34D5EDCB9 /* PicardScriptsTests.xctest */,
				E2075E8F4FD3A1A9EC5B50A7F09B8BF6 /* PicardSessionsTests.xctest */,
			);
			name = Products;
			sourceTree = "<group>";
		};
		DABD2281F60B3554EF8E1D6505C603BB /* Packages */ = {
			isa = PBXGroup;
			children = (
				F581CA54A20D2FFA0D13545EC6252187 /* Package.swift */,
			);
			name = Packages;
			sourceTree = "<group>";
		};
		DB80A47169FDDC5634A79CD61DE2262A /* PicardFormatsTests */ = {
			isa = PBXGroup;
			children = (
				263D90B7725B947DD130FC451B074968 /* FormatEngineTests.swift */,
				1C1C272471B6387A18205F8C40E1C5AC /* HardeningTests.swift */,
			);
			name = PicardFormatsTests;
			path = PicardFormatsTests;
			sourceTree = "<group>";
		};
		DD5262F101B6F6B56EBB7780A8D09897 /* PicardFoundationTests */ = {
			isa = PBXGroup;
			children = (
				518A45FEB9813994B3ABF5F5D625C016 /* APIRequestPolicyTests.swift */,
				53F9B61F62F4EE1D074A7DFF512BE30F /* HardeningTests.swift */,
				FDA6545E4D3F622492EB1D14C78E25D3 /* PicardFoundationTests.swift */,
				2F2653163B43141F7BFE8CA2E3A765ED /* PreferencesTests.swift */,
			);
			name = PicardFoundationTests;
			path = PicardFoundationTests;
			sourceTree = "<group>";
		};
		E6ECF282EB2EE986F8FA24E21FE9BE14 /* PicardSessionsTests */ = {
			isa = PBXGroup;
			children = (
				A9EFD5384AEE00DE3EA04F28564242CC /* LibraryImportTests.swift */,
				7DC4B3CDC27D133F72418A13D96B273D /* OrganizationReviewTests.swift */,
				2A9281B9ED6C36C968B7E4C5D8B53E43 /* PersistenceTests.swift */,
				9D14A4F8A12DDCA78C1200B575EB7A58 /* WorkspaceTests.swift */,
			);
			name = PicardSessionsTests;
			path = PicardSessionsTests;
			sourceTree = "<group>";
		};
		E7AA6CD710B07C9DDBC0F6A0E43196C2 /* Documentation */ = {
			isa = PBXGroup;
			children = (
				AABB3EF6389B00882A5B874D3804E8DA /* ACCESSIBILITY_AUDIT.md */,
				4EB9E0318190DC698767272F4A09A792 /* API_AUDIT.md */,
				FF62B3C49193F543B9DB8D51E59AAB12 /* ARTWORK.md */,
				A939A59F3F98C9D569668C03DDE47F01 /* FINGERPRINTING.md */,
				CC9D80BD2F6FB3D92E136DB346EC1AF6 /* IMPROVEMENT_PLAN.md */,
				153414DD8233817A2FB2BCF652921415 /* IMPROVEMENT_PROGRESS.md */,
				F0BD14E32A57001EA4B4D6E579848B00 /* LOCALIZATION.md */,
				510B59B7CCB87C12BF46E5A3A5244A0E /* RELEASE_CHECKLIST.md */,
			);
			name = Documentation;
			path = docs;
			sourceTree = "<group>";
		};
		F04A31C60CA6E19BAD99BE94D474F974 /* PicardMusicBrainzTests */ = {
			isa = PBXGroup;
			children = (
				851604E6A6DEAF6D72EDA399947A3D12 /* MatchReviewTests.swift */,
				29DE3E0FB8F0E63919B54223492DFC07 /* MusicBrainzTests.swift */,
			);
			name = PicardMusicBrainzTests;
			path = PicardMusicBrainzTests;
			sourceTree = "<group>";
		};
		F4E3C7FF58C6EE81514FF3551F3F1A29 /* Frameworks */ = {
			isa = PBXGroup;
			children = (
				62CEEFC25DFF9785A71431712998D035 /* OS X */,
			);
			name = Frameworks;
			sourceTree = "<group>";
		};
/* End PBXGroup section */

/* Begin PBXNativeTarget section */
		06A6E14774D1398CA51DC3EFDBA8B4E8 /* PicardScriptsTests */ = {
			isa = PBXNativeTarget;
			buildConfigurationList = 4334CCC402A293947F0E02EB7680F1BE /* Build configuration list for PBXNativeTarget "PicardScriptsTests" */;
			buildPhases = (
				E5AD1678DAAD78A235EDA2EFA94C2842 /* Sources */,
				9AD15685F6F12C7A8E4222CFD9A2FE86 /* Frameworks */,
				8701173A47596A81E0B368D8E17637EF /* Resources */,
			);
			buildRules = (
			);
			dependencies = (
			);
			name = PicardScriptsTests;
			packageProductDependencies = (
				249CB6C78073014F1CBF8A10C2260C81 /* PicardFoundation */,
				4D3F467B713A2D36522898218ADB38D3 /* PicardScripts */,
			);
			productName = PicardScriptsTests;
			productReference = F920ACBCC1E5C124641415A34D5EDCB9 /* PicardScriptsTests.xctest */;
			productType = "com.apple.product-type.bundle.unit-test";
		};
		59967A50C0674E5793FD0CBE5895BBB1 /* PicardMusicBrainzTests */ = {
			isa = PBXNativeTarget;
			buildConfigurationList = 6B9B54882BC6F8738D717D6215DE31CA /* Build configuration list for PBXNativeTarget "PicardMusicBrainzTests" */;
			buildPhases = (
				00A293A22B651888E7BFF89692F0FC23 /* Sources */,
				51319F3696CD52BC2B55A01891AE5695 /* Frameworks */,
				C51A8046CD29975EB822C49828F471B6 /* Resources */,
			);
			buildRules = (
			);
			dependencies = (
			);
			name = PicardMusicBrainzTests;
			packageProductDependencies = (
				288CBF5874AACE7779E30B1DFB1EAB5B /* PicardFoundation */,
				8172878BDA6BEE37CF6E9F76AD432EE9 /* PicardMusicBrainz */,
			);
			productName = PicardMusicBrainzTests;
			productReference = 8BEEF27DB985536BCB8D899F3C4B5D27 /* PicardMusicBrainzTests.xctest */;
			productType = "com.apple.product-type.bundle.unit-test";
		};
		6068A7A37B4209CF1533CA93D862F796 /* PicardCoverArtTests */ = {
			isa = PBXNativeTarget;
			buildConfigurationList = 65707A4C8728C5F9733AD1FD12BC92EF /* Build configuration list for PBXNativeTarget "PicardCoverArtTests" */;
			buildPhases = (
				9586B67C71C95564BA647F1E0E352EB3 /* Sources */,
				D9D2E7C92FDDA51FF84859C38CA577BD /* Frameworks */,
				3F687B1A752B654BBE41C2383ED23129 /* Resources */,
			);
			buildRules = (
			);
			dependencies = (
			);
			name = PicardCoverArtTests;
			packageProductDependencies = (
				3B93000C391BE46CA04A8D557FE52321 /* PicardCoverArt */,
				7C23A460FF1AE9BCDD3D6A310F50D7CD /* PicardFoundation */,
			);
			productName = PicardCoverArtTests;
			productReference = 4BEFA045B0E9396F272C37A267172984 /* PicardCoverArtTests.xctest */;
			productType = "com.apple.product-type.bundle.unit-test";
		};
		6E55DB39B36E5E15713E09D201340A6D /* PicardFingerprintTests */ = {
			isa = PBXNativeTarget;
			buildConfigurationList = 49A6F6E58595AEA9E73723FCC59DE368 /* Build configuration list for PBXNativeTarget "PicardFingerprintTests" */;
			buildPhases = (
				22E561A5883F22E3240C67CF4AB6F99C /* Sources */,
				D0C4B50EB51DF234D38E2F7832264E80 /* Frameworks */,
				71796DBC2316DA6C2C3B4F0770FB6AED /* Resources */,
			);
			buildRules = (
			);
			dependencies = (
			);
			name = PicardFingerprintTests;
			packageProductDependencies = (
				4AF8CF47F8679971E8FDB31D19F10BE1 /* PicardFingerprint */,
				6196F40F310C72E9B8EB349EC9998255 /* PicardMusicBrainz */,
			);
			productName = PicardFingerprintTests;
			productReference = 3DD6ED74BB3BF56CDA59DD5896715CF8 /* PicardFingerprintTests.xctest */;
			productType = "com.apple.product-type.bundle.unit-test";
		};
		727C3F59A7783F8C92E23CBA237A5786 /* PicardSessionsTests */ = {
			isa = PBXNativeTarget;
			buildConfigurationList = 90F2DDB2B27DB4BECCBCC6951C1B83A0 /* Build configuration list for PBXNativeTarget "PicardSessionsTests" */;
			buildPhases = (
				B429A06BEE9F0ACB45D92018CD55D5EB /* Sources */,
				B8F3547983F9FD51463CC2CD90F6F099 /* Frameworks */,
				0A204AEE0948E66D1FF35E46D02ABEEC /* Resources */,
			);
			buildRules = (
			);
			dependencies = (
			);
			name = PicardSessionsTests;
			packageProductDependencies = (
				6AA0048AFEEF5DB8E6CE416914B4D2D1 /* PicardFormats */,
				464D82CD8AD41A45992E60047EB97644 /* PicardFoundation */,
				8E0C739EDF564B5DAB5EED71F1083285 /* PicardSessions */,
			);
			productName = PicardSessionsTests;
			productReference = E2075E8F4FD3A1A9EC5B50A7F09B8BF6 /* PicardSessionsTests.xctest */;
			productType = "com.apple.product-type.bundle.unit-test";
		};
		7347B962A181BEFAA3F1BE0FC1ACF60A /* MacPicard */ = {
			isa = PBXNativeTarget;
			buildConfigurationList = 734B4F1F3F16805C86B0393619E9598A /* Build configuration list for PBXNativeTarget "MacPicard" */;
			buildPhases = (
				0F28436409614486AF0A52F14672B620 /* Sources */,
				D5DE6A5BC5512884F6CEB53077466384 /* Frameworks */,
				0E9B38FD9D5DA8A051A224D4BB77CB83 /* Resources */,
				DAE3B767AF0CAEE687E755C35F2F1369 /* Build App Icon */,
				0CBACF8C657DE82ACC3B635F7E48DB54 /* Bundle Fingerprint Support */,
			);
			buildRules = (
			);
			dependencies = (
			);
			name = MacPicard;
			packageProductDependencies = (
				0DD64CF68EEB8DD7D985500FCF26DCF8 /* PicardCoverArt */,
				7B0813184BC4D8C46C835F72D1D0BF3D /* PicardFingerprint */,
				D99D5867E188C1FE9F1617B0CE919514 /* PicardFormats */,
				A66DC986A0BB82D6B914EC02A4C14EAA /* PicardFoundation */,
				D5656E2B9E6D81564E47B33465817E0B /* PicardMusicBrainz */,
				B97055E3BF75B72903ABEFDFE9C0F8B8 /* PicardScripts */,
				D98612E9E0868E53EF8179AACD67FD42 /* PicardSessions */,
			);
			productName = MacPicard;
			productReference = C38E20243C7748148A4656F122B45F39 /* MacPicard.app */;
			productType = "com.apple.product-type.application";
		};
		775414277477B5BD0CFF18A7384B9B2F /* MacPicardTests */ = {
			isa = PBXNativeTarget;
			buildConfigurationList = 25DEC3F27A114EB8903EDB1DA398C24B /* Build configuration list for PBXNativeTarget "MacPicardTests" */;
			buildPhases = (
				871DC5BCB859439D245921EBDF3918A1 /* Sources */,
				1867415DFCABE4340A5B0CDF30ACFF24 /* Frameworks */,
				49480F8A83C2A46610F05268E06CEBBD /* Resources */,
			);
			buildRules = (
			);
			dependencies = (
				90C7FFC947BDAE79BF40E8A2756B151A /* PBXTargetDependency */,
			);
			name = MacPicardTests;
			productName = MacPicardTests;
			productReference = 1DFAD0E52C4B08214124CD938CD0B976 /* MacPicardTests.xctest */;
			productType = "com.apple.product-type.bundle.unit-test";
		};
		F681A01C2DFD3A88C27DF7FC7467AEE4 /* PicardFormatsTests */ = {
			isa = PBXNativeTarget;
			buildConfigurationList = 3053DDCDBCDA4B1887278FB978F173B4 /* Build configuration list for PBXNativeTarget "PicardFormatsTests" */;
			buildPhases = (
				488D99FEF3ABD5B793D555FAF90476B3 /* Sources */,
				ABFBD9FB97E483781844DA9D01AEF478 /* Frameworks */,
				71BB03D5F82A439479FF1A95F1329605 /* Resources */,
			);
			buildRules = (
			);
			dependencies = (
			);
			name = PicardFormatsTests;
			packageProductDependencies = (
				4A9845EB4A049BDF077BAA5D1A79C887 /* PicardFormats */,
			);
			productName = PicardFormatsTests;
			productReference = A58D344D796840C764176116DCB66012 /* PicardFormatsTests.xctest */;
			productType = "com.apple.product-type.bundle.unit-test";
		};
		FB924AE6206FE68D7E332FD8BE891EEE /* PicardFoundationTests */ = {
			isa = PBXNativeTarget;
			buildConfigurationList = B2C5D76ED72D72CE61FF7A8145ED4313 /* Build configuration list for PBXNativeTarget "PicardFoundationTests" */;
			buildPhases = (
				36C41D5B34FBFE20C6E450F0D3A7CBE0 /* Sources */,
				1A4779D150316B61B42DB31E684D9B58 /* Frameworks */,
				B68F41C6BA17D6666CF1009AE5120092 /* Resources */,
			);
			buildRules = (
			);
			dependencies = (
			);
			name = PicardFoundationTests;
			packageProductDependencies = (
				F13EE8BCF876C25F2083848F5D0C6515 /* PicardFoundation */,
			);
			productName = PicardFoundationTests;
			productReference = 562BE73B74E42F3F458A3098141B764D /* PicardFoundationTests.xctest */;
			productType = "com.apple.product-type.bundle.unit-test";
		};
/* End PBXNativeTarget section */

/* Begin PBXProject section */
		5F166D669F1CB516D326FABFC8D8735F /* Project object */ = {
			isa = PBXProject;
			attributes = {
				LastSwiftUpdateCheck = 2600;
				LastUpgradeCheck = 2600;
				TargetAttributes = {
					775414277477B5BD0CFF18A7384B9B2F = {
						TestTargetID = 7347B962A181BEFAA3F1BE0FC1ACF60A;
					};
				};
			};
			buildConfigurationList = 2FFBE0316DCE2D3BD7DFD6945E2F82CD /* Build configuration list for PBXProject "MacPicard" */;
			compatibilityVersion = "Xcode 16.0";
			developmentRegion = en;
			hasScannedForEncodings = 0;
			knownRegions = (
				en,
				Base,
			);
			mainGroup = 5BFE02B58C039C2A785D144D7CA90F80;
			minimizedProjectReferenceProxies = 0;
			packageReferences = (
				B18E1EC876CC8A5D07353B7C60CFA327 /* XCLocalSwiftPackageReference "." */,
			);
			preferredProjectObjectVersion = 77;
			productRefGroup = CDBECF55CABF1A6F2F2605BB89759EB5 /* Products */;
			projectDirPath = "";
			projectRoot = "";
			targets = (
				7347B962A181BEFAA3F1BE0FC1ACF60A /* MacPicard */,
				775414277477B5BD0CFF18A7384B9B2F /* MacPicardTests */,
				6068A7A37B4209CF1533CA93D862F796 /* PicardCoverArtTests */,
				6E55DB39B36E5E15713E09D201340A6D /* PicardFingerprintTests */,
				F681A01C2DFD3A88C27DF7FC7467AEE4 /* PicardFormatsTests */,
				FB924AE6206FE68D7E332FD8BE891EEE /* PicardFoundationTests */,
				59967A50C0674E5793FD0CBE5895BBB1 /* PicardMusicBrainzTests */,
				06A6E14774D1398CA51DC3EFDBA8B4E8 /* PicardScriptsTests */,
				727C3F59A7783F8C92E23CBA237A5786 /* PicardSessionsTests */,
			);
		};
/* End PBXProject section */

/* Begin PBXResourcesBuildPhase section */
		0A204AEE0948E66D1FF35E46D02ABEEC /* Resources */ = {
			isa = PBXResourcesBuildPhase;
			buildActionMask = 2147483647;
			files = (
			);
			runOnlyForDeploymentPostprocessing = 0;
		};
		0E9B38FD9D5DA8A051A224D4BB77CB83 /* Resources */ = {
			isa = PBXResourcesBuildPhase;
			buildActionMask = 2147483647;
			files = (
				F4E0539D6151D1F01ADC70BF90F2B18E /* Localizable.strings in Resources */,
			);
			runOnlyForDeploymentPostprocessing = 0;
		};
		3F687B1A752B654BBE41C2383ED23129 /* Resources */ = {
			isa = PBXResourcesBuildPhase;
			buildActionMask = 2147483647;
			files = (
			);
			runOnlyForDeploymentPostprocessing = 0;
		};
		49480F8A83C2A46610F05268E06CEBBD /* Resources */ = {
			isa = PBXResourcesBuildPhase;
			buildActionMask = 2147483647;
			files = (
			);
			runOnlyForDeploymentPostprocessing = 0;
		};
		71796DBC2316DA6C2C3B4F0770FB6AED /* Resources */ = {
			isa = PBXResourcesBuildPhase;
			buildActionMask = 2147483647;
			files = (
			);
			runOnlyForDeploymentPostprocessing = 0;
		};
		71BB03D5F82A439479FF1A95F1329605 /* Resources */ = {
			isa = PBXResourcesBuildPhase;
			buildActionMask = 2147483647;
			files = (
			);
			runOnlyForDeploymentPostprocessing = 0;
		};
		8701173A47596A81E0B368D8E17637EF /* Resources */ = {
			isa = PBXResourcesBuildPhase;
			buildActionMask = 2147483647;
			files = (
			);
			runOnlyForDeploymentPostprocessing = 0;
		};
		B68F41C6BA17D6666CF1009AE5120092 /* Resources */ = {
			isa = PBXResourcesBuildPhase;
			buildActionMask = 2147483647;
			files = (
			);
			runOnlyForDeploymentPostprocessing = 0;
		};
		C51A8046CD29975EB822C49828F471B6 /* Resources */ = {
			isa = PBXResourcesBuildPhase;
			buildActionMask = 2147483647;
			files = (
			);
			runOnlyForDeploymentPostprocessing = 0;
		};
/* End PBXResourcesBuildPhase section */

/* Begin PBXShellScriptBuildPhase section */
		0CBACF8C657DE82ACC3B635F7E48DB54 /* Bundle Fingerprint Support */ = {
			isa = PBXShellScriptBuildPhase;
			alwaysOutOfDate = 1;
			buildActionMask = 2147483647;
			files = (
			);
			inputFileListPaths = (
			);
			inputPaths = (
				"$(SRCROOT)/Scripts/install-fingerprint-support.sh",
				"$(SRCROOT)/Sources/PicardFingerprint/Resources/Chromaprint/SHA256SUMS",
			);
			name = "Bundle Fingerprint Support";
			outputFileListPaths = (
			);
			outputPaths = (
				"$(TARGET_BUILD_DIR)/$(CONTENTS_FOLDER_PATH)/Helpers/fpcalc",
				"$(TARGET_BUILD_DIR)/$(UNLOCALIZED_RESOURCES_FOLDER_PATH)/AcoustID.plist",
			);
			runOnlyForDeploymentPostprocessing = 0;
			shellPath = /bin/zsh;
			shellScript = "/bin/zsh \"${SRCROOT}/Scripts/install-fingerprint-support.sh\" \"${TARGET_BUILD_DIR}/${WRAPPER_NAME}\"";
		};
		DAE3B767AF0CAEE687E755C35F2F1369 /* Build App Icon */ = {
			isa = PBXShellScriptBuildPhase;
			buildActionMask = 2147483647;
			files = (
			);
			inputFileListPaths = (
			);
			inputPaths = (
				"$(SRCROOT)/Scripts/build-app-icon.sh",
				"$(SRCROOT)/Sources/MacPicard/Resources/AppIcon.png",
			);
			name = "Build App Icon";
			outputFileListPaths = (
			);
			outputPaths = (
				"$(TARGET_BUILD_DIR)/$(UNLOCALIZED_RESOURCES_FOLDER_PATH)/AppIcon.icns",
			);
			runOnlyForDeploymentPostprocessing = 0;
			shellPath = /bin/zsh;
			shellScript = "/bin/zsh \"${SRCROOT}/Scripts/build-app-icon.sh\" \"${SRCROOT}/Sources/MacPicard/Resources/AppIcon.png\" \"${TARGET_BUILD_DIR}/${UNLOCALIZED_RESOURCES_FOLDER_PATH}/AppIcon.icns\"";
		};
/* End PBXShellScriptBuildPhase section */

/* Begin PBXSourcesBuildPhase section */
		00A293A22B651888E7BFF89692F0FC23 /* Sources */ = {
			isa = PBXSourcesBuildPhase;
			buildActionMask = 2147483647;
			files = (
				19D07DC99602406C5EE4D139E647530A /* MatchReviewTests.swift in Sources */,
				733B75DCC65ABC0B1E7907CFB84C0086 /* MusicBrainzTests.swift in Sources */,
			);
			runOnlyForDeploymentPostprocessing = 0;
		};
		0F28436409614486AF0A52F14672B620 /* Sources */ = {
			isa = PBXSourcesBuildPhase;
			buildActionMask = 2147483647;
			files = (
				2185A4D25C4F59737876A04DCDB70D89 /* AppModel.swift in Sources */,
				E0F6284BCD71475AE8A08E874ACBE379 /* ArtworkEditing.swift in Sources */,
				D8CA5AEEACE8766419C54A035C09C308 /* ArtworkManagerView.swift in Sources */,
				A4138AE9436DB50CF472731B897EB831 /* CollectionToolsView.swift in Sources */,
				629FBD0F319312FBFF1B5376E6BB53B6 /* CollectionWorkspace.swift in Sources */,
				9E1E0C1868D7DEC3EB01C07F0620E591 /* FingerprintViews.swift in Sources */,
				6322BE6FC20D4CA3231179DB05CA8A63 /* FingerprintWorkflow.swift in Sources */,
				CF546A6D6509A3AA02E931A073DB88D6 /* LibraryActions.swift in Sources */,
				70372136E8539D8940CD51264BE90164 /* LibraryBrowser.swift in Sources */,
				93D0C1ECBF09E68E6143BBF8690D4F9E /* LibraryMatchView.swift in Sources */,
				0B3EFAD11B406A60093D6275CE80741E /* MacPicardApp.swift in Sources */,
				C37E0400DE9DDBCA3E2DFFCF311CF608 /* MacPicardCommands.swift in Sources */,
				16CD3C7CD5EAB3540E7C95E9EAE64E68 /* MacPicardViews.swift in Sources */,
				60C29CC84689DFEDDC7D1508C57991CD /* MatchReviewViews.swift in Sources */,
				097C9EB1BD39BFD0B5EDD70C1C3E9E1A /* MatchingWorkspace.swift in Sources */,
				B1FB36D20294403A079503F354049F0F /* MetadataEditing.swift in Sources */,
				72770FB6136AA95D6A8EFCB3A30E9C9F /* MetadataEditorView.swift in Sources */,
				6CFFCA672132EAE9904D5337448756A8 /* MusicBrainzTheme.swift in Sources */,
				6087134933E8F2F79121DC345D7FE9F8 /* OrganizationModel.swift in Sources */,
				BC3982328529F16CFB47CA882731246F /* OrganizationViews.swift in Sources */,
				CA6E34CE028A9762BDC0180A6D94933A /* PlaybackController.swift in Sources */,
				FC87354A0F88DE7075F0B1F34D4F5575 /* PlaybackViews.swift in Sources */,
				B7E4380BCE2AD4763933BC1AA5E128B8 /* RegroupView.swift in Sources */,
				3053CDE6EC8321C8ED73A7E39A9C9CEE /* SettingsModel.swift in Sources */,
				1396EE3E8B9490852857957C91E31BD2 /* SettingsView.swift in Sources */,
				78302431ECE13C3A8273022DEBBEF7C9 /* TrackActions.swift in Sources */,
				F79B05C87479737783FF5FBD07771BB3 /* WorkflowModel.swift in Sources */,
				C3F801194DC5E4B2912D9DBD11923200 /* WorkspaceCommands.swift in Sources */,
				9E58046A9A4D48F840E228F640764E70 /* WorkspaceModel.swift in Sources */,
			);
			runOnlyForDeploymentPostprocessing = 0;
		};
		22E561A5883F22E3240C67CF4AB6F99C /* Sources */ = {
			isa = PBXSourcesBuildPhase;
			buildActionMask = 2147483647;
			files = (
				7A3B421E6DD82B37F2E113AAB7FD0866 /* FingerprintSafetyTests.swift in Sources */,
				8DD5D4E9DF46F859B5B70D630241A505 /* FingerprintTests.swift in Sources */,
			);
			runOnlyForDeploymentPostprocessing = 0;
		};
		36C41D5B34FBFE20C6E450F0D3A7CBE0 /* Sources */ = {
			isa = PBXSourcesBuildPhase;
			buildActionMask = 2147483647;
			files = (
				B8FDBA1A4075B4E45EFD46D48B73B296 /* APIRequestPolicyTests.swift in Sources */,
				536AE8B2CAD0A810C4CD112DAE9FF4F6 /* HardeningTests.swift in Sources */,
				E1500D8EBA18A0BC017ECF757B984B6D /* PicardFoundationTests.swift in Sources */,
				50B1C74BBF537251DD38CFBE0FBB9FD9 /* PreferencesTests.swift in Sources */,
			);
			runOnlyForDeploymentPostprocessing = 0;
		};
		488D99FEF3ABD5B793D555FAF90476B3 /* Sources */ = {
			isa = PBXSourcesBuildPhase;
			buildActionMask = 2147483647;
			files = (
				DC20D306D49917D0C184271784718DAB /* FormatEngineTests.swift in Sources */,
				4E574E96561FDB9AEFC11B4FACA44813 /* HardeningTests.swift in Sources */,
			);
			runOnlyForDeploymentPostprocessing = 0;
		};
		871DC5BCB859439D245921EBDF3918A1 /* Sources */ = {
			isa = PBXSourcesBuildPhase;
			buildActionMask = 2147483647;
			files = (
				4C38D20C7458E38298EB6C10416B49CD /* ArtworkEditingTests.swift in Sources */,
				BE7CA29586439F5A65F34DC10AAA1F4C /* BrowserTests.swift in Sources */,
				A0DBA657DCE4E4BCBFB4E964A7C038C4 /* CollectionWorkspaceTests.swift in Sources */,
				B5AAE4EF82226FE9B138EA5816B15170 /* EditReviewTests.swift in Sources */,
				7C151DF381AAAF5C358248E9A234F22B /* FingerprintWorkflowTests.swift in Sources */,
				B7281A82C6E699A0F7DDCA4D87301116 /* LibraryManagementTests.swift in Sources */,
				7BBBA1B4DB9DDB7BCCD7D6BC40B3E299 /* MatchingWorkspaceTests.swift in Sources */,
				56834EFB2A3AF8AB4E3724E519D0917E /* OrganizationModelTests.swift in Sources */,
				148746D00BEE8DD32D397C45DD9A56FD /* PlaybackTests.swift in Sources */,
				CCC7F83AB1A9DA88CCF898C2F56A28EB /* SettingsModelTests.swift in Sources */,
				6D47D17C2C250F8B428BB6EBFD8B02E5 /* WorkflowModelTests.swift in Sources */,
			);
			runOnlyForDeploymentPostprocessing = 0;
		};
		9586B67C71C95564BA647F1E0E352EB3 /* Sources */ = {
			isa = PBXSourcesBuildPhase;
			buildActionMask = 2147483647;
			files = (
				F881A04E4ACE5DFE3A3E2311488FEAFB /* ArtworkManagementTests.swift in Sources */,
				1C38BC62D6C06213DD660EC9A08F0A87 /* CoverArtTests.swift in Sources */,
			);
			runOnlyForDeploymentPostprocessing = 0;
		};
		B429A06BEE9F0ACB45D92018CD55D5EB /* Sources */ = {
			isa = PBXSourcesBuildPhase;
			buildActionMask = 2147483647;
			files = (
				82FB37B4A2554431C121DD4B4C061CD8 /* LibraryImportTests.swift in Sources */,
				6006063F51F3D54D81C78E132927314C /* OrganizationReviewTests.swift in Sources */,
				2BCF325DE316C7A99E7FFAC459E075F5 /* PersistenceTests.swift in Sources */,
				67D42C49008ACCCD40566E82C2EA9AF5 /* WorkspaceTests.swift in Sources */,
			);
			runOnlyForDeploymentPostprocessing = 0;
		};
		E5AD1678DAAD78A235EDA2EFA94C2842 /* Sources */ = {
			isa = PBXSourcesBuildPhase;
			buildActionMask = 2147483647;
			files = (
				04BC34B504B9FEE40260E2974C554A9E /* HardeningTests.swift in Sources */,
				DF43F197D3FB688238A60F60114D86A5 /* ManagedWorkflowTests.swift in Sources */,
				D5335C36D940A74AE121DD565AC5F166 /* ScriptEngineTests.swift in Sources */,
			);
			runOnlyForDeploymentPostprocessing = 0;
		};
/* End PBXSourcesBuildPhase section */

/* Begin PBXTargetDependency section */
		90C7FFC947BDAE79BF40E8A2756B151A /* PBXTargetDependency */ = {
			isa = PBXTargetDependency;
			name = MacPicard;
			target = 7347B962A181BEFAA3F1BE0FC1ACF60A /* MacPicard */;
			targetProxy = 718E7CA96BAAAE235DD3A86FA2380C34 /* PBXContainerItemProxy */;
		};
/* End PBXTargetDependency section */

/* Begin PBXVariantGroup section */
		5DE980FFBEF55B2FFE0143B60AC08610 /* Localizable.strings */ = {
			isa = PBXVariantGroup;
			children = (
				DDBC20991C3AAAC385B8D390FD730256 /* en */,
			);
			name = Localizable.strings;
			sourceTree = "<group>";
		};
/* End PBXVariantGroup section */

/* Begin XCBuildConfiguration section */
		1CE37138F7F9FA8663CDD490DBC6FC1A /* Debug */ = {
			isa = XCBuildConfiguration;
			buildSettings = {
				GENERATE_INFOPLIST_FILE = YES;
				LD_RUNPATH_SEARCH_PATHS = (
					"$(inherited)",
					"@loader_path/../Frameworks",
					"@executable_path/../Frameworks",
				);
				MACOSX_DEPLOYMENT_TARGET = 26.0;
				PRODUCT_BUNDLE_IDENTIFIER = com.interlacedpixel.PicardSessionsTests;
				SDKROOT = macosx;
				SWIFT_OBJC_INTEROP_MODE = objcxx;
			};
			name = Debug;
		};
		1F56AD28F662A83D42CDC702739D6308 /* Debug */ = {
			isa = XCBuildConfiguration;
			buildSettings = {
				GENERATE_INFOPLIST_FILE = YES;
				LD_RUNPATH_SEARCH_PATHS = (
					"$(inherited)",
					"@loader_path/../Frameworks",
					"@executable_path/../Frameworks",
				);
				MACOSX_DEPLOYMENT_TARGET = 26.0;
				PRODUCT_BUNDLE_IDENTIFIER = com.interlacedpixel.PicardFormatsTests;
				SDKROOT = macosx;
				SWIFT_OBJC_INTEROP_MODE = objcxx;
			};
			name = Debug;
		};
		24BE4C6803FE44F4568DEFBA96E5581D /* Debug */ = {
			isa = XCBuildConfiguration;
			buildSettings = {
				GENERATE_INFOPLIST_FILE = YES;
				LD_RUNPATH_SEARCH_PATHS = (
					"$(inherited)",
					"@loader_path/../Frameworks",
					"@executable_path/../Frameworks",
				);
				MACOSX_DEPLOYMENT_TARGET = 26.0;
				PRODUCT_BUNDLE_IDENTIFIER = com.interlacedpixel.PicardFingerprintTests;
				SDKROOT = macosx;
				SWIFT_OBJC_INTEROP_MODE = objcxx;
			};
			name = Debug;
		};
		26BB17F4CE513DADEB0327BCA8B510B2 /* Debug */ = {
			isa = XCBuildConfiguration;
			buildSettings = {
				ALWAYS_SEARCH_USER_PATHS = NO;
				CLANG_ANALYZER_NONNULL = YES;
				CLANG_ANALYZER_NUMBER_OBJECT_CONVERSION = YES_AGGRESSIVE;
				CLANG_CXX_LANGUAGE_STANDARD = "c++17";
				CLANG_CXX_LIBRARY = "libc++";
				CLANG_ENABLE_MODULES = YES;
				CLANG_ENABLE_OBJC_ARC = YES;
				CLANG_ENABLE_OBJC_WEAK = YES;
				CLANG_WARN_BLOCK_CAPTURE_AUTORELEASING = YES;
				CLANG_WARN_BOOL_CONVERSION = YES;
				CLANG_WARN_COMMA = YES;
				CLANG_WARN_CONSTANT_CONVERSION = YES;
				CLANG_WARN_DEPRECATED_OBJC_IMPLEMENTATIONS = YES;
				CLANG_WARN_DIRECT_OBJC_ISA_USAGE = YES_ERROR;
				CLANG_WARN_DOCUMENTATION_COMMENTS = YES;
				CLANG_WARN_EMPTY_BODY = YES;
				CLANG_WARN_ENUM_CONVERSION = YES;
				CLANG_WARN_INFINITE_RECURSION = YES;
				CLANG_WARN_INT_CONVERSION = YES;
				CLANG_WARN_NON_LITERAL_NULL_CONVERSION = YES;
				CLANG_WARN_OBJC_IMPLICIT_RETAIN_SELF = YES;
				CLANG_WARN_OBJC_LITERAL_CONVERSION = YES;
				CLANG_WARN_OBJC_ROOT_CLASS = YES_ERROR;
				CLANG_WARN_QUOTED_INCLUDE_IN_FRAMEWORK_HEADER = YES;
				CLANG_WARN_RANGE_LOOP_ANALYSIS = YES;
				CLANG_WARN_STRICT_PROTOTYPES = YES;
				CLANG_WARN_SUSPICIOUS_MOVE = YES;
				CLANG_WARN_UNGUARDED_AVAILABILITY = YES_AGGRESSIVE;
				CLANG_WARN_UNREACHABLE_CODE = YES;
				CLANG_WARN__DUPLICATE_METHOD_MATCH = YES;
				CODE_SIGN_IDENTITY = "-";
				CODE_SIGN_STYLE = Manual;
				COPY_PHASE_STRIP = NO;
				DEBUG_INFORMATION_FORMAT = dwarf;
				ENABLE_STRICT_OBJC_MSGSEND = YES;
				ENABLE_TESTABILITY = YES;
				ENABLE_USER_SCRIPT_SANDBOXING = NO;
				GCC_C_LANGUAGE_STANDARD = gnu11;
				GCC_DYNAMIC_NO_PIC = NO;
				GCC_NO_COMMON_BLOCKS = YES;
				GCC_OPTIMIZATION_LEVEL = 0;
				GCC_PREPROCESSOR_DEFINITIONS = (
					"DEBUG=1",
					"$(inherited)",
				);
				GCC_WARN_64_TO_32_BIT_CONVERSION = YES;
				GCC_WARN_ABOUT_RETURN_TYPE = YES_ERROR;
				GCC_WARN_UNDECLARED_SELECTOR = YES;
				GCC_WARN_UNINITIALIZED_AUTOS = YES_AGGRESSIVE;
				GCC_WARN_UNUSED_FUNCTION = YES;
				GCC_WARN_UNUSED_VARIABLE = YES;
				MACOSX_DEPLOYMENT_TARGET = 26.0;
				MTL_ENABLE_DEBUG_INFO = INCLUDE_SOURCE;
				MTL_FAST_MATH = YES;
				ONLY_ACTIVE_ARCH = YES;
				PRODUCT_NAME = "$(TARGET_NAME)";
				SDKROOT = macosx;
				SWIFT_ACTIVE_COMPILATION_CONDITIONS = DEBUG;
				SWIFT_DEFAULT_ACTOR_ISOLATION = nonisolated;
				SWIFT_OPTIMIZATION_LEVEL = "-Onone";
				SWIFT_STRICT_CONCURRENCY = complete;
				SWIFT_VERSION = 6.0;
			};
			name = Debug;
		};
		43EAAC440B8C766A6B6D946898852333 /* Release */ = {
			isa = XCBuildConfiguration;
			buildSettings = {
				GENERATE_INFOPLIST_FILE = YES;
				LD_RUNPATH_SEARCH_PATHS = (
					"$(inherited)",
					"@loader_path/../Frameworks",
					"@executable_path/../Frameworks",
				);
				MACOSX_DEPLOYMENT_TARGET = 26.0;
				PRODUCT_BUNDLE_IDENTIFIER = com.interlacedpixel.PicardMusicBrainzTests;
				SDKROOT = macosx;
				SWIFT_OBJC_INTEROP_MODE = objcxx;
			};
			name = Release;
		};
		6029A631CF1312C24CCD73141EFCB1D8 /* Debug */ = {
			isa = XCBuildConfiguration;
			buildSettings = {
				ASSETCATALOG_COMPILER_APPICON_NAME = AppIcon;
				ASSETCATALOG_COMPILER_GLOBAL_ACCENT_COLOR_NAME = AccentColor;
				COMBINE_HIDPI_IMAGES = YES;
				DEFINES_MODULE = YES;
				ENABLE_APP_SANDBOX = NO;
				ENABLE_TESTABILITY = YES;
				GENERATE_INFOPLIST_FILE = NO;
				INFOPLIST_FILE = Sources/MacPicard/Resources/Info.plist;
				LD_RUNPATH_SEARCH_PATHS = (
					"$(inherited)",
					"@executable_path/../Frameworks",
				);
				MACOSX_DEPLOYMENT_TARGET = 26.0;
				PRODUCT_BUNDLE_IDENTIFIER = com.interlacedpixel.MacPicard;
				PRODUCT_NAME = MacPicard;
				SDKROOT = macosx;
				SKIP_INSTALL = NO;
				SWIFT_OBJC_INTEROP_MODE = objcxx;
			};
			name = Debug;
		};
		71D7CDA42BE996D2FF729779F911E67A /* Release */ = {
			isa = XCBuildConfiguration;
			buildSettings = {
				GENERATE_INFOPLIST_FILE = YES;
				LD_RUNPATH_SEARCH_PATHS = (
					"$(inherited)",
					"@loader_path/../Frameworks",
					"@executable_path/../Frameworks",
				);
				MACOSX_DEPLOYMENT_TARGET = 26.0;
				PRODUCT_BUNDLE_IDENTIFIER = com.interlacedpixel.PicardScriptsTests;
				SDKROOT = macosx;
				SWIFT_OBJC_INTEROP_MODE = objcxx;
			};
			name = Release;
		};
		734378579CC3242CDE6CF5E637F02FE8 /* Release */ = {
			isa = XCBuildConfiguration;
			buildSettings = {
				GENERATE_INFOPLIST_FILE = YES;
				LD_RUNPATH_SEARCH_PATHS = (
					"$(inherited)",
					"@loader_path/../Frameworks",
					"@executable_path/../Frameworks",
				);
				MACOSX_DEPLOYMENT_TARGET = 26.0;
				PRODUCT_BUNDLE_IDENTIFIER = com.interlacedpixel.PicardFoundationTests;
				SDKROOT = macosx;
				SWIFT_OBJC_INTEROP_MODE = objcxx;
			};
			name = Release;
		};
		7E4C3D490DFE59A6FBEB2937809E3328 /* Release */ = {
			isa = XCBuildConfiguration;
			buildSettings = {
				GENERATE_INFOPLIST_FILE = YES;
				LD_RUNPATH_SEARCH_PATHS = (
					"$(inherited)",
					"@loader_path/../Frameworks",
					"@executable_path/../Frameworks",
				);
				MACOSX_DEPLOYMENT_TARGET = 26.0;
				PRODUCT_BUNDLE_IDENTIFIER = com.interlacedpixel.PicardFingerprintTests;
				SDKROOT = macosx;
				SWIFT_OBJC_INTEROP_MODE = objcxx;
			};
			name = Release;
		};
		81D422F2988EEEFDC9CD3CE61564A7A7 /* Debug */ = {
			isa = XCBuildConfiguration;
			buildSettings = {
				BUNDLE_LOADER = "$(TEST_HOST)";
				GENERATE_INFOPLIST_FILE = YES;
				LD_RUNPATH_SEARCH_PATHS = (
					"$(inherited)",
					"@loader_path/../Frameworks",
					"@executable_path/../Frameworks",
				);
				MACOSX_DEPLOYMENT_TARGET = 26.0;
				PRODUCT_BUNDLE_IDENTIFIER = com.interlacedpixel.MacPicardTests;
				SDKROOT = macosx;
				SWIFT_INCLUDE_PATHS = "$(inherited) $(BUILT_PRODUCTS_DIR)";
				SWIFT_OBJC_INTEROP_MODE = objcxx;
				TEST_HOST = "$(BUILT_PRODUCTS_DIR)/MacPicard.app/Contents/MacOS/MacPicard";
			};
			name = Debug;
		};
		9400A2717EC940385F16B4D624A9C345 /* Release */ = {
			isa = XCBuildConfiguration;
			buildSettings = {
				GENERATE_INFOPLIST_FILE = YES;
				LD_RUNPATH_SEARCH_PATHS = (
					"$(inherited)",
					"@loader_path/../Frameworks",
					"@executable_path/../Frameworks",
				);
				MACOSX_DEPLOYMENT_TARGET = 26.0;
				PRODUCT_BUNDLE_IDENTIFIER = com.interlacedpixel.PicardCoverArtTests;
				SDKROOT = macosx;
				SWIFT_OBJC_INTEROP_MODE = objcxx;
			};
			name = Release;
		};
		9C56F9BC4E5FDD4C4BF0B45D6AD4948D /* Release */ = {
			isa = XCBuildConfiguration;
			buildSettings = {
				ALWAYS_SEARCH_USER_PATHS = NO;
				CLANG_ANALYZER_NONNULL = YES;
				CLANG_ANALYZER_NUMBER_OBJECT_CONVERSION = YES_AGGRESSIVE;
				CLANG_CXX_LANGUAGE_STANDARD = "c++17";
				CLANG_CXX_LIBRARY = "libc++";
				CLANG_ENABLE_MODULES = YES;
				CLANG_ENABLE_OBJC_ARC = YES;
				CLANG_ENABLE_OBJC_WEAK = YES;
				CLANG_WARN_BLOCK_CAPTURE_AUTORELEASING = YES;
				CLANG_WARN_BOOL_CONVERSION = YES;
				CLANG_WARN_COMMA = YES;
				CLANG_WARN_CONSTANT_CONVERSION = YES;
				CLANG_WARN_DEPRECATED_OBJC_IMPLEMENTATIONS = YES;
				CLANG_WARN_DIRECT_OBJC_ISA_USAGE = YES_ERROR;
				CLANG_WARN_DOCUMENTATION_COMMENTS = YES;
				CLANG_WARN_EMPTY_BODY = YES;
				CLANG_WARN_ENUM_CONVERSION = YES;
				CLANG_WARN_INFINITE_RECURSION = YES;
				CLANG_WARN_INT_CONVERSION = YES;
				CLANG_WARN_NON_LITERAL_NULL_CONVERSION = YES;
				CLANG_WARN_OBJC_IMPLICIT_RETAIN_SELF = YES;
				CLANG_WARN_OBJC_LITERAL_CONVERSION = YES;
				CLANG_WARN_OBJC_ROOT_CLASS = YES_ERROR;
				CLANG_WARN_QUOTED_INCLUDE_IN_FRAMEWORK_HEADER = YES;
				CLANG_WARN_RANGE_LOOP_ANALYSIS = YES;
				CLANG_WARN_STRICT_PROTOTYPES = YES;
				CLANG_WARN_SUSPICIOUS_MOVE = YES;
				CLANG_WARN_UNGUARDED_AVAILABILITY = YES_AGGRESSIVE;
				CLANG_WARN_UNREACHABLE_CODE = YES;
				CLANG_WARN__DUPLICATE_METHOD_MATCH = YES;
				CODE_SIGN_IDENTITY = "-";
				CODE_SIGN_STYLE = Manual;
				COPY_PHASE_STRIP = NO;
				DEBUG_INFORMATION_FORMAT = "dwarf-with-dsym";
				ENABLE_NS_ASSERTIONS = NO;
				ENABLE_STRICT_OBJC_MSGSEND = YES;
				ENABLE_USER_SCRIPT_SANDBOXING = NO;
				GCC_C_LANGUAGE_STANDARD = gnu11;
				GCC_NO_COMMON_BLOCKS = YES;
				GCC_WARN_64_TO_32_BIT_CONVERSION = YES;
				GCC_WARN_ABOUT_RETURN_TYPE = YES_ERROR;
				GCC_WARN_UNDECLARED_SELECTOR = YES;
				GCC_WARN_UNINITIALIZED_AUTOS = YES_AGGRESSIVE;
				GCC_WARN_UNUSED_FUNCTION = YES;
				GCC_WARN_UNUSED_VARIABLE = YES;
				MACOSX_DEPLOYMENT_TARGET = 26.0;
				MTL_ENABLE_DEBUG_INFO = NO;
				MTL_FAST_MATH = YES;
				PRODUCT_NAME = "$(TARGET_NAME)";
				SDKROOT = macosx;
				SWIFT_COMPILATION_MODE = wholemodule;
				SWIFT_DEFAULT_ACTOR_ISOLATION = nonisolated;
				SWIFT_OPTIMIZATION_LEVEL = "-O";
				SWIFT_STRICT_CONCURRENCY = complete;
				SWIFT_VERSION = 6.0;
			};
			name = Release;
		};
		A4A189AFA53C2C9ECBA1F8CE14B4E75D /* Debug */ = {
			isa = XCBuildConfiguration;
			buildSettings = {
				GENERATE_INFOPLIST_FILE = YES;
				LD_RUNPATH_SEARCH_PATHS = (
					"$(inherited)",
					"@loader_path/../Frameworks",
					"@executable_path/../Frameworks",
				);
				MACOSX_DEPLOYMENT_TARGET = 26.0;
				PRODUCT_BUNDLE_IDENTIFIER = com.interlacedpixel.PicardScriptsTests;
				SDKROOT = macosx;
				SWIFT_OBJC_INTEROP_MODE = objcxx;
			};
			name = Debug;
		};
		A79147CB4195A581A649E6624BAA77F8 /* Release */ = {
			isa = XCBuildConfiguration;
			buildSettings = {
				BUNDLE_LOADER = "$(TEST_HOST)";
				GENERATE_INFOPLIST_FILE = YES;
				LD_RUNPATH_SEARCH_PATHS = (
					"$(inherited)",
					"@loader_path/../Frameworks",
					"@executable_path/../Frameworks",
				);
				MACOSX_DEPLOYMENT_TARGET = 26.0;
				PRODUCT_BUNDLE_IDENTIFIER = com.interlacedpixel.MacPicardTests;
				SDKROOT = macosx;
				SWIFT_INCLUDE_PATHS = "$(inherited) $(BUILT_PRODUCTS_DIR)";
				SWIFT_OBJC_INTEROP_MODE = objcxx;
				TEST_HOST = "$(BUILT_PRODUCTS_DIR)/MacPicard.app/Contents/MacOS/MacPicard";
			};
			name = Release;
		};
		AE0F84D10C01E6DCD8700E7925682DA3 /* Debug */ = {
			isa = XCBuildConfiguration;
			buildSettings = {
				GENERATE_INFOPLIST_FILE = YES;
				LD_RUNPATH_SEARCH_PATHS = (
					"$(inherited)",
					"@loader_path/../Frameworks",
					"@executable_path/../Frameworks",
				);
				MACOSX_DEPLOYMENT_TARGET = 26.0;
				PRODUCT_BUNDLE_IDENTIFIER = com.interlacedpixel.PicardMusicBrainzTests;
				SDKROOT = macosx;
				SWIFT_OBJC_INTEROP_MODE = objcxx;
			};
			name = Debug;
		};
		B70FA81D724B3F827E4570C898D94147 /* Release */ = {
			isa = XCBuildConfiguration;
			buildSettings = {
				GENERATE_INFOPLIST_FILE = YES;
				LD_RUNPATH_SEARCH_PATHS = (
					"$(inherited)",
					"@loader_path/../Frameworks",
					"@executable_path/../Frameworks",
				);
				MACOSX_DEPLOYMENT_TARGET = 26.0;
				PRODUCT_BUNDLE_IDENTIFIER = com.interlacedpixel.PicardSessionsTests;
				SDKROOT = macosx;
				SWIFT_OBJC_INTEROP_MODE = objcxx;
			};
			name = Release;
		};
		CE67B578743967A4136A15C96A0CE954 /* Debug */ = {
			isa = XCBuildConfiguration;
			buildSettings = {
				GENERATE_INFOPLIST_FILE = YES;
				LD_RUNPATH_SEARCH_PATHS = (
					"$(inherited)",
					"@loader_path/../Frameworks",
					"@executable_path/../Frameworks",
				);
				MACOSX_DEPLOYMENT_TARGET = 26.0;
				PRODUCT_BUNDLE_IDENTIFIER = com.interlacedpixel.PicardCoverArtTests;
				SDKROOT = macosx;
				SWIFT_OBJC_INTEROP_MODE = objcxx;
			};
			name = Debug;
		};
		D172ABF80DFEDFB0C841345857478E23 /* Release */ = {
			isa = XCBuildConfiguration;
			buildSettings = {
				GENERATE_INFOPLIST_FILE = YES;
				LD_RUNPATH_SEARCH_PATHS = (
					"$(inherited)",
					"@loader_path/../Frameworks",
					"@executable_path/../Frameworks",
				);
				MACOSX_DEPLOYMENT_TARGET = 26.0;
				PRODUCT_BUNDLE_IDENTIFIER = com.interlacedpixel.PicardFormatsTests;
				SDKROOT = macosx;
				SWIFT_OBJC_INTEROP_MODE = objcxx;
			};
			name = Release;
		};
		D8585634F879A8E1F8062DF0607C93E1 /* Release */ = {
			isa = XCBuildConfiguration;
			buildSettings = {
				ASSETCATALOG_COMPILER_APPICON_NAME = AppIcon;
				ASSETCATALOG_COMPILER_GLOBAL_ACCENT_COLOR_NAME = AccentColor;
				COMBINE_HIDPI_IMAGES = YES;
				DEFINES_MODULE = YES;
				ENABLE_APP_SANDBOX = NO;
				GENERATE_INFOPLIST_FILE = NO;
				INFOPLIST_FILE = Sources/MacPicard/Resources/Info.plist;
				LD_RUNPATH_SEARCH_PATHS = (
					"$(inherited)",
					"@executable_path/../Frameworks",
				);
				MACOSX_DEPLOYMENT_TARGET = 26.0;
				PRODUCT_BUNDLE_IDENTIFIER = com.interlacedpixel.MacPicard;
				PRODUCT_NAME = MacPicard;
				SDKROOT = macosx;
				SKIP_INSTALL = NO;
				SWIFT_OBJC_INTEROP_MODE = objcxx;
			};
			name = Release;
		};
		FB5860621C79E1379E5928AE7450DD93 /* Debug */ = {
			isa = XCBuildConfiguration;
			buildSettings = {
				GENERATE_INFOPLIST_FILE = YES;
				LD_RUNPATH_SEARCH_PATHS = (
					"$(inherited)",
					"@loader_path/../Frameworks",
					"@executable_path/../Frameworks",
				);
				MACOSX_DEPLOYMENT_TARGET = 26.0;
				PRODUCT_BUNDLE_IDENTIFIER = com.interlacedpixel.PicardFoundationTests;
				SDKROOT = macosx;
				SWIFT_OBJC_INTEROP_MODE = objcxx;
			};
			name = Debug;
		};
/* End XCBuildConfiguration section */

/* Begin XCConfigurationList section */
		25DEC3F27A114EB8903EDB1DA398C24B /* Build configuration list for PBXNativeTarget "MacPicardTests" */ = {
			isa = XCConfigurationList;
			buildConfigurations = (
				A79147CB4195A581A649E6624BAA77F8 /* Release */,
				81D422F2988EEEFDC9CD3CE61564A7A7 /* Debug */,
			);
			defaultConfigurationIsVisible = 0;
			defaultConfigurationName = Release;
		};
		2FFBE0316DCE2D3BD7DFD6945E2F82CD /* Build configuration list for PBXProject "MacPicard" */ = {
			isa = XCConfigurationList;
			buildConfigurations = (
				26BB17F4CE513DADEB0327BCA8B510B2 /* Debug */,
				9C56F9BC4E5FDD4C4BF0B45D6AD4948D /* Release */,
			);
			defaultConfigurationIsVisible = 0;
			defaultConfigurationName = Debug;
		};
		3053DDCDBCDA4B1887278FB978F173B4 /* Build configuration list for PBXNativeTarget "PicardFormatsTests" */ = {
			isa = XCConfigurationList;
			buildConfigurations = (
				D172ABF80DFEDFB0C841345857478E23 /* Release */,
				1F56AD28F662A83D42CDC702739D6308 /* Debug */,
			);
			defaultConfigurationIsVisible = 0;
			defaultConfigurationName = Release;
		};
		4334CCC402A293947F0E02EB7680F1BE /* Build configuration list for PBXNativeTarget "PicardScriptsTests" */ = {
			isa = XCConfigurationList;
			buildConfigurations = (
				71D7CDA42BE996D2FF729779F911E67A /* Release */,
				A4A189AFA53C2C9ECBA1F8CE14B4E75D /* Debug */,
			);
			defaultConfigurationIsVisible = 0;
			defaultConfigurationName = Release;
		};
		49A6F6E58595AEA9E73723FCC59DE368 /* Build configuration list for PBXNativeTarget "PicardFingerprintTests" */ = {
			isa = XCConfigurationList;
			buildConfigurations = (
				7E4C3D490DFE59A6FBEB2937809E3328 /* Release */,
				24BE4C6803FE44F4568DEFBA96E5581D /* Debug */,
			);
			defaultConfigurationIsVisible = 0;
			defaultConfigurationName = Release;
		};
		65707A4C8728C5F9733AD1FD12BC92EF /* Build configuration list for PBXNativeTarget "PicardCoverArtTests" */ = {
			isa = XCConfigurationList;
			buildConfigurations = (
				9400A2717EC940385F16B4D624A9C345 /* Release */,
				CE67B578743967A4136A15C96A0CE954 /* Debug */,
			);
			defaultConfigurationIsVisible = 0;
			defaultConfigurationName = Release;
		};
		6B9B54882BC6F8738D717D6215DE31CA /* Build configuration list for PBXNativeTarget "PicardMusicBrainzTests" */ = {
			isa = XCConfigurationList;
			buildConfigurations = (
				43EAAC440B8C766A6B6D946898852333 /* Release */,
				AE0F84D10C01E6DCD8700E7925682DA3 /* Debug */,
			);
			defaultConfigurationIsVisible = 0;
			defaultConfigurationName = Release;
		};
		734B4F1F3F16805C86B0393619E9598A /* Build configuration list for PBXNativeTarget "MacPicard" */ = {
			isa = XCConfigurationList;
			buildConfigurations = (
				D8585634F879A8E1F8062DF0607C93E1 /* Release */,
				6029A631CF1312C24CCD73141EFCB1D8 /* Debug */,
			);
			defaultConfigurationIsVisible = 0;
			defaultConfigurationName = Release;
		};
		90F2DDB2B27DB4BECCBCC6951C1B83A0 /* Build configuration list for PBXNativeTarget "PicardSessionsTests" */ = {
			isa = XCConfigurationList;
			buildConfigurations = (
				B70FA81D724B3F827E4570C898D94147 /* Release */,
				1CE37138F7F9FA8663CDD490DBC6FC1A /* Debug */,
			);
			defaultConfigurationIsVisible = 0;
			defaultConfigurationName = Release;
		};
		B2C5D76ED72D72CE61FF7A8145ED4313 /* Build configuration list for PBXNativeTarget "PicardFoundationTests" */ = {
			isa = XCConfigurationList;
			buildConfigurations = (
				734378579CC3242CDE6CF5E637F02FE8 /* Release */,
				FB5860621C79E1379E5928AE7450DD93 /* Debug */,
			);
			defaultConfigurationIsVisible = 0;
			defaultConfigurationName = Release;
		};
/* End XCConfigurationList section */

/* Begin XCLocalSwiftPackageReference section */
		B18E1EC876CC8A5D07353B7C60CFA327 /* XCLocalSwiftPackageReference "." */ = {
			isa = XCLocalSwiftPackageReference;
			relativePath = .;
		};
/* End XCLocalSwiftPackageReference section */

/* Begin XCSwiftPackageProductDependency section */
		0DD64CF68EEB8DD7D985500FCF26DCF8 /* PicardCoverArt */ = {
			isa = XCSwiftPackageProductDependency;
			package = B18E1EC876CC8A5D07353B7C60CFA327 /* XCLocalSwiftPackageReference "." */;
			productName = PicardCoverArt;
		};
		249CB6C78073014F1CBF8A10C2260C81 /* PicardFoundation */ = {
			isa = XCSwiftPackageProductDependency;
			package = B18E1EC876CC8A5D07353B7C60CFA327 /* XCLocalSwiftPackageReference "." */;
			productName = PicardFoundation;
		};
		288CBF5874AACE7779E30B1DFB1EAB5B /* PicardFoundation */ = {
			isa = XCSwiftPackageProductDependency;
			package = B18E1EC876CC8A5D07353B7C60CFA327 /* XCLocalSwiftPackageReference "." */;
			productName = PicardFoundation;
		};
		3B93000C391BE46CA04A8D557FE52321 /* PicardCoverArt */ = {
			isa = XCSwiftPackageProductDependency;
			package = B18E1EC876CC8A5D07353B7C60CFA327 /* XCLocalSwiftPackageReference "." */;
			productName = PicardCoverArt;
		};
		464D82CD8AD41A45992E60047EB97644 /* PicardFoundation */ = {
			isa = XCSwiftPackageProductDependency;
			package = B18E1EC876CC8A5D07353B7C60CFA327 /* XCLocalSwiftPackageReference "." */;
			productName = PicardFoundation;
		};
		4A9845EB4A049BDF077BAA5D1A79C887 /* PicardFormats */ = {
			isa = XCSwiftPackageProductDependency;
			package = B18E1EC876CC8A5D07353B7C60CFA327 /* XCLocalSwiftPackageReference "." */;
			productName = PicardFormats;
		};
		4AF8CF47F8679971E8FDB31D19F10BE1 /* PicardFingerprint */ = {
			isa = XCSwiftPackageProductDependency;
			package = B18E1EC876CC8A5D07353B7C60CFA327 /* XCLocalSwiftPackageReference "." */;
			productName = PicardFingerprint;
		};
		4D3F467B713A2D36522898218ADB38D3 /* PicardScripts */ = {
			isa = XCSwiftPackageProductDependency;
			package = B18E1EC876CC8A5D07353B7C60CFA327 /* XCLocalSwiftPackageReference "." */;
			productName = PicardScripts;
		};
		6196F40F310C72E9B8EB349EC9998255 /* PicardMusicBrainz */ = {
			isa = XCSwiftPackageProductDependency;
			package = B18E1EC876CC8A5D07353B7C60CFA327 /* XCLocalSwiftPackageReference "." */;
			productName = PicardMusicBrainz;
		};
		6AA0048AFEEF5DB8E6CE416914B4D2D1 /* PicardFormats */ = {
			isa = XCSwiftPackageProductDependency;
			package = B18E1EC876CC8A5D07353B7C60CFA327 /* XCLocalSwiftPackageReference "." */;
			productName = PicardFormats;
		};
		7B0813184BC4D8C46C835F72D1D0BF3D /* PicardFingerprint */ = {
			isa = XCSwiftPackageProductDependency;
			package = B18E1EC876CC8A5D07353B7C60CFA327 /* XCLocalSwiftPackageReference "." */;
			productName = PicardFingerprint;
		};
		7C23A460FF1AE9BCDD3D6A310F50D7CD /* PicardFoundation */ = {
			isa = XCSwiftPackageProductDependency;
			package = B18E1EC876CC8A5D07353B7C60CFA327 /* XCLocalSwiftPackageReference "." */;
			productName = PicardFoundation;
		};
		8172878BDA6BEE37CF6E9F76AD432EE9 /* PicardMusicBrainz */ = {
			isa = XCSwiftPackageProductDependency;
			package = B18E1EC876CC8A5D07353B7C60CFA327 /* XCLocalSwiftPackageReference "." */;
			productName = PicardMusicBrainz;
		};
		8E0C739EDF564B5DAB5EED71F1083285 /* PicardSessions */ = {
			isa = XCSwiftPackageProductDependency;
			package = B18E1EC876CC8A5D07353B7C60CFA327 /* XCLocalSwiftPackageReference "." */;
			productName = PicardSessions;
		};
		A66DC986A0BB82D6B914EC02A4C14EAA /* PicardFoundation */ = {
			isa = XCSwiftPackageProductDependency;
			package = B18E1EC876CC8A5D07353B7C60CFA327 /* XCLocalSwiftPackageReference "." */;
			productName = PicardFoundation;
		};
		B97055E3BF75B72903ABEFDFE9C0F8B8 /* PicardScripts */ = {
			isa = XCSwiftPackageProductDependency;
			package = B18E1EC876CC8A5D07353B7C60CFA327 /* XCLocalSwiftPackageReference "." */;
			productName = PicardScripts;
		};
		D5656E2B9E6D81564E47B33465817E0B /* PicardMusicBrainz */ = {
			isa = XCSwiftPackageProductDependency;
			package = B18E1EC876CC8A5D07353B7C60CFA327 /* XCLocalSwiftPackageReference "." */;
			productName = PicardMusicBrainz;
		};
		D98612E9E0868E53EF8179AACD67FD42 /* PicardSessions */ = {
			isa = XCSwiftPackageProductDependency;
			package = B18E1EC876CC8A5D07353B7C60CFA327 /* XCLocalSwiftPackageReference "." */;
			productName = PicardSessions;
		};
		D99D5867E188C1FE9F1617B0CE919514 /* PicardFormats */ = {
			isa = XCSwiftPackageProductDependency;
			package = B18E1EC876CC8A5D07353B7C60CFA327 /* XCLocalSwiftPackageReference "." */;
			productName = PicardFormats;
		};
		F13EE8BCF876C25F2083848F5D0C6515 /* PicardFoundation */ = {
			isa = XCSwiftPackageProductDependency;
			package = B18E1EC876CC8A5D07353B7C60CFA327 /* XCLocalSwiftPackageReference "." */;
			productName = PicardFoundation;
		};
/* End XCSwiftPackageProductDependency section */
	};
	rootObject = 5F166D669F1CB516D326FABFC8D8735F /* Project object */;
}
