// !$*UTF8*$!
{
	archiveVersion = 1;
	classes = {
	};
	objectVersion = 77;
	objects = {

/* Begin PBXBuildFile section */
		09E2601460B30A7D6244615B05733817 /* AppModel.swift in Sources */ = {isa = PBXBuildFile; fileRef = F66C38E963968E57470C5B108E71919B /* AppModel.swift */; };
		0BD2F15A1E82FE65731EC05BDD0FC984 /* Cocoa.framework in Frameworks */ = {isa = PBXBuildFile; fileRef = CD13A92A5C7D0A2028A0CCC2B86821E2 /* Cocoa.framework */; };
		0C9F9DA67007E27888AADD3B50CC6AB1 /* Localizable.strings in Resources */ = {isa = PBXBuildFile; fileRef = BA9C3B8218396061DC1D71E65A443E65 /* Localizable.strings */; };
		10E1AD0A05F38AA41A17DB79847B1871 /* PicardCoverArt in Frameworks */ = {isa = PBXBuildFile; productRef = 3DABA4F4E94210520732974A0D97D4D9 /* PicardCoverArt */; };
		111C8D99D58D6F87419745BEE72FB2E2 /* ScriptEngineTests.swift in Sources */ = {isa = PBXBuildFile; fileRef = 3A071E976D24A5F149839386303941B6 /* ScriptEngineTests.swift */; };
		15D423BE6F5234E6086830A5F6F1BC25 /* CoverArtTests.swift in Sources */ = {isa = PBXBuildFile; fileRef = FFB08B19C7607178A660FBEA1B030467 /* CoverArtTests.swift */; };
		174BCF492B89A1BD4A283958442D3A86 /* LibraryActions.swift in Sources */ = {isa = PBXBuildFile; fileRef = 6EFF8DFB2C5C6E24F05FFC42FC95C594 /* LibraryActions.swift */; };
		1785CD7BF10790C42920D589328C9DAF /* CollectionWorkspace.swift in Sources */ = {isa = PBXBuildFile; fileRef = 56FA7B7A10B221889FF3DE381CBA7E6E /* CollectionWorkspace.swift */; };
		19D07DC99602406C5EE4D139E647530A /* MatchReviewTests.swift in Sources */ = {isa = PBXBuildFile; fileRef = B0F41A00DDBB037A84BDFCF9E4F47D5F /* MatchReviewTests.swift */; };
		1DFAA0391762805E14C0879C1FDA5E19 /* PicardScripts in Frameworks */ = {isa = PBXBuildFile; productRef = 5F8EC2218CE3B0CC98DB1320DDD93767 /* PicardScripts */; };
		1DFC2E65F5351E6B120C05A4C9EC56FC /* Cocoa.framework in Frameworks */ = {isa = PBXBuildFile; fileRef = CD13A92A5C7D0A2028A0CCC2B86821E2 /* Cocoa.framework */; };
		1EAAC7B7CC606AA16C71AF6078591755 /* PlaybackViews.swift in Sources */ = {isa = PBXBuildFile; fileRef = 59B7698B9EF6E0D46996661963205451 /* PlaybackViews.swift */; };
		2BCF325DE316C7A99E7FFAC459E075F5 /* PersistenceTests.swift in Sources */ = {isa = PBXBuildFile; fileRef = D58E96BE56FA72D5A86E8B9B6A0F7734 /* PersistenceTests.swift */; };
		2E70B3144AA9B79998C5BA051560F237 /* PicardFoundation in Frameworks */ = {isa = PBXBuildFile; productRef = 18EC759E9467AAE78A90F18F7DE38F29 /* PicardFoundation */; };
		34B6C2369CA184D287A1C6E3D52AF2B7 /* PicardFoundation in Frameworks */ = {isa = PBXBuildFile; productRef = 464D82CD8AD41A45992E60047EB97644 /* PicardFoundation */; };
		4687C2DD9F52DD83BF5AAEFD1AFC5297 /* MatchingWorkspace.swift in Sources */ = {isa = PBXBuildFile; fileRef = F053191F5EE72F417D4C0A4A1D3DD013 /* MatchingWorkspace.swift */; };
		47DA94982C3A90263E809686135F1CD4 /* MatchingWorkspaceTests.swift in Sources */ = {isa = PBXBuildFile; fileRef = 7D703FF477F79F4F2ECE975BF84CB570 /* MatchingWorkspaceTests.swift */; };
		48B99CC446439594DB45C9569672F6F2 /* FingerprintTests.swift in Sources */ = {isa = PBXBuildFile; fileRef = F7E802DB27126A5EA31F6B4E9EBCF275 /* FingerprintTests.swift */; };
		493B17CBED7BE5547F576AAC5F54886C /* Cocoa.framework in Frameworks */ = {isa = PBXBuildFile; fileRef = CD13A92A5C7D0A2028A0CCC2B86821E2 /* Cocoa.framework */; };
		4BA4E091FDBF8A9653C0C6EC56433000 /* PlaybackTests.swift in Sources */ = {isa = PBXBuildFile; fileRef = 61FCE248F7068FA57B07B04BDC87DD51 /* PlaybackTests.swift */; };
		4E574E96561FDB9AEFC11B4FACA44813 /* HardeningTests.swift in Sources */ = {isa = PBXBuildFile; fileRef = 42FC47F151F9E0E8407F830BDA773F53 /* HardeningTests.swift */; };
		50B1C74BBF537251DD38CFBE0FBB9FD9 /* PreferencesTests.swift in Sources */ = {isa = PBXBuildFile; fileRef = ED76985E0CFFA28485D49177837EB182 /* PreferencesTests.swift */; };
		536AE8B2CAD0A810C4CD112DAE9FF4F6 /* HardeningTests.swift in Sources */ = {isa = PBXBuildFile; fileRef = 8F07598D31E10260A0D0C9614A7F588A /* HardeningTests.swift */; };
		5430CEC4C6B6F5EF673E85189352056E /* PicardFoundation in Frameworks */ = {isa = PBXBuildFile; productRef = F13EE8BCF876C25F2083848F5D0C6515 /* PicardFoundation */; };
		543A1E0F1928D3B74E29022B4C909EDD /* EditReviewTests.swift in Sources */ = {isa = PBXBuildFile; fileRef = 78C4D0B016B4F0BE972C23EEC76EA277 /* EditReviewTests.swift */; };
		550919650CD28B33142BBA69EF9A4455 /* PicardMusicBrainz in Frameworks */ = {isa = PBXBuildFile; productRef = 9537465BF37EA434E13E0029600C8192 /* PicardMusicBrainz */; };
		5A9DC8547B246BEC9E3203A497E75FBA /* PicardSessions in Frameworks */ = {isa = PBXBuildFile; productRef = 8E0C739EDF564B5DAB5EED71F1083285 /* PicardSessions */; };
		6006063F51F3D54D81C78E132927314C /* OrganizationReviewTests.swift in Sources */ = {isa = PBXBuildFile; fileRef = 50189300002BE2E768A6F12F9DEF1D75 /* OrganizationReviewTests.swift */; };
		612CAF954D6E7918DCF03D65D7C365EF /* MacPicardApp.swift in Sources */ = {isa = PBXBuildFile; fileRef = 5E5C542EC6000AA63392531BDA4BDBB8 /* MacPicardApp.swift */; };
		64F1BC5CCF680998A16B2E9DB4F7282A /* PicardFingerprint in Frameworks */ = {isa = PBXBuildFile; productRef = 75345D0AEA87AE58A3196A87997AFB13 /* PicardFingerprint */; };
		67D42C49008ACCCD40566E82C2EA9AF5 /* WorkspaceTests.swift in Sources */ = {isa = PBXBuildFile; fileRef = 153C3178ECF3E3FDA4AD14B64B270A5E /* WorkspaceTests.swift */; };
		6B5D0774EC7FC305BA392F71B999A279 /* PicardScripts in Frameworks */ = {isa = PBXBuildFile; productRef = 97EF2E67075023A199A4840534009B57 /* PicardScripts */; };
		6B7053034FA13651322B642775AE2C7B /* CollectionWorkspaceTests.swift in Sources */ = {isa = PBXBuildFile; fileRef = C2971F2955D01499F89C439337B45B2E /* CollectionWorkspaceTests.swift */; };
		6BA0718D23787505227A0EA985269A46 /* PicardSessions in Frameworks */ = {isa = PBXBuildFile; productRef = E5B9BD33DBA3BF396789A0A458A94911 /* PicardSessions */; };
		6D0856B243D4FBBCA0A8E1C430C1BBBB /* MacPicardViews.swift in Sources */ = {isa = PBXBuildFile; fileRef = 11909FA209F3FF4F4DD229AEB20330B1 /* MacPicardViews.swift */; };
		71A366A207EBF90603BC099351F56C0B /* HardeningTests.swift in Sources */ = {isa = PBXBuildFile; fileRef = 88F7954E31611E63A87A2CE1AC67FAC0 /* HardeningTests.swift */; };
		733B75DCC65ABC0B1E7907CFB84C0086 /* MusicBrainzTests.swift in Sources */ = {isa = PBXBuildFile; fileRef = 0F3D5BF05D6BD6C531CB7DB20CD8CD10 /* MusicBrainzTests.swift */; };
		7BFF81EBD7CCFA83C83430D1EB0116AD /* BrowserTests.swift in Sources */ = {isa = PBXBuildFile; fileRef = E0EA81BBF881AB359E8586DBF38D7275 /* BrowserTests.swift */; };
		7C4B4C380BC5B184E5ACC3EB6DE67D58 /* LibraryMatchView.swift in Sources */ = {isa = PBXBuildFile; fileRef = CB2AD07E4171380CCCB734D57AC864B6 /* LibraryMatchView.swift */; };
		82FB37B4A2554431C121DD4B4C061CD8 /* LibraryImportTests.swift in Sources */ = {isa = PBXBuildFile; fileRef = AA10A183C793850F55FDDCAAF78F1781 /* LibraryImportTests.swift */; };
		83579A152563A3219FDDF095086384A1 /* PicardFoundation in Frameworks */ = {isa = PBXBuildFile; productRef = 9BAB54C7D0DC927EF965414F0FB24232 /* PicardFoundation */; };
		890A6A4EB6C19D9044B43070159D219A /* LibraryManagementTests.swift in Sources */ = {isa = PBXBuildFile; fileRef = 27085193CA7E6AFC59FB2B65E651DEEB /* LibraryManagementTests.swift */; };
		8AE910B94B8BB5557B1790EA666EB741 /* PicardFoundation in Frameworks */ = {isa = PBXBuildFile; productRef = F316AA9196C5DA97B17A8F4A3EF5A9C7 /* PicardFoundation */; };
		922A8C3A9CF03632382153E1C376FC71 /* MetadataEditorView.swift in Sources */ = {isa = PBXBuildFile; fileRef = 0E6E27185F2B279EEA84740C22F4D73E /* MetadataEditorView.swift */; };
		9276BE2E248CC0F137830E5645966902 /* PicardFingerprint in Frameworks */ = {isa = PBXBuildFile; productRef = F809EB080E6E9AF8E0F641179210102C /* PicardFingerprint */; };
		951D2EE8F2CB416309E9CF4535A81371 /* Cocoa.framework in Frameworks */ = {isa = PBXBuildFile; fileRef = CD13A92A5C7D0A2028A0CCC2B86821E2 /* Cocoa.framework */; };
		961F04F2869D9DA9F46C0B4205A42068 /* MacPicardCommands.swift in Sources */ = {isa = PBXBuildFile; fileRef = 53FFEFF5FBEAC7FC6AD14531CA2E5E91 /* MacPicardCommands.swift */; };
		97E93A04DEC5F858E9023E81CF3997B6 /* PicardMusicBrainz in Frameworks */ = {isa = PBXBuildFile; productRef = 8172878BDA6BEE37CF6E9F76AD432EE9 /* PicardMusicBrainz */; };
		9AF5483B083857E802B4FD1F9AEF8925 /* Cocoa.framework in Frameworks */ = {isa = PBXBuildFile; fileRef = CD13A92A5C7D0A2028A0CCC2B86821E2 /* Cocoa.framework */; };
		A2730CA24BF2999D210B4C91AD39F26B /* Cocoa.framework in Frameworks */ = {isa = PBXBuildFile; fileRef = CD13A92A5C7D0A2028A0CCC2B86821E2 /* Cocoa.framework */; };
		A2F1795BC76867BA491BCE58D9AE2037 /* WorkspaceModel.swift in Sources */ = {isa = PBXBuildFile; fileRef = 9672EE2F21721FEDD85F35AC20B9CC01 /* WorkspaceModel.swift */; };
		A618283A325FE6AE373F5E0A251DA1C8 /* WorkspaceCommands.swift in Sources */ = {isa = PBXBuildFile; fileRef = 3EB8FB714164D1356C9CE4AEA8DC7E94 /* WorkspaceCommands.swift */; };
		A77D17A5BD6F61FF76CBF790876F8F74 /* PicardFormats in Frameworks */ = {isa = PBXBuildFile; productRef = 4A9845EB4A049BDF077BAA5D1A79C887 /* PicardFormats */; };
		ACC25F49868C3C0FD35550A8F63ADE23 /* SettingsModelTests.swift in Sources */ = {isa = PBXBuildFile; fileRef = 725FBB006053931ED4B675D2EBEE3428 /* SettingsModelTests.swift */; };
		B01576BB8DE3B8AD5561ABB45A39AD7E /* Cocoa.framework in Frameworks */ = {isa = PBXBuildFile; fileRef = CD13A92A5C7D0A2028A0CCC2B86821E2 /* Cocoa.framework */; };
		B217245727025BB1761576B97379319C /* LibraryBrowser.swift in Sources */ = {isa = PBXBuildFile; fileRef = 529AC104D6FCCA194E1D81CE41C3CFD4 /* LibraryBrowser.swift */; };
		B6A94192B7CAE9DFA648EAA3FF373A5E /* PicardFoundation in Frameworks */ = {isa = PBXBuildFile; productRef = 288CBF5874AACE7779E30B1DFB1EAB5B /* PicardFoundation */; };
		B6FD95C03F43249FE427BECE46407784 /* OrganizationModelTests.swift in Sources */ = {isa = PBXBuildFile; fileRef = CC927C0FCD127AA879174B82748E968B /* OrganizationModelTests.swift */; };
		B8FDBA1A4075B4E45EFD46D48B73B296 /* APIRequestPolicyTests.swift in Sources */ = {isa = PBXBuildFile; fileRef = B8EB2753F1482315F780B95A48695A82 /* APIRequestPolicyTests.swift */; };
		BA02FB261155C2FADD7EFA1388E1770B /* SettingsModel.swift in Sources */ = {isa = PBXBuildFile; fileRef = A0C3D14DB2A2655C7F93A5A3F2E9A2DC /* SettingsModel.swift */; };
		BCDD5400273B6607E6DB30B75988E26E /* PicardFormats in Frameworks */ = {isa = PBXBuildFile; productRef = 6AA0048AFEEF5DB8E6CE416914B4D2D1 /* PicardFormats */; };
		C990B6A4A52B550EC86EFCDB5191EA15 /* RegroupView.swift in Sources */ = {isa = PBXBuildFile; fileRef = 33AEA00C83310744A15139B9F7146ED5 /* RegroupView.swift */; };
		CB2B484FC2ED4864AC1D925C88E80A3B /* OrganizationModel.swift in Sources */ = {isa = PBXBuildFile; fileRef = 4DF711D7F1757B5ADE1AF83CBDDF6919 /* OrganizationModel.swift */; };
		CB8A750CBDC14631ECC305AD54A9713A /* SettingsView.swift in Sources */ = {isa = PBXBuildFile; fileRef = 0D6AE420DD2E7F755E0248801CB6CE7C /* SettingsView.swift */; };
		CF0F80DC5D1FE9A14426E87C001E66B4 /* TrackActions.swift in Sources */ = {isa = PBXBuildFile; fileRef = C7C27FAFC5F153E5D7FD6685C864B850 /* TrackActions.swift */; };
		D3034668D9792D40151050B03AB18213 /* PicardMusicBrainz in Frameworks */ = {isa = PBXBuildFile; productRef = 8D926A995DDDE26F0B3773AB0EE51BA7 /* PicardMusicBrainz */; };
		D75F6195DBC7181C64FD6DA9F169E5FC /* Cocoa.framework in Frameworks */ = {isa = PBXBuildFile; fileRef = CD13A92A5C7D0A2028A0CCC2B86821E2 /* Cocoa.framework */; };
		DC20D306D49917D0C184271784718DAB /* FormatEngineTests.swift in Sources */ = {isa = PBXBuildFile; fileRef = 69682B14729D730EEBA63FE60933D380 /* FormatEngineTests.swift */; };
		E0903FAE3F4DE4B3C47E260E4E0D22D1 /* Cocoa.framework in Frameworks */ = {isa = PBXBuildFile; fileRef = CD13A92A5C7D0A2028A0CCC2B86821E2 /* Cocoa.framework */; };
		E1500D8EBA18A0BC017ECF757B984B6D /* PicardFoundationTests.swift in Sources */ = {isa = PBXBuildFile; fileRef = 1B2FB30B7A0239EF8A6B5D1AB0715DF8 /* PicardFoundationTests.swift */; };
		E806D37CCE94349E2B26DB91F829B076 /* PicardCoverArt in Frameworks */ = {isa = PBXBuildFile; productRef = 32CC45EFBB673B9DEFEE04C8B1D1FBE3 /* PicardCoverArt */; };
		F057C4299BDEBDF6432D77B6A3AAAB80 /* PlaybackController.swift in Sources */ = {isa = PBXBuildFile; fileRef = 21CCC2122CB761100C965D5D8CF62331 /* PlaybackController.swift */; };
		F2D3FE41A94608649DE4BBD49F6F4C50 /* MetadataEditing.swift in Sources */ = {isa = PBXBuildFile; fileRef = A1D8F05F5E1F1384FE9F0017E656394B /* MetadataEditing.swift */; };
		F481E0EC93CC6216F6F16A87AEBE71DC /* MatchReviewViews.swift in Sources */ = {isa = PBXBuildFile; fileRef = 467EF08665637675B8941FC41367E7A3 /* MatchReviewViews.swift */; };
		F9B5BFED0CAB01B9EB0359AB354D653F /* PicardFormats in Frameworks */ = {isa = PBXBuildFile; productRef = 3DF5AAB707D9E3D178AF35E39C35C55C /* PicardFormats */; };
		FF83C501F282666B411C9BA9C7E606E0 /* OrganizationViews.swift in Sources */ = {isa = PBXBuildFile; fileRef = 66C0DF0E575CD59045ED46E2F150A2BA /* OrganizationViews.swift */; };
/* End PBXBuildFile section */

/* Begin PBXContainerItemProxy section */
		E9E65A387EB4C4BAD9A55D6566090F48 /* PBXContainerItemProxy */ = {
			isa = PBXContainerItemProxy;
			containerPortal = 5F166D669F1CB516D326FABFC8D8735F /* Project object */;
			proxyType = 1;
			remoteGlobalIDString = E7703AA1FE1A7825C3EAF49821F5F87C;
			remoteInfo = MacPicard;
		};
/* End PBXContainerItemProxy section */

/* Begin PBXFileReference section */
		03C7B0078B480EF9EA3A952C1D5D671E /* IMPROVEMENT_PLAN.md */ = {isa = PBXFileReference; includeInIndex = 1; path = IMPROVEMENT_PLAN.md; sourceTree = "<group>"; };
		0D6AE420DD2E7F755E0248801CB6CE7C /* SettingsView.swift */ = {isa = PBXFileReference; includeInIndex = 1; lastKnownFileType = sourcecode.swift; path = SettingsView.swift; sourceTree = "<group>"; };
		0E6E27185F2B279EEA84740C22F4D73E /* MetadataEditorView.swift */ = {isa = PBXFileReference; includeInIndex = 1; lastKnownFileType = sourcecode.swift; path = MetadataEditorView.swift; sourceTree = "<group>"; };
		0F3D5BF05D6BD6C531CB7DB20CD8CD10 /* MusicBrainzTests.swift */ = {isa = PBXFileReference; includeInIndex = 1; lastKnownFileType = sourcecode.swift; path = MusicBrainzTests.swift; sourceTree = "<group>"; };
		11909FA209F3FF4F4DD229AEB20330B1 /* MacPicardViews.swift */ = {isa = PBXFileReference; includeInIndex = 1; lastKnownFileType = sourcecode.swift; path = MacPicardViews.swift; sourceTree = "<group>"; };
		153C3178ECF3E3FDA4AD14B64B270A5E /* WorkspaceTests.swift */ = {isa = PBXFileReference; includeInIndex = 1; lastKnownFileType = sourcecode.swift; path = WorkspaceTests.swift; sourceTree = "<group>"; };
		1B2FB30B7A0239EF8A6B5D1AB0715DF8 /* PicardFoundationTests.swift */ = {isa = PBXFileReference; includeInIndex = 1; lastKnownFileType = sourcecode.swift; path = PicardFoundationTests.swift; sourceTree = "<group>"; };
		1C51581E0AA18922112EDF0D44493F7E /* RELEASE_CHECKLIST.md */ = {isa = PBXFileReference; includeInIndex = 1; path = RELEASE_CHECKLIST.md; sourceTree = "<group>"; };
		1DFAD0E52C4B08214124CD938CD0B976 /* MacPicardTests.xctest */ = {isa = PBXFileReference; explicitFileType = wrapper.cfbundle; includeInIndex = 0; path = MacPicardTests.xctest; sourceTree = BUILT_PRODUCTS_DIR; };
		2148ECD8F591DFC92A7E72A3E454A3D2 /* AppIcon.png */ = {isa = PBXFileReference; includeInIndex = 1; lastKnownFileType = image.png; path = AppIcon.png; sourceTree = "<group>"; };
		21CCC2122CB761100C965D5D8CF62331 /* PlaybackController.swift */ = {isa = PBXFileReference; includeInIndex = 1; lastKnownFileType = sourcecode.swift; path = PlaybackController.swift; sourceTree = "<group>"; };
		27085193CA7E6AFC59FB2B65E651DEEB /* LibraryManagementTests.swift */ = {isa = PBXFileReference; includeInIndex = 1; lastKnownFileType = sourcecode.swift; path = LibraryManagementTests.swift; sourceTree = "<group>"; };
		2855F77F4241F2814A09CE8AC4DB316E /* API_AUDIT.md */ = {isa = PBXFileReference; includeInIndex = 1; path = API_AUDIT.md; sourceTree = "<group>"; };
		28AC1B673A65B1163A0905E6FD8CA9C3 /* IMPROVEMENT_PROGRESS.md */ = {isa = PBXFileReference; includeInIndex = 1; path = IMPROVEMENT_PROGRESS.md; sourceTree = "<group>"; };
		33AEA00C83310744A15139B9F7146ED5 /* RegroupView.swift */ = {isa = PBXFileReference; includeInIndex = 1; lastKnownFileType = sourcecode.swift; path = RegroupView.swift; sourceTree = "<group>"; };
		3A071E976D24A5F149839386303941B6 /* ScriptEngineTests.swift */ = {isa = PBXFileReference; includeInIndex = 1; lastKnownFileType = sourcecode.swift; path = ScriptEngineTests.swift; sourceTree = "<group>"; };
		3DD6ED74BB3BF56CDA59DD5896715CF8 /* PicardFingerprintTests.xctest */ = {isa = PBXFileReference; explicitFileType = wrapper.cfbundle; includeInIndex = 0; path = PicardFingerprintTests.xctest; sourceTree = BUILT_PRODUCTS_DIR; };
		3EB8FB714164D1356C9CE4AEA8DC7E94 /* WorkspaceCommands.swift */ = {isa = PBXFileReference; includeInIndex = 1; lastKnownFileType = sourcecode.swift; path = WorkspaceCommands.swift; sourceTree = "<group>"; };
		42FC47F151F9E0E8407F830BDA773F53 /* HardeningTests.swift */ = {isa = PBXFileReference; includeInIndex = 1; lastKnownFileType = sourcecode.swift; path = HardeningTests.swift; sourceTree = "<group>"; };
		467EF08665637675B8941FC41367E7A3 /* MatchReviewViews.swift */ = {isa = PBXFileReference; includeInIndex = 1; lastKnownFileType = sourcecode.swift; path = MatchReviewViews.swift; sourceTree = "<group>"; };
		4BEFA045B0E9396F272C37A267172984 /* PicardCoverArtTests.xctest */ = {isa = PBXFileReference; explicitFileType = wrapper.cfbundle; includeInIndex = 0; path = PicardCoverArtTests.xctest; sourceTree = BUILT_PRODUCTS_DIR; };
		4C767C170B543EB827E82FF3187BE7C2 /* build-app-icon.sh */ = {isa = PBXFileReference; includeInIndex = 1; lastKnownFileType = text.script.sh; path = "build-app-icon.sh"; sourceTree = "<group>"; };
		4DF711D7F1757B5ADE1AF83CBDDF6919 /* OrganizationModel.swift */ = {isa = PBXFileReference; includeInIndex = 1; lastKnownFileType = sourcecode.swift; path = OrganizationModel.swift; sourceTree = "<group>"; };
		50189300002BE2E768A6F12F9DEF1D75 /* OrganizationReviewTests.swift */ = {isa = PBXFileReference; includeInIndex = 1; lastKnownFileType = sourcecode.swift; path = OrganizationReviewTests.swift; sourceTree = "<group>"; };
		529AC104D6FCCA194E1D81CE41C3CFD4 /* LibraryBrowser.swift */ = {isa = PBXFileReference; includeInIndex = 1; lastKnownFileType = sourcecode.swift; path = LibraryBrowser.swift; sourceTree = "<group>"; };
		53FFEFF5FBEAC7FC6AD14531CA2E5E91 /* MacPicardCommands.swift */ = {isa = PBXFileReference; includeInIndex = 1; lastKnownFileType = sourcecode.swift; path = MacPicardCommands.swift; sourceTree = "<group>"; };
		562BE73B74E42F3F458A3098141B764D /* PicardFoundationTests.xctest */ = {isa = PBXFileReference; explicitFileType = wrapper.cfbundle; includeInIndex = 0; path = PicardFoundationTests.xctest; sourceTree = BUILT_PRODUCTS_DIR; };
		56FA7B7A10B221889FF3DE381CBA7E6E /* CollectionWorkspace.swift */ = {isa = PBXFileReference; includeInIndex = 1; lastKnownFileType = sourcecode.swift; path = CollectionWorkspace.swift; sourceTree = "<group>"; };
		59B7698B9EF6E0D46996661963205451 /* PlaybackViews.swift */ = {isa = PBXFileReference; includeInIndex = 1; lastKnownFileType = sourcecode.swift; path = PlaybackViews.swift; sourceTree = "<group>"; };
		5E5C542EC6000AA63392531BDA4BDBB8 /* MacPicardApp.swift */ = {isa = PBXFileReference; includeInIndex = 1; lastKnownFileType = sourcecode.swift; path = MacPicardApp.swift; sourceTree = "<group>"; };
		61FCE248F7068FA57B07B04BDC87DD51 /* PlaybackTests.swift */ = {isa = PBXFileReference; includeInIndex = 1; lastKnownFileType = sourcecode.swift; path = PlaybackTests.swift; sourceTree = "<group>"; };
		623B1972FE49742829FE82CB795B87DD /* Info.plist */ = {isa = PBXFileReference; includeInIndex = 1; lastKnownFileType = text.plist.xml; path = Info.plist; sourceTree = "<group>"; };
		66C0DF0E575CD59045ED46E2F150A2BA /* OrganizationViews.swift */ = {isa = PBXFileReference; includeInIndex = 1; lastKnownFileType = sourcecode.swift; path = OrganizationViews.swift; sourceTree = "<group>"; };
		672C54C9AFA944DA79B9FD24564E97C5 /* README.md */ = {isa = PBXFileReference; includeInIndex = 1; path = README.md; sourceTree = "<group>"; };
		69682B14729D730EEBA63FE60933D380 /* FormatEngineTests.swift */ = {isa = PBXFileReference; includeInIndex = 1; lastKnownFileType = sourcecode.swift; path = FormatEngineTests.swift; sourceTree = "<group>"; };
		6EFF8DFB2C5C6E24F05FFC42FC95C594 /* LibraryActions.swift */ = {isa = PBXFileReference; includeInIndex = 1; lastKnownFileType = sourcecode.swift; path = LibraryActions.swift; sourceTree = "<group>"; };
		725FBB006053931ED4B675D2EBEE3428 /* SettingsModelTests.swift */ = {isa = PBXFileReference; includeInIndex = 1; lastKnownFileType = sourcecode.swift; path = SettingsModelTests.swift; sourceTree = "<group>"; };
		78C4D0B016B4F0BE972C23EEC76EA277 /* EditReviewTests.swift */ = {isa = PBXFileReference; includeInIndex = 1; lastKnownFileType = sourcecode.swift; path = EditReviewTests.swift; sourceTree = "<group>"; };
		7D703FF477F79F4F2ECE975BF84CB570 /* MatchingWorkspaceTests.swift */ = {isa = PBXFileReference; includeInIndex = 1; lastKnownFileType = sourcecode.swift; path = MatchingWorkspaceTests.swift; sourceTree = "<group>"; };
		88F7954E31611E63A87A2CE1AC67FAC0 /* HardeningTests.swift */ = {isa = PBXFileReference; includeInIndex = 1; lastKnownFileType = sourcecode.swift; path = HardeningTests.swift; sourceTree = "<group>"; };
		8BEEF27DB985536BCB8D899F3C4B5D27 /* PicardMusicBrainzTests.xctest */ = {isa = PBXFileReference; explicitFileType = wrapper.cfbundle; includeInIndex = 0; path = PicardMusicBrainzTests.xctest; sourceTree = BUILT_PRODUCTS_DIR; };
		8F07598D31E10260A0D0C9614A7F588A /* HardeningTests.swift */ = {isa = PBXFileReference; includeInIndex = 1; lastKnownFileType = sourcecode.swift; path = HardeningTests.swift; sourceTree = "<group>"; };
		9672EE2F21721FEDD85F35AC20B9CC01 /* WorkspaceModel.swift */ = {isa = PBXFileReference; includeInIndex = 1; lastKnownFileType = sourcecode.swift; path = WorkspaceModel.swift; sourceTree = "<group>"; };
		A0C3D14DB2A2655C7F93A5A3F2E9A2DC /* SettingsModel.swift */ = {isa = PBXFileReference; includeInIndex = 1; lastKnownFileType = sourcecode.swift; path = SettingsModel.swift; sourceTree = "<group>"; };
		A1D8F05F5E1F1384FE9F0017E656394B /* MetadataEditing.swift */ = {isa = PBXFileReference; includeInIndex = 1; lastKnownFileType = sourcecode.swift; path = MetadataEditing.swift; sourceTree = "<group>"; };
		A58D344D796840C764176116DCB66012 /* PicardFormatsTests.xctest */ = {isa = PBXFileReference; explicitFileType = wrapper.cfbundle; includeInIndex = 0; path = PicardFormatsTests.xctest; sourceTree = BUILT_PRODUCTS_DIR; };
		AA10A183C793850F55FDDCAAF78F1781 /* LibraryImportTests.swift */ = {isa = PBXFileReference; includeInIndex = 1; lastKnownFileType = sourcecode.swift; path = LibraryImportTests.swift; sourceTree = "<group>"; };
		B0F41A00DDBB037A84BDFCF9E4F47D5F /* MatchReviewTests.swift */ = {isa = PBXFileReference; includeInIndex = 1; lastKnownFileType = sourcecode.swift; path = MatchReviewTests.swift; sourceTree = "<group>"; };
		B1A5E3CC899DBF41ED9B0278928D9511 /* LOCALIZATION.md */ = {isa = PBXFileReference; includeInIndex = 1; path = LOCALIZATION.md; sourceTree = "<group>"; };
		B2E6A08FEE149AC55F708BA27F708DE0 /* en */ = {isa = PBXFileReference; includeInIndex = 1; lastKnownFileType = text.plist.strings; name = en; path = en.lproj/Localizable.strings; sourceTree = "<group>"; };
		B32D0DB2B7039391D540F7A39F39507E /* generate-xcode-project.rb */ = {isa = PBXFileReference; includeInIndex = 1; path = "generate-xcode-project.rb"; sourceTree = "<group>"; };
		B8EB2753F1482315F780B95A48695A82 /* APIRequestPolicyTests.swift */ = {isa = PBXFileReference; includeInIndex = 1; lastKnownFileType = sourcecode.swift; path = APIRequestPolicyTests.swift; sourceTree = "<group>"; };
		C2971F2955D01499F89C439337B45B2E /* CollectionWorkspaceTests.swift */ = {isa = PBXFileReference; includeInIndex = 1; lastKnownFileType = sourcecode.swift; path = CollectionWorkspaceTests.swift; sourceTree = "<group>"; };
		C38E20243C7748148A4656F122B45F39 /* MacPicard.app */ = {isa = PBXFileReference; explicitFileType = wrapper.application; includeInIndex = 0; path = MacPicard.app; sourceTree = BUILT_PRODUCTS_DIR; };
		C7C27FAFC5F153E5D7FD6685C864B850 /* TrackActions.swift */ = {isa = PBXFileReference; includeInIndex = 1; lastKnownFileType = sourcecode.swift; path = TrackActions.swift; sourceTree = "<group>"; };
		CB2AD07E4171380CCCB734D57AC864B6 /* LibraryMatchView.swift */ = {isa = PBXFileReference; includeInIndex = 1; lastKnownFileType = sourcecode.swift; path = LibraryMatchView.swift; sourceTree = "<group>"; };
		CC927C0FCD127AA879174B82748E968B /* OrganizationModelTests.swift */ = {isa = PBXFileReference; includeInIndex = 1; lastKnownFileType = sourcecode.swift; path = OrganizationModelTests.swift; sourceTree = "<group>"; };
		CD03A0AAB74E073F9CAED1B84CAF0BE7 /* .gitignore */ = {isa = PBXFileReference; includeInIndex = 1; path = .gitignore; sourceTree = "<group>"; };
		CD13A92A5C7D0A2028A0CCC2B86821E2 /* Cocoa.framework */ = {isa = PBXFileReference; lastKnownFileType = wrapper.framework; name = Cocoa.framework; path = System/Library/Frameworks/Cocoa.framework; sourceTree = SDKROOT; };
		D2152BE345B9DE6114FD44B4570B1159 /* ACCESSIBILITY_AUDIT.md */ = {isa = PBXFileReference; includeInIndex = 1; path = ACCESSIBILITY_AUDIT.md; sourceTree = "<group>"; };
		D58E96BE56FA72D5A86E8B9B6A0F7734 /* PersistenceTests.swift */ = {isa = PBXFileReference; includeInIndex = 1; lastKnownFileType = sourcecode.swift; path = PersistenceTests.swift; sourceTree = "<group>"; };
		E0EA81BBF881AB359E8586DBF38D7275 /* BrowserTests.swift */ = {isa = PBXFileReference; includeInIndex = 1; lastKnownFileType = sourcecode.swift; path = BrowserTests.swift; sourceTree = "<group>"; };
		E2075E8F4FD3A1A9EC5B50A7F09B8BF6 /* PicardSessionsTests.xctest */ = {isa = PBXFileReference; explicitFileType = wrapper.cfbundle; includeInIndex = 0; path = PicardSessionsTests.xctest; sourceTree = BUILT_PRODUCTS_DIR; };
		E31FF9CAA4A792AB4DFF0D511689D519 /* package-macpicard.sh */ = {isa = PBXFileReference; includeInIndex = 1; lastKnownFileType = text.script.sh; path = "package-macpicard.sh"; sourceTree = "<group>"; };
		ED76985E0CFFA28485D49177837EB182 /* PreferencesTests.swift */ = {isa = PBXFileReference; includeInIndex = 1; lastKnownFileType = sourcecode.swift; path = PreferencesTests.swift; sourceTree = "<group>"; };
		F053191F5EE72F417D4C0A4A1D3DD013 /* MatchingWorkspace.swift */ = {isa = PBXFileReference; includeInIndex = 1; lastKnownFileType = sourcecode.swift; path = MatchingWorkspace.swift; sourceTree = "<group>"; };
		F581CA54A20D2FFA0D13545EC6252187 /* Package.swift */ = {isa = PBXFileReference; includeInIndex = 1; lastKnownFileType = sourcecode.swift; path = Package.swift; sourceTree = "<group>"; };
		F66C38E963968E57470C5B108E71919B /* AppModel.swift */ = {isa = PBXFileReference; includeInIndex = 1; lastKnownFileType = sourcecode.swift; path = AppModel.swift; sourceTree = "<group>"; };
		F7E802DB27126A5EA31F6B4E9EBCF275 /* FingerprintTests.swift */ = {isa = PBXFileReference; includeInIndex = 1; lastKnownFileType = sourcecode.swift; path = FingerprintTests.swift; sourceTree = "<group>"; };
		F920ACBCC1E5C124641415A34D5EDCB9 /* PicardScriptsTests.xctest */ = {isa = PBXFileReference; explicitFileType = wrapper.cfbundle; includeInIndex = 0; path = PicardScriptsTests.xctest; sourceTree = BUILT_PRODUCTS_DIR; };
		FFB08B19C7607178A660FBEA1B030467 /* CoverArtTests.swift */ = {isa = PBXFileReference; includeInIndex = 1; lastKnownFileType = sourcecode.swift; path = CoverArtTests.swift; sourceTree = "<group>"; };
/* End PBXFileReference section */

/* Begin PBXFrameworksBuildPhase section */
		07EC9B5755AF9C5C3EC68064BBC86548 /* Frameworks */ = {
			isa = PBXFrameworksBuildPhase;
			buildActionMask = 2147483647;
			files = (
				493B17CBED7BE5547F576AAC5F54886C /* Cocoa.framework in Frameworks */,
				64F1BC5CCF680998A16B2E9DB4F7282A /* PicardFingerprint in Frameworks */,
				D3034668D9792D40151050B03AB18213 /* PicardMusicBrainz in Frameworks */,
			);
			runOnlyForDeploymentPostprocessing = 0;
		};
		1A4779D150316B61B42DB31E684D9B58 /* Frameworks */ = {
			isa = PBXFrameworksBuildPhase;
			buildActionMask = 2147483647;
			files = (
				1DFC2E65F5351E6B120C05A4C9EC56FC /* Cocoa.framework in Frameworks */,
				5430CEC4C6B6F5EF673E85189352056E /* PicardFoundation in Frameworks */,
			);
			runOnlyForDeploymentPostprocessing = 0;
		};
		45CBF70724E513E47F0A9A3F279DC742 /* Frameworks */ = {
			isa = PBXFrameworksBuildPhase;
			buildActionMask = 2147483647;
			files = (
				D75F6195DBC7181C64FD6DA9F169E5FC /* Cocoa.framework in Frameworks */,
			);
			runOnlyForDeploymentPostprocessing = 0;
		};
		51319F3696CD52BC2B55A01891AE5695 /* Frameworks */ = {
			isa = PBXFrameworksBuildPhase;
			buildActionMask = 2147483647;
			files = (
				9AF5483B083857E802B4FD1F9AEF8925 /* Cocoa.framework in Frameworks */,
				B6A94192B7CAE9DFA648EAA3FF373A5E /* PicardFoundation in Frameworks */,
				97E93A04DEC5F858E9023E81CF3997B6 /* PicardMusicBrainz in Frameworks */,
			);
			runOnlyForDeploymentPostprocessing = 0;
		};
		ABFBD9FB97E483781844DA9D01AEF478 /* Frameworks */ = {
			isa = PBXFrameworksBuildPhase;
			buildActionMask = 2147483647;
			files = (
				951D2EE8F2CB416309E9CF4535A81371 /* Cocoa.framework in Frameworks */,
				A77D17A5BD6F61FF76CBF790876F8F74 /* PicardFormats in Frameworks */,
			);
			runOnlyForDeploymentPostprocessing = 0;
		};
		ADE2E6B0CCDA26FB0928E4CA17052AC4 /* Frameworks */ = {
			isa = PBXFrameworksBuildPhase;
			buildActionMask = 2147483647;
			files = (
				0BD2F15A1E82FE65731EC05BDD0FC984 /* Cocoa.framework in Frameworks */,
				83579A152563A3219FDDF095086384A1 /* PicardFoundation in Frameworks */,
				6B5D0774EC7FC305BA392F71B999A279 /* PicardScripts in Frameworks */,
			);
			runOnlyForDeploymentPostprocessing = 0;
		};
		B8F3547983F9FD51463CC2CD90F6F099 /* Frameworks */ = {
			isa = PBXFrameworksBuildPhase;
			buildActionMask = 2147483647;
			files = (
				A2730CA24BF2999D210B4C91AD39F26B /* Cocoa.framework in Frameworks */,
				BCDD5400273B6607E6DB30B75988E26E /* PicardFormats in Frameworks */,
				34B6C2369CA184D287A1C6E3D52AF2B7 /* PicardFoundation in Frameworks */,
				5A9DC8547B246BEC9E3203A497E75FBA /* PicardSessions in Frameworks */,
			);
			runOnlyForDeploymentPostprocessing = 0;
		};
		E53AE65B77E220F16964BFBBC84C02F6 /* Frameworks */ = {
			isa = PBXFrameworksBuildPhase;
			buildActionMask = 2147483647;
			files = (
				E0903FAE3F4DE4B3C47E260E4E0D22D1 /* Cocoa.framework in Frameworks */,
				E806D37CCE94349E2B26DB91F829B076 /* PicardCoverArt in Frameworks */,
				8AE910B94B8BB5557B1790EA666EB741 /* PicardFoundation in Frameworks */,
			);
			runOnlyForDeploymentPostprocessing = 0;
		};
		EFD75E52CC2CB3A0F7B12028EF240416 /* Frameworks */ = {
			isa = PBXFrameworksBuildPhase;
			buildActionMask = 2147483647;
			files = (
				B01576BB8DE3B8AD5561ABB45A39AD7E /* Cocoa.framework in Frameworks */,
				10E1AD0A05F38AA41A17DB79847B1871 /* PicardCoverArt in Frameworks */,
				9276BE2E248CC0F137830E5645966902 /* PicardFingerprint in Frameworks */,
				F9B5BFED0CAB01B9EB0359AB354D653F /* PicardFormats in Frameworks */,
				2E70B3144AA9B79998C5BA051560F237 /* PicardFoundation in Frameworks */,
				550919650CD28B33142BBA69EF9A4455 /* PicardMusicBrainz in Frameworks */,
				1DFAA0391762805E14C0879C1FDA5E19 /* PicardScripts in Frameworks */,
				6BA0718D23787505227A0EA985269A46 /* PicardSessions in Frameworks */,
			);
			runOnlyForDeploymentPostprocessing = 0;
		};
/* End PBXFrameworksBuildPhase section */

/* Begin PBXGroup section */
		118282D375647939F2A9170C39F751D4 /* PicardFormatsTests */ = {
			isa = PBXGroup;
			children = (
				69682B14729D730EEBA63FE60933D380 /* FormatEngineTests.swift */,
				42FC47F151F9E0E8407F830BDA773F53 /* HardeningTests.swift */,
			);
			name = PicardFormatsTests;
			path = PicardFormatsTests;
			sourceTree = "<group>";
		};
		172CDA2B6F77005A510016FAC0CBC558 /* Resources */ = {
			isa = PBXGroup;
			children = (
				623B1972FE49742829FE82CB795B87DD /* Info.plist */,
				2148ECD8F591DFC92A7E72A3E454A3D2 /* AppIcon.png */,
				BA9C3B8218396061DC1D71E65A443E65 /* Localizable.strings */,
			);
			name = Resources;
			path = Resources;
			sourceTree = "<group>";
		};
		2A607DF777D72343A8D599407F2C19E4 /* PicardScriptsTests */ = {
			isa = PBXGroup;
			children = (
				88F7954E31611E63A87A2CE1AC67FAC0 /* HardeningTests.swift */,
				3A071E976D24A5F149839386303941B6 /* ScriptEngineTests.swift */,
			);
			name = PicardScriptsTests;
			path = PicardScriptsTests;
			sourceTree = "<group>";
		};
		5ADCCC9DD86773A5A24D9679C8036CEA /* Documentation */ = {
			isa = PBXGroup;
			children = (
				D2152BE345B9DE6114FD44B4570B1159 /* ACCESSIBILITY_AUDIT.md */,
				2855F77F4241F2814A09CE8AC4DB316E /* API_AUDIT.md */,
				03C7B0078B480EF9EA3A952C1D5D671E /* IMPROVEMENT_PLAN.md */,
				28AC1B673A65B1163A0905E6FD8CA9C3 /* IMPROVEMENT_PROGRESS.md */,
				B1A5E3CC899DBF41ED9B0278928D9511 /* LOCALIZATION.md */,
				1C51581E0AA18922112EDF0D44493F7E /* RELEASE_CHECKLIST.md */,
			);
			name = Documentation;
			path = docs;
			sourceTree = "<group>";
		};
		5BFE02B58C039C2A785D144D7CA90F80 = {
			isa = PBXGroup;
			children = (
				CDBECF55CABF1A6F2F2605BB89759EB5 /* Products */,
				F4E3C7FF58C6EE81514FF3551F3F1A29 /* Frameworks */,
				DABD2281F60B3554EF8E1D6505C603BB /* Packages */,
				672C54C9AFA944DA79B9FD24564E97C5 /* README.md */,
				CD03A0AAB74E073F9CAED1B84CAF0BE7 /* .gitignore */,
				7B5AEB585639BBC8DD1DC6457F9E5106 /* Scripts */,
				5ADCCC9DD86773A5A24D9679C8036CEA /* Documentation */,
				9EC9B88226F9E6670FFA1250F43A050D /* MacPicard */,
				7DEDADC34570127D17AFC8798163BFF9 /* Tests */,
			);
			sourceTree = "<group>";
		};
		62CEEFC25DFF9785A71431712998D035 /* OS X */ = {
			isa = PBXGroup;
			children = (
				CD13A92A5C7D0A2028A0CCC2B86821E2 /* Cocoa.framework */,
			);
			name = "OS X";
			sourceTree = "<group>";
		};
		67E7635F86666218B387E9AE9D31F332 /* PicardSessionsTests */ = {
			isa = PBXGroup;
			children = (
				AA10A183C793850F55FDDCAAF78F1781 /* LibraryImportTests.swift */,
				50189300002BE2E768A6F12F9DEF1D75 /* OrganizationReviewTests.swift */,
				D58E96BE56FA72D5A86E8B9B6A0F7734 /* PersistenceTests.swift */,
				153C3178ECF3E3FDA4AD14B64B270A5E /* WorkspaceTests.swift */,
			);
			name = PicardSessionsTests;
			path = PicardSessionsTests;
			sourceTree = "<group>";
		};
		7B5AEB585639BBC8DD1DC6457F9E5106 /* Scripts */ = {
			isa = PBXGroup;
			children = (
				4C767C170B543EB827E82FF3187BE7C2 /* build-app-icon.sh */,
				B32D0DB2B7039391D540F7A39F39507E /* generate-xcode-project.rb */,
				E31FF9CAA4A792AB4DFF0D511689D519 /* package-macpicard.sh */,
			);
			name = Scripts;
			path = Scripts;
			sourceTree = "<group>";
		};
		7D8B44D65330A46485A4148481A743C9 /* PicardFingerprintTests */ = {
			isa = PBXGroup;
			children = (
				F7E802DB27126A5EA31F6B4E9EBCF275 /* FingerprintTests.swift */,
			);
			name = PicardFingerprintTests;
			path = PicardFingerprintTests;
			sourceTree = "<group>";
		};
		7DEDADC34570127D17AFC8798163BFF9 /* Tests */ = {
			isa = PBXGroup;
			children = (
				E6FC006183114787400C23D05E5B3D5A /* MacPicardTests */,
				7F53827729E8688412FA890B11280DE5 /* PicardCoverArtTests */,
				7D8B44D65330A46485A4148481A743C9 /* PicardFingerprintTests */,
				118282D375647939F2A9170C39F751D4 /* PicardFormatsTests */,
				A473BA7616D27707C74673A6CDA2818C /* PicardFoundationTests */,
				AADF2C9883715EBDB181443CAB95A116 /* PicardMusicBrainzTests */,
				2A607DF777D72343A8D599407F2C19E4 /* PicardScriptsTests */,
				67E7635F86666218B387E9AE9D31F332 /* PicardSessionsTests */,
			);
			name = Tests;
			path = Tests;
			sourceTree = "<group>";
		};
		7F53827729E8688412FA890B11280DE5 /* PicardCoverArtTests */ = {
			isa = PBXGroup;
			children = (
				FFB08B19C7607178A660FBEA1B030467 /* CoverArtTests.swift */,
			);
			name = PicardCoverArtTests;
			path = PicardCoverArtTests;
			sourceTree = "<group>";
		};
		9EC9B88226F9E6670FFA1250F43A050D /* MacPicard */ = {
			isa = PBXGroup;
			children = (
				F66C38E963968E57470C5B108E71919B /* AppModel.swift */,
				56FA7B7A10B221889FF3DE381CBA7E6E /* CollectionWorkspace.swift */,
				6EFF8DFB2C5C6E24F05FFC42FC95C594 /* LibraryActions.swift */,
				529AC104D6FCCA194E1D81CE41C3CFD4 /* LibraryBrowser.swift */,
				CB2AD07E4171380CCCB734D57AC864B6 /* LibraryMatchView.swift */,
				5E5C542EC6000AA63392531BDA4BDBB8 /* MacPicardApp.swift */,
				53FFEFF5FBEAC7FC6AD14531CA2E5E91 /* MacPicardCommands.swift */,
				11909FA209F3FF4F4DD229AEB20330B1 /* MacPicardViews.swift */,
				467EF08665637675B8941FC41367E7A3 /* MatchReviewViews.swift */,
				F053191F5EE72F417D4C0A4A1D3DD013 /* MatchingWorkspace.swift */,
				A1D8F05F5E1F1384FE9F0017E656394B /* MetadataEditing.swift */,
				0E6E27185F2B279EEA84740C22F4D73E /* MetadataEditorView.swift */,
				4DF711D7F1757B5ADE1AF83CBDDF6919 /* OrganizationModel.swift */,
				66C0DF0E575CD59045ED46E2F150A2BA /* OrganizationViews.swift */,
				21CCC2122CB761100C965D5D8CF62331 /* PlaybackController.swift */,
				59B7698B9EF6E0D46996661963205451 /* PlaybackViews.swift */,
				33AEA00C83310744A15139B9F7146ED5 /* RegroupView.swift */,
				A0C3D14DB2A2655C7F93A5A3F2E9A2DC /* SettingsModel.swift */,
				0D6AE420DD2E7F755E0248801CB6CE7C /* SettingsView.swift */,
				C7C27FAFC5F153E5D7FD6685C864B850 /* TrackActions.swift */,
				3EB8FB714164D1356C9CE4AEA8DC7E94 /* WorkspaceCommands.swift */,
				9672EE2F21721FEDD85F35AC20B9CC01 /* WorkspaceModel.swift */,
				172CDA2B6F77005A510016FAC0CBC558 /* Resources */,
			);
			name = MacPicard;
			path = Sources/MacPicard;
			sourceTree = "<group>";
		};
		A473BA7616D27707C74673A6CDA2818C /* PicardFoundationTests */ = {
			isa = PBXGroup;
			children = (
				B8EB2753F1482315F780B95A48695A82 /* APIRequestPolicyTests.swift */,
				8F07598D31E10260A0D0C9614A7F588A /* HardeningTests.swift */,
				1B2FB30B7A0239EF8A6B5D1AB0715DF8 /* PicardFoundationTests.swift */,
				ED76985E0CFFA28485D49177837EB182 /* PreferencesTests.swift */,
			);
			name = PicardFoundationTests;
			path = PicardFoundationTests;
			sourceTree = "<group>";
		};
		AADF2C9883715EBDB181443CAB95A116 /* PicardMusicBrainzTests */ = {
			isa = PBXGroup;
			children = (
				B0F41A00DDBB037A84BDFCF9E4F47D5F /* MatchReviewTests.swift */,
				0F3D5BF05D6BD6C531CB7DB20CD8CD10 /* MusicBrainzTests.swift */,
			);
			name = PicardMusicBrainzTests;
			path = PicardMusicBrainzTests;
			sourceTree = "<group>";
		};
		CDBECF55CABF1A6F2F2605BB89759EB5 /* Products */ = {
			isa = PBXGroup;
			children = (
				C38E20243C7748148A4656F122B45F39 /* MacPicard.app */,
				1DFAD0E52C4B08214124CD938CD0B976 /* MacPicardTests.xctest */,
				4BEFA045B0E9396F272C37A267172984 /* PicardCoverArtTests.xctest */,
				3DD6ED74BB3BF56CDA59DD5896715CF8 /* PicardFingerprintTests.xctest */,
				A58D344D796840C764176116DCB66012 /* PicardFormatsTests.xctest */,
				562BE73B74E42F3F458A3098141B764D /* PicardFoundationTests.xctest */,
				8BEEF27DB985536BCB8D899F3C4B5D27 /* PicardMusicBrainzTests.xctest */,
				F920ACBCC1E5C124641415A34D5EDCB9 /* PicardScriptsTests.xctest */,
				E2075E8F4FD3A1A9EC5B50A7F09B8BF6 /* PicardSessionsTests.xctest */,
			);
			name = Products;
			sourceTree = "<group>";
		};
		DABD2281F60B3554EF8E1D6505C603BB /* Packages */ = {
			isa = PBXGroup;
			children = (
				F581CA54A20D2FFA0D13545EC6252187 /* Package.swift */,
			);
			name = Packages;
			sourceTree = "<group>";
		};
		E6FC006183114787400C23D05E5B3D5A /* MacPicardTests */ = {
			isa = PBXGroup;
			children = (
				E0EA81BBF881AB359E8586DBF38D7275 /* BrowserTests.swift */,
				C2971F2955D01499F89C439337B45B2E /* CollectionWorkspaceTests.swift */,
				78C4D0B016B4F0BE972C23EEC76EA277 /* EditReviewTests.swift */,
				27085193CA7E6AFC59FB2B65E651DEEB /* LibraryManagementTests.swift */,
				7D703FF477F79F4F2ECE975BF84CB570 /* MatchingWorkspaceTests.swift */,
				CC927C0FCD127AA879174B82748E968B /* OrganizationModelTests.swift */,
				61FCE248F7068FA57B07B04BDC87DD51 /* PlaybackTests.swift */,
				725FBB006053931ED4B675D2EBEE3428 /* SettingsModelTests.swift */,
			);
			name = MacPicardTests;
			path = MacPicardTests;
			sourceTree = "<group>";
		};
		F4E3C7FF58C6EE81514FF3551F3F1A29 /* Frameworks */ = {
			isa = PBXGroup;
			children = (
				62CEEFC25DFF9785A71431712998D035 /* OS X */,
			);
			name = Frameworks;
			sourceTree = "<group>";
		};
/* End PBXGroup section */

/* Begin PBXNativeTarget section */
		1037B77207D850C59DB76818B8F4D4A8 /* MacPicardTests */ = {
			isa = PBXNativeTarget;
			buildConfigurationList = 1B340A7E11234B7F7C728CC6AE25E65B /* Build configuration list for PBXNativeTarget "MacPicardTests" */;
			buildPhases = (
				2FED9C1F331116E13555A271840B8960 /* Sources */,
				45CBF70724E513E47F0A9A3F279DC742 /* Frameworks */,
				FC820AE6708B6FF1059F10E55B9B4AEE /* Resources */,
			);
			buildRules = (
			);
			dependencies = (
				C76D88CD629D7418D723C1E47C301E25 /* PBXTargetDependency */,
			);
			name = MacPicardTests;
			productName = MacPicardTests;
			productReference = 1DFAD0E52C4B08214124CD938CD0B976 /* MacPicardTests.xctest */;
			productType = "com.apple.product-type.bundle.unit-test";
		};
		59967A50C0674E5793FD0CBE5895BBB1 /* PicardMusicBrainzTests */ = {
			isa = PBXNativeTarget;
			buildConfigurationList = 6B9B54882BC6F8738D717D6215DE31CA /* Build configuration list for PBXNativeTarget "PicardMusicBrainzTests" */;
			buildPhases = (
				00A293A22B651888E7BFF89692F0FC23 /* Sources */,
				51319F3696CD52BC2B55A01891AE5695 /* Frameworks */,
				C51A8046CD29975EB822C49828F471B6 /* Resources */,
			);
			buildRules = (
			);
			dependencies = (
			);
			name = PicardMusicBrainzTests;
			packageProductDependencies = (
				288CBF5874AACE7779E30B1DFB1EAB5B /* PicardFoundation */,
				8172878BDA6BEE37CF6E9F76AD432EE9 /* PicardMusicBrainz */,
			);
			productName = PicardMusicBrainzTests;
			productReference = 8BEEF27DB985536BCB8D899F3C4B5D27 /* PicardMusicBrainzTests.xctest */;
			productType = "com.apple.product-type.bundle.unit-test";
		};
		727C3F59A7783F8C92E23CBA237A5786 /* PicardSessionsTests */ = {
			isa = PBXNativeTarget;
			buildConfigurationList = 90F2DDB2B27DB4BECCBCC6951C1B83A0 /* Build configuration list for PBXNativeTarget "PicardSessionsTests" */;
			buildPhases = (
				B429A06BEE9F0ACB45D92018CD55D5EB /* Sources */,
				B8F3547983F9FD51463CC2CD90F6F099 /* Frameworks */,
				0A204AEE0948E66D1FF35E46D02ABEEC /* Resources */,
			);
			buildRules = (
			);
			dependencies = (
			);
			name = PicardSessionsTests;
			packageProductDependencies = (
				6AA0048AFEEF5DB8E6CE416914B4D2D1 /* PicardFormats */,
				464D82CD8AD41A45992E60047EB97644 /* PicardFoundation */,
				8E0C739EDF564B5DAB5EED71F1083285 /* PicardSessions */,
			);
			productName = PicardSessionsTests;
			productReference = E2075E8F4FD3A1A9EC5B50A7F09B8BF6 /* PicardSessionsTests.xctest */;
			productType = "com.apple.product-type.bundle.unit-test";
		};
		A81BFEC0091B7B48022A0BE13355AE94 /* PicardCoverArtTests */ = {
			isa = PBXNativeTarget;
			buildConfigurationList = A0575C55DE0C05C6E1C282595B39D9BB /* Build configuration list for PBXNativeTarget "PicardCoverArtTests" */;
			buildPhases = (
				3E48B8D8D1F0EF46E82478F289C16E5A /* Sources */,
				E53AE65B77E220F16964BFBBC84C02F6 /* Frameworks */,
				E234284268305D3921D71E02467BA671 /* Resources */,
			);
			buildRules = (
			);
			dependencies = (
			);
			name = PicardCoverArtTests;
			packageProductDependencies = (
				32CC45EFBB673B9DEFEE04C8B1D1FBE3 /* PicardCoverArt */,
				F316AA9196C5DA97B17A8F4A3EF5A9C7 /* PicardFoundation */,
			);
			productName = PicardCoverArtTests;
			productReference = 4BEFA045B0E9396F272C37A267172984 /* PicardCoverArtTests.xctest */;
			productType = "com.apple.product-type.bundle.unit-test";
		};
		C0E425DEA5C59BC86915BF6D50E9F857 /* PicardFingerprintTests */ = {
			isa = PBXNativeTarget;
			buildConfigurationList = CD012337FD762A885D147C7354A5C245 /* Build configuration list for PBXNativeTarget "PicardFingerprintTests" */;
			buildPhases = (
				66877476324905E86654241EBE90DD5B /* Sources */,
				07EC9B5755AF9C5C3EC68064BBC86548 /* Frameworks */,
				D336E97ECA10E53CC686C64D2B6D6527 /* Resources */,
			);
			buildRules = (
			);
			dependencies = (
			);
			name = PicardFingerprintTests;
			packageProductDependencies = (
				75345D0AEA87AE58A3196A87997AFB13 /* PicardFingerprint */,
				8D926A995DDDE26F0B3773AB0EE51BA7 /* PicardMusicBrainz */,
			);
			productName = PicardFingerprintTests;
			productReference = 3DD6ED74BB3BF56CDA59DD5896715CF8 /* PicardFingerprintTests.xctest */;
			productType = "com.apple.product-type.bundle.unit-test";
		};
		C89B894827F404662A841AFA0559600C /* PicardScriptsTests */ = {
			isa = PBXNativeTarget;
			buildConfigurationList = B1348E60753D9D29F9BEDEED175948CC /* Build configuration list for PBXNativeTarget "PicardScriptsTests" */;
			buildPhases = (
				59AB3EA0EACFB3061F860CDFB9609719 /* Sources */,
				ADE2E6B0CCDA26FB0928E4CA17052AC4 /* Frameworks */,
				3C1D36E2BDBDF04BC4CE7DFDB8D65E6D /* Resources */,
			);
			buildRules = (
			);
			dependencies = (
			);
			name = PicardScriptsTests;
			packageProductDependencies = (
				9BAB54C7D0DC927EF965414F0FB24232 /* PicardFoundation */,
				97EF2E67075023A199A4840534009B57 /* PicardScripts */,
			);
			productName = PicardScriptsTests;
			productReference = F920ACBCC1E5C124641415A34D5EDCB9 /* PicardScriptsTests.xctest */;
			productType = "com.apple.product-type.bundle.unit-test";
		};
		E7703AA1FE1A7825C3EAF49821F5F87C /* MacPicard */ = {
			isa = PBXNativeTarget;
			buildConfigurationList = 6489BE28B7C494B3FF037518ED597BAA /* Build configuration list for PBXNativeTarget "MacPicard" */;
			buildPhases = (
				F9CA4EE32470E07B6B6E9ED1115BEBD6 /* Sources */,
				EFD75E52CC2CB3A0F7B12028EF240416 /* Frameworks */,
				91D5B015690A54DB4C92ED81D753EDDF /* Resources */,
				4D15D510EB318C15077256E497508903 /* Build App Icon */,
			);
			buildRules = (
			);
			dependencies = (
			);
			name = MacPicard;
			packageProductDependencies = (
				3DABA4F4E94210520732974A0D97D4D9 /* PicardCoverArt */,
				F809EB080E6E9AF8E0F641179210102C /* PicardFingerprint */,
				3DF5AAB707D9E3D178AF35E39C35C55C /* PicardFormats */,
				18EC759E9467AAE78A90F18F7DE38F29 /* PicardFoundation */,
				9537465BF37EA434E13E0029600C8192 /* PicardMusicBrainz */,
				5F8EC2218CE3B0CC98DB1320DDD93767 /* PicardScripts */,
				E5B9BD33DBA3BF396789A0A458A94911 /* PicardSessions */,
			);
			productName = MacPicard;
			productReference = C38E20243C7748148A4656F122B45F39 /* MacPicard.app */;
			productType = "com.apple.product-type.application";
		};
		F681A01C2DFD3A88C27DF7FC7467AEE4 /* PicardFormatsTests */ = {
			isa = PBXNativeTarget;
			buildConfigurationList = 3053DDCDBCDA4B1887278FB978F173B4 /* Build configuration list for PBXNativeTarget "PicardFormatsTests" */;
			buildPhases = (
				488D99FEF3ABD5B793D555FAF90476B3 /* Sources */,
				ABFBD9FB97E483781844DA9D01AEF478 /* Frameworks */,
				71BB03D5F82A439479FF1A95F1329605 /* Resources */,
			);
			buildRules = (
			);
			dependencies = (
			);
			name = PicardFormatsTests;
			packageProductDependencies = (
				4A9845EB4A049BDF077BAA5D1A79C887 /* PicardFormats */,
			);
			productName = PicardFormatsTests;
			productReference = A58D344D796840C764176116DCB66012 /* PicardFormatsTests.xctest */;
			productType = "com.apple.product-type.bundle.unit-test";
		};
		FB924AE6206FE68D7E332FD8BE891EEE /* PicardFoundationTests */ = {
			isa = PBXNativeTarget;
			buildConfigurationList = B2C5D76ED72D72CE61FF7A8145ED4313 /* Build configuration list for PBXNativeTarget "PicardFoundationTests" */;
			buildPhases = (
				36C41D5B34FBFE20C6E450F0D3A7CBE0 /* Sources */,
				1A4779D150316B61B42DB31E684D9B58 /* Frameworks */,
				B68F41C6BA17D6666CF1009AE5120092 /* Resources */,
			);
			buildRules = (
			);
			dependencies = (
			);
			name = PicardFoundationTests;
			packageProductDependencies = (
				F13EE8BCF876C25F2083848F5D0C6515 /* PicardFoundation */,
			);
			productName = PicardFoundationTests;
			productReference = 562BE73B74E42F3F458A3098141B764D /* PicardFoundationTests.xctest */;
			productType = "com.apple.product-type.bundle.unit-test";
		};
/* End PBXNativeTarget section */

/* Begin PBXProject section */
		5F166D669F1CB516D326FABFC8D8735F /* Project object */ = {
			isa = PBXProject;
			attributes = {
				LastSwiftUpdateCheck = 2600;
				LastUpgradeCheck = 2600;
				TargetAttributes = {
					1037B77207D850C59DB76818B8F4D4A8 = {
						TestTargetID = E7703AA1FE1A7825C3EAF49821F5F87C;
					};
				};
			};
			buildConfigurationList = 2FFBE0316DCE2D3BD7DFD6945E2F82CD /* Build configuration list for PBXProject "MacPicard" */;
			compatibilityVersion = "Xcode 16.0";
			developmentRegion = en;
			hasScannedForEncodings = 0;
			knownRegions = (
				en,
				Base,
			);
			mainGroup = 5BFE02B58C039C2A785D144D7CA90F80;
			minimizedProjectReferenceProxies = 0;
			packageReferences = (
				AB0AF1FADBEFEB140091937E5BE11513 /* XCLocalSwiftPackageReference "." */,
			);
			preferredProjectObjectVersion = 77;
			productRefGroup = CDBECF55CABF1A6F2F2605BB89759EB5 /* Products */;
			projectDirPath = "";
			projectRoot = "";
			targets = (
				E7703AA1FE1A7825C3EAF49821F5F87C /* MacPicard */,
				1037B77207D850C59DB76818B8F4D4A8 /* MacPicardTests */,
				A81BFEC0091B7B48022A0BE13355AE94 /* PicardCoverArtTests */,
				C0E425DEA5C59BC86915BF6D50E9F857 /* PicardFingerprintTests */,
				F681A01C2DFD3A88C27DF7FC7467AEE4 /* PicardFormatsTests */,
				FB924AE6206FE68D7E332FD8BE891EEE /* PicardFoundationTests */,
				59967A50C0674E5793FD0CBE5895BBB1 /* PicardMusicBrainzTests */,
				C89B894827F404662A841AFA0559600C /* PicardScriptsTests */,
				727C3F59A7783F8C92E23CBA237A5786 /* PicardSessionsTests */,
			);
		};
/* End PBXProject section */

/* Begin PBXResourcesBuildPhase section */
		0A204AEE0948E66D1FF35E46D02ABEEC /* Resources */ = {
			isa = PBXResourcesBuildPhase;
			buildActionMask = 2147483647;
			files = (
			);
			runOnlyForDeploymentPostprocessing = 0;
		};
		3C1D36E2BDBDF04BC4CE7DFDB8D65E6D /* Resources */ = {
			isa = PBXResourcesBuildPhase;
			buildActionMask = 2147483647;
			files = (
			);
			runOnlyForDeploymentPostprocessing = 0;
		};
		71BB03D5F82A439479FF1A95F1329605 /* Resources */ = {
			isa = PBXResourcesBuildPhase;
			buildActionMask = 2147483647;
			files = (
			);
			runOnlyForDeploymentPostprocessing = 0;
		};
		91D5B015690A54DB4C92ED81D753EDDF /* Resources */ = {
			isa = PBXResourcesBuildPhase;
			buildActionMask = 2147483647;
			files = (
				0C9F9DA67007E27888AADD3B50CC6AB1 /* Localizable.strings in Resources */,
			);
			runOnlyForDeploymentPostprocessing = 0;
		};
		B68F41C6BA17D6666CF1009AE5120092 /* Resources */ = {
			isa = PBXResourcesBuildPhase;
			buildActionMask = 2147483647;
			files = (
			);
			runOnlyForDeploymentPostprocessing = 0;
		};
		C51A8046CD29975EB822C49828F471B6 /* Resources */ = {
			isa = PBXResourcesBuildPhase;
			buildActionMask = 2147483647;
			files = (
			);
			runOnlyForDeploymentPostprocessing = 0;
		};
		D336E97ECA10E53CC686C64D2B6D6527 /* Resources */ = {
			isa = PBXResourcesBuildPhase;
			buildActionMask = 2147483647;
			files = (
			);
			runOnlyForDeploymentPostprocessing = 0;
		};
		E234284268305D3921D71E02467BA671 /* Resources */ = {
			isa = PBXResourcesBuildPhase;
			buildActionMask = 2147483647;
			files = (
			);
			runOnlyForDeploymentPostprocessing = 0;
		};
		FC820AE6708B6FF1059F10E55B9B4AEE /* Resources */ = {
			isa = PBXResourcesBuildPhase;
			buildActionMask = 2147483647;
			files = (
			);
			runOnlyForDeploymentPostprocessing = 0;
		};
/* End PBXResourcesBuildPhase section */

/* Begin PBXShellScriptBuildPhase section */
		4D15D510EB318C15077256E497508903 /* Build App Icon */ = {
			isa = PBXShellScriptBuildPhase;
			buildActionMask = 2147483647;
			files = (
			);
			inputFileListPaths = (
			);
			inputPaths = (
				"$(SRCROOT)/Scripts/build-app-icon.sh",
				"$(SRCROOT)/Sources/MacPicard/Resources/AppIcon.png",
			);
			name = "Build App Icon";
			outputFileListPaths = (
			);
			outputPaths = (
				"$(TARGET_BUILD_DIR)/$(UNLOCALIZED_RESOURCES_FOLDER_PATH)/AppIcon.icns",
			);
			runOnlyForDeploymentPostprocessing = 0;
			shellPath = /bin/zsh;
			shellScript = "/bin/zsh \"${SRCROOT}/Scripts/build-app-icon.sh\" \"${SRCROOT}/Sources/MacPicard/Resources/AppIcon.png\" \"${TARGET_BUILD_DIR}/${UNLOCALIZED_RESOURCES_FOLDER_PATH}/AppIcon.icns\"";
		};
/* End PBXShellScriptBuildPhase section */

/* Begin PBXSourcesBuildPhase section */
		00A293A22B651888E7BFF89692F0FC23 /* Sources */ = {
			isa = PBXSourcesBuildPhase;
			buildActionMask = 2147483647;
			files = (
				19D07DC99602406C5EE4D139E647530A /* MatchReviewTests.swift in Sources */,
				733B75DCC65ABC0B1E7907CFB84C0086 /* MusicBrainzTests.swift in Sources */,
			);
			runOnlyForDeploymentPostprocessing = 0;
		};
		2FED9C1F331116E13555A271840B8960 /* Sources */ = {
			isa = PBXSourcesBuildPhase;
			buildActionMask = 2147483647;
			files = (
				7BFF81EBD7CCFA83C83430D1EB0116AD /* BrowserTests.swift in Sources */,
				6B7053034FA13651322B642775AE2C7B /* CollectionWorkspaceTests.swift in Sources */,
				543A1E0F1928D3B74E29022B4C909EDD /* EditReviewTests.swift in Sources */,
				890A6A4EB6C19D9044B43070159D219A /* LibraryManagementTests.swift in Sources */,
				47DA94982C3A90263E809686135F1CD4 /* MatchingWorkspaceTests.swift in Sources */,
				B6FD95C03F43249FE427BECE46407784 /* OrganizationModelTests.swift in Sources */,
				4BA4E091FDBF8A9653C0C6EC56433000 /* PlaybackTests.swift in Sources */,
				ACC25F49868C3C0FD35550A8F63ADE23 /* SettingsModelTests.swift in Sources */,
			);
			runOnlyForDeploymentPostprocessing = 0;
		};
		36C41D5B34FBFE20C6E450F0D3A7CBE0 /* Sources */ = {
			isa = PBXSourcesBuildPhase;
			buildActionMask = 2147483647;
			files = (
				B8FDBA1A4075B4E45EFD46D48B73B296 /* APIRequestPolicyTests.swift in Sources */,
				536AE8B2CAD0A810C4CD112DAE9FF4F6 /* HardeningTests.swift in Sources */,
				E1500D8EBA18A0BC017ECF757B984B6D /* PicardFoundationTests.swift in Sources */,
				50B1C74BBF537251DD38CFBE0FBB9FD9 /* PreferencesTests.swift in Sources */,
			);
			runOnlyForDeploymentPostprocessing = 0;
		};
		3E48B8D8D1F0EF46E82478F289C16E5A /* Sources */ = {
			isa = PBXSourcesBuildPhase;
			buildActionMask = 2147483647;
			files = (
				15D423BE6F5234E6086830A5F6F1BC25 /* CoverArtTests.swift in Sources */,
			);
			runOnlyForDeploymentPostprocessing = 0;
		};
		488D99FEF3ABD5B793D555FAF90476B3 /* Sources */ = {
			isa = PBXSourcesBuildPhase;
			buildActionMask = 2147483647;
			files = (
				DC20D306D49917D0C184271784718DAB /* FormatEngineTests.swift in Sources */,
				4E574E96561FDB9AEFC11B4FACA44813 /* HardeningTests.swift in Sources */,
			);
			runOnlyForDeploymentPostprocessing = 0;
		};
		59AB3EA0EACFB3061F860CDFB9609719 /* Sources */ = {
			isa = PBXSourcesBuildPhase;
			buildActionMask = 2147483647;
			files = (
				71A366A207EBF90603BC099351F56C0B /* HardeningTests.swift in Sources */,
				111C8D99D58D6F87419745BEE72FB2E2 /* ScriptEngineTests.swift in Sources */,
			);
			runOnlyForDeploymentPostprocessing = 0;
		};
		66877476324905E86654241EBE90DD5B /* Sources */ = {
			isa = PBXSourcesBuildPhase;
			buildActionMask = 2147483647;
			files = (
				48B99CC446439594DB45C9569672F6F2 /* FingerprintTests.swift in Sources */,
			);
			runOnlyForDeploymentPostprocessing = 0;
		};
		B429A06BEE9F0ACB45D92018CD55D5EB /* Sources */ = {
			isa = PBXSourcesBuildPhase;
			buildActionMask = 2147483647;
			files = (
				82FB37B4A2554431C121DD4B4C061CD8 /* LibraryImportTests.swift in Sources */,
				6006063F51F3D54D81C78E132927314C /* OrganizationReviewTests.swift in Sources */,
				2BCF325DE316C7A99E7FFAC459E075F5 /* PersistenceTests.swift in Sources */,
				67D42C49008ACCCD40566E82C2EA9AF5 /* WorkspaceTests.swift in Sources */,
			);
			runOnlyForDeploymentPostprocessing = 0;
		};
		F9CA4EE32470E07B6B6E9ED1115BEBD6 /* Sources */ = {
			isa = PBXSourcesBuildPhase;
			buildActionMask = 2147483647;
			files = (
				09E2601460B30A7D6244615B05733817 /* AppModel.swift in Sources */,
				1785CD7BF10790C42920D589328C9DAF /* CollectionWorkspace.swift in Sources */,
				174BCF492B89A1BD4A283958442D3A86 /* LibraryActions.swift in Sources */,
				B217245727025BB1761576B97379319C /* LibraryBrowser.swift in Sources */,
				7C4B4C380BC5B184E5ACC3EB6DE67D58 /* LibraryMatchView.swift in Sources */,
				612CAF954D6E7918DCF03D65D7C365EF /* MacPicardApp.swift in Sources */,
				961F04F2869D9DA9F46C0B4205A42068 /* MacPicardCommands.swift in Sources */,
				6D0856B243D4FBBCA0A8E1C430C1BBBB /* MacPicardViews.swift in Sources */,
				F481E0EC93CC6216F6F16A87AEBE71DC /* MatchReviewViews.swift in Sources */,
				4687C2DD9F52DD83BF5AAEFD1AFC5297 /* MatchingWorkspace.swift in Sources */,
				F2D3FE41A94608649DE4BBD49F6F4C50 /* MetadataEditing.swift in Sources */,
				922A8C3A9CF03632382153E1C376FC71 /* MetadataEditorView.swift in Sources */,
				CB2B484FC2ED4864AC1D925C88E80A3B /* OrganizationModel.swift in Sources */,
				FF83C501F282666B411C9BA9C7E606E0 /* OrganizationViews.swift in Sources */,
				F057C4299BDEBDF6432D77B6A3AAAB80 /* PlaybackController.swift in Sources */,
				1EAAC7B7CC606AA16C71AF6078591755 /* PlaybackViews.swift in Sources */,
				C990B6A4A52B550EC86EFCDB5191EA15 /* RegroupView.swift in Sources */,
				BA02FB261155C2FADD7EFA1388E1770B /* SettingsModel.swift in Sources */,
				CB8A750CBDC14631ECC305AD54A9713A /* SettingsView.swift in Sources */,
				CF0F80DC5D1FE9A14426E87C001E66B4 /* TrackActions.swift in Sources */,
				A618283A325FE6AE373F5E0A251DA1C8 /* WorkspaceCommands.swift in Sources */,
				A2F1795BC76867BA491BCE58D9AE2037 /* WorkspaceModel.swift in Sources */,
			);
			runOnlyForDeploymentPostprocessing = 0;
		};
/* End PBXSourcesBuildPhase section */

/* Begin PBXTargetDependency section */
		C76D88CD629D7418D723C1E47C301E25 /* PBXTargetDependency */ = {
			isa = PBXTargetDependency;
			name = MacPicard;
			target = E7703AA1FE1A7825C3EAF49821F5F87C /* MacPicard */;
			targetProxy = E9E65A387EB4C4BAD9A55D6566090F48 /* PBXContainerItemProxy */;
		};
/* End PBXTargetDependency section */

/* Begin PBXVariantGroup section */
		BA9C3B8218396061DC1D71E65A443E65 /* Localizable.strings */ = {
			isa = PBXVariantGroup;
			children = (
				B2E6A08FEE149AC55F708BA27F708DE0 /* en */,
			);
			name = Localizable.strings;
			sourceTree = "<group>";
		};
/* End PBXVariantGroup section */

/* Begin XCBuildConfiguration section */
		1CE37138F7F9FA8663CDD490DBC6FC1A /* Debug */ = {
			isa = XCBuildConfiguration;
			buildSettings = {
				GENERATE_INFOPLIST_FILE = YES;
				LD_RUNPATH_SEARCH_PATHS = (
					"$(inherited)",
					"@loader_path/../Frameworks",
					"@executable_path/../Frameworks",
				);
				MACOSX_DEPLOYMENT_TARGET = 26.0;
				PRODUCT_BUNDLE_IDENTIFIER = com.interlacedpixel.PicardSessionsTests;
				SDKROOT = macosx;
				SWIFT_OBJC_INTEROP_MODE = objcxx;
			};
			name = Debug;
		};
		1D559BA33310F1AFE20D7442ECAB9E57 /* Release */ = {
			isa = XCBuildConfiguration;
			buildSettings = {
				GENERATE_INFOPLIST_FILE = YES;
				LD_RUNPATH_SEARCH_PATHS = (
					"$(inherited)",
					"@loader_path/../Frameworks",
					"@executable_path/../Frameworks",
				);
				MACOSX_DEPLOYMENT_TARGET = 26.0;
				PRODUCT_BUNDLE_IDENTIFIER = com.interlacedpixel.PicardFingerprintTests;
				SDKROOT = macosx;
				SWIFT_OBJC_INTEROP_MODE = objcxx;
			};
			name = Release;
		};
		1F56AD28F662A83D42CDC702739D6308 /* Debug */ = {
			isa = XCBuildConfiguration;
			buildSettings = {
				GENERATE_INFOPLIST_FILE = YES;
				LD_RUNPATH_SEARCH_PATHS = (
					"$(inherited)",
					"@loader_path/../Frameworks",
					"@executable_path/../Frameworks",
				);
				MACOSX_DEPLOYMENT_TARGET = 26.0;
				PRODUCT_BUNDLE_IDENTIFIER = com.interlacedpixel.PicardFormatsTests;
				SDKROOT = macosx;
				SWIFT_OBJC_INTEROP_MODE = objcxx;
			};
			name = Debug;
		};
		26A6101F2C568E7749066B4836666455 /* Debug */ = {
			isa = XCBuildConfiguration;
			buildSettings = {
				GENERATE_INFOPLIST_FILE = YES;
				LD_RUNPATH_SEARCH_PATHS = (
					"$(inherited)",
					"@loader_path/../Frameworks",
					"@executable_path/../Frameworks",
				);
				MACOSX_DEPLOYMENT_TARGET = 26.0;
				PRODUCT_BUNDLE_IDENTIFIER = com.interlacedpixel.PicardScriptsTests;
				SDKROOT = macosx;
				SWIFT_OBJC_INTEROP_MODE = objcxx;
			};
			name = Debug;
		};
		26BB17F4CE513DADEB0327BCA8B510B2 /* Debug */ = {
			isa = XCBuildConfiguration;
			buildSettings = {
				ALWAYS_SEARCH_USER_PATHS = NO;
				CLANG_ANALYZER_NONNULL = YES;
				CLANG_ANALYZER_NUMBER_OBJECT_CONVERSION = YES_AGGRESSIVE;
				CLANG_CXX_LANGUAGE_STANDARD = "c++17";
				CLANG_CXX_LIBRARY = "libc++";
				CLANG_ENABLE_MODULES = YES;
				CLANG_ENABLE_OBJC_ARC = YES;
				CLANG_ENABLE_OBJC_WEAK = YES;
				CLANG_WARN_BLOCK_CAPTURE_AUTORELEASING = YES;
				CLANG_WARN_BOOL_CONVERSION = YES;
				CLANG_WARN_COMMA = YES;
				CLANG_WARN_CONSTANT_CONVERSION = YES;
				CLANG_WARN_DEPRECATED_OBJC_IMPLEMENTATIONS = YES;
				CLANG_WARN_DIRECT_OBJC_ISA_USAGE = YES_ERROR;
				CLANG_WARN_DOCUMENTATION_COMMENTS = YES;
				CLANG_WARN_EMPTY_BODY = YES;
				CLANG_WARN_ENUM_CONVERSION = YES;
				CLANG_WARN_INFINITE_RECURSION = YES;
				CLANG_WARN_INT_CONVERSION = YES;
				CLANG_WARN_NON_LITERAL_NULL_CONVERSION = YES;
				CLANG_WARN_OBJC_IMPLICIT_RETAIN_SELF = YES;
				CLANG_WARN_OBJC_LITERAL_CONVERSION = YES;
				CLANG_WARN_OBJC_ROOT_CLASS = YES_ERROR;
				CLANG_WARN_QUOTED_INCLUDE_IN_FRAMEWORK_HEADER = YES;
				CLANG_WARN_RANGE_LOOP_ANALYSIS = YES;
				CLANG_WARN_STRICT_PROTOTYPES = YES;
				CLANG_WARN_SUSPICIOUS_MOVE = YES;
				CLANG_WARN_UNGUARDED_AVAILABILITY = YES_AGGRESSIVE;
				CLANG_WARN_UNREACHABLE_CODE = YES;
				CLANG_WARN__DUPLICATE_METHOD_MATCH = YES;
				CODE_SIGN_IDENTITY = "-";
				CODE_SIGN_STYLE = Manual;
				COPY_PHASE_STRIP = NO;
				DEBUG_INFORMATION_FORMAT = dwarf;
				ENABLE_STRICT_OBJC_MSGSEND = YES;
				ENABLE_TESTABILITY = YES;
				ENABLE_USER_SCRIPT_SANDBOXING = NO;
				GCC_C_LANGUAGE_STANDARD = gnu11;
				GCC_DYNAMIC_NO_PIC = NO;
				GCC_NO_COMMON_BLOCKS = YES;
				GCC_OPTIMIZATION_LEVEL = 0;
				GCC_PREPROCESSOR_DEFINITIONS = (
					"DEBUG=1",
					"$(inherited)",
				);
				GCC_WARN_64_TO_32_BIT_CONVERSION = YES;
				GCC_WARN_ABOUT_RETURN_TYPE = YES_ERROR;
				GCC_WARN_UNDECLARED_SELECTOR = YES;
				GCC_WARN_UNINITIALIZED_AUTOS = YES_AGGRESSIVE;
				GCC_WARN_UNUSED_FUNCTION = YES;
				GCC_WARN_UNUSED_VARIABLE = YES;
				MACOSX_DEPLOYMENT_TARGET = 26.0;
				MTL_ENABLE_DEBUG_INFO = INCLUDE_SOURCE;
				MTL_FAST_MATH = YES;
				ONLY_ACTIVE_ARCH = YES;
				PRODUCT_NAME = "$(TARGET_NAME)";
				SDKROOT = macosx;
				SWIFT_ACTIVE_COMPILATION_CONDITIONS = DEBUG;
				SWIFT_DEFAULT_ACTOR_ISOLATION = nonisolated;
				SWIFT_OPTIMIZATION_LEVEL = "-Onone";
				SWIFT_STRICT_CONCURRENCY = complete;
				SWIFT_VERSION = 6.0;
			};
			name = Debug;
		};
		37DAC1F48D521331E4D0519409D85197 /* Debug */ = {
			isa = XCBuildConfiguration;
			buildSettings = {
				GENERATE_INFOPLIST_FILE = YES;
				LD_RUNPATH_SEARCH_PATHS = (
					"$(inherited)",
					"@loader_path/../Frameworks",
					"@executable_path/../Frameworks",
				);
				MACOSX_DEPLOYMENT_TARGET = 26.0;
				PRODUCT_BUNDLE_IDENTIFIER = com.interlacedpixel.PicardCoverArtTests;
				SDKROOT = macosx;
				SWIFT_OBJC_INTEROP_MODE = objcxx;
			};
			name = Debug;
		};
		43EAAC440B8C766A6B6D946898852333 /* Release */ = {
			isa = XCBuildConfiguration;
			buildSettings = {
				GENERATE_INFOPLIST_FILE = YES;
				LD_RUNPATH_SEARCH_PATHS = (
					"$(inherited)",
					"@loader_path/../Frameworks",
					"@executable_path/../Frameworks",
				);
				MACOSX_DEPLOYMENT_TARGET = 26.0;
				PRODUCT_BUNDLE_IDENTIFIER = com.interlacedpixel.PicardMusicBrainzTests;
				SDKROOT = macosx;
				SWIFT_OBJC_INTEROP_MODE = objcxx;
			};
			name = Release;
		};
		4B77328C9F4C973E389CADBE3C63DEFD /* Debug */ = {
			isa = XCBuildConfiguration;
			buildSettings = {
				ASSETCATALOG_COMPILER_APPICON_NAME = AppIcon;
				ASSETCATALOG_COMPILER_GLOBAL_ACCENT_COLOR_NAME = AccentColor;
				COMBINE_HIDPI_IMAGES = YES;
				DEFINES_MODULE = YES;
				ENABLE_APP_SANDBOX = NO;
				ENABLE_TESTABILITY = YES;
				GENERATE_INFOPLIST_FILE = NO;
				INFOPLIST_FILE = Sources/MacPicard/Resources/Info.plist;
				LD_RUNPATH_SEARCH_PATHS = (
					"$(inherited)",
					"@executable_path/../Frameworks",
				);
				MACOSX_DEPLOYMENT_TARGET = 26.0;
				PRODUCT_BUNDLE_IDENTIFIER = com.interlacedpixel.MacPicard;
				PRODUCT_NAME = MacPicard;
				SDKROOT = macosx;
				SKIP_INSTALL = NO;
				SWIFT_OBJC_INTEROP_MODE = objcxx;
			};
			name = Debug;
		};
		59CEDC9F060B95D6DB139DC09F86370D /* Release */ = {
			isa = XCBuildConfiguration;
			buildSettings = {
				BUNDLE_LOADER = "$(TEST_HOST)";
				GENERATE_INFOPLIST_FILE = YES;
				LD_RUNPATH_SEARCH_PATHS = (
					"$(inherited)",
					"@loader_path/../Frameworks",
					"@executable_path/../Frameworks",
				);
				MACOSX_DEPLOYMENT_TARGET = 26.0;
				PRODUCT_BUNDLE_IDENTIFIER = com.interlacedpixel.MacPicardTests;
				SDKROOT = macosx;
				SWIFT_INCLUDE_PATHS = "$(inherited) $(BUILT_PRODUCTS_DIR)";
				SWIFT_OBJC_INTEROP_MODE = objcxx;
				TEST_HOST = "$(BUILT_PRODUCTS_DIR)/MacPicard.app/Contents/MacOS/MacPicard";
			};
			name = Release;
		};
		734378579CC3242CDE6CF5E637F02FE8 /* Release */ = {
			isa = XCBuildConfiguration;
			buildSettings = {
				GENERATE_INFOPLIST_FILE = YES;
				LD_RUNPATH_SEARCH_PATHS = (
					"$(inherited)",
					"@loader_path/../Frameworks",
					"@executable_path/../Frameworks",
				);
				MACOSX_DEPLOYMENT_TARGET = 26.0;
				PRODUCT_BUNDLE_IDENTIFIER = com.interlacedpixel.PicardFoundationTests;
				SDKROOT = macosx;
				SWIFT_OBJC_INTEROP_MODE = objcxx;
			};
			name = Release;
		};
		75E4089AF557242B8E3D4EABEBAEE01D /* Release */ = {
			isa = XCBuildConfiguration;
			buildSettings = {
				GENERATE_INFOPLIST_FILE = YES;
				LD_RUNPATH_SEARCH_PATHS = (
					"$(inherited)",
					"@loader_path/../Frameworks",
					"@executable_path/../Frameworks",
				);
				MACOSX_DEPLOYMENT_TARGET = 26.0;
				PRODUCT_BUNDLE_IDENTIFIER = com.interlacedpixel.PicardScriptsTests;
				SDKROOT = macosx;
				SWIFT_OBJC_INTEROP_MODE = objcxx;
			};
			name = Release;
		};
		7D97ED7625925FA0AAA6C8C10508FE7F /* Debug */ = {
			isa = XCBuildConfiguration;
			buildSettings = {
				BUNDLE_LOADER = "$(TEST_HOST)";
				GENERATE_INFOPLIST_FILE = YES;
				LD_RUNPATH_SEARCH_PATHS = (
					"$(inherited)",
					"@loader_path/../Frameworks",
					"@executable_path/../Frameworks",
				);
				MACOSX_DEPLOYMENT_TARGET = 26.0;
				PRODUCT_BUNDLE_IDENTIFIER = com.interlacedpixel.MacPicardTests;
				SDKROOT = macosx;
				SWIFT_INCLUDE_PATHS = "$(inherited) $(BUILT_PRODUCTS_DIR)";
				SWIFT_OBJC_INTEROP_MODE = objcxx;
				TEST_HOST = "$(BUILT_PRODUCTS_DIR)/MacPicard.app/Contents/MacOS/MacPicard";
			};
			name = Debug;
		};
		7E939643432DAA2270020DA1C722CE90 /* Debug */ = {
			isa = XCBuildConfiguration;
			buildSettings = {
				GENERATE_INFOPLIST_FILE = YES;
				LD_RUNPATH_SEARCH_PATHS = (
					"$(inherited)",
					"@loader_path/../Frameworks",
					"@executable_path/../Frameworks",
				);
				MACOSX_DEPLOYMENT_TARGET = 26.0;
				PRODUCT_BUNDLE_IDENTIFIER = com.interlacedpixel.PicardFingerprintTests;
				SDKROOT = macosx;
				SWIFT_OBJC_INTEROP_MODE = objcxx;
			};
			name = Debug;
		};
		9C56F9BC4E5FDD4C4BF0B45D6AD4948D /* Release */ = {
			isa = XCBuildConfiguration;
			buildSettings = {
				ALWAYS_SEARCH_USER_PATHS = NO;
				CLANG_ANALYZER_NONNULL = YES;
				CLANG_ANALYZER_NUMBER_OBJECT_CONVERSION = YES_AGGRESSIVE;
				CLANG_CXX_LANGUAGE_STANDARD = "c++17";
				CLANG_CXX_LIBRARY = "libc++";
				CLANG_ENABLE_MODULES = YES;
				CLANG_ENABLE_OBJC_ARC = YES;
				CLANG_ENABLE_OBJC_WEAK = YES;
				CLANG_WARN_BLOCK_CAPTURE_AUTORELEASING = YES;
				CLANG_WARN_BOOL_CONVERSION = YES;
				CLANG_WARN_COMMA = YES;
				CLANG_WARN_CONSTANT_CONVERSION = YES;
				CLANG_WARN_DEPRECATED_OBJC_IMPLEMENTATIONS = YES;
				CLANG_WARN_DIRECT_OBJC_ISA_USAGE = YES_ERROR;
				CLANG_WARN_DOCUMENTATION_COMMENTS = YES;
				CLANG_WARN_EMPTY_BODY = YES;
				CLANG_WARN_ENUM_CONVERSION = YES;
				CLANG_WARN_INFINITE_RECURSION = YES;
				CLANG_WARN_INT_CONVERSION = YES;
				CLANG_WARN_NON_LITERAL_NULL_CONVERSION = YES;
				CLANG_WARN_OBJC_IMPLICIT_RETAIN_SELF = YES;
				CLANG_WARN_OBJC_LITERAL_CONVERSION = YES;
				CLANG_WARN_OBJC_ROOT_CLASS = YES_ERROR;
				CLANG_WARN_QUOTED_INCLUDE_IN_FRAMEWORK_HEADER = YES;
				CLANG_WARN_RANGE_LOOP_ANALYSIS = YES;
				CLANG_WARN_STRICT_PROTOTYPES = YES;
				CLANG_WARN_SUSPICIOUS_MOVE = YES;
				CLANG_WARN_UNGUARDED_AVAILABILITY = YES_AGGRESSIVE;
				CLANG_WARN_UNREACHABLE_CODE = YES;
				CLANG_WARN__DUPLICATE_METHOD_MATCH = YES;
				CODE_SIGN_IDENTITY = "-";
				CODE_SIGN_STYLE = Manual;
				COPY_PHASE_STRIP = NO;
				DEBUG_INFORMATION_FORMAT = "dwarf-with-dsym";
				ENABLE_NS_ASSERTIONS = NO;
				ENABLE_STRICT_OBJC_MSGSEND = YES;
				ENABLE_USER_SCRIPT_SANDBOXING = NO;
				GCC_C_LANGUAGE_STANDARD = gnu11;
				GCC_NO_COMMON_BLOCKS = YES;
				GCC_WARN_64_TO_32_BIT_CONVERSION = YES;
				GCC_WARN_ABOUT_RETURN_TYPE = YES_ERROR;
				GCC_WARN_UNDECLARED_SELECTOR = YES;
				GCC_WARN_UNINITIALIZED_AUTOS = YES_AGGRESSIVE;
				GCC_WARN_UNUSED_FUNCTION = YES;
				GCC_WARN_UNUSED_VARIABLE = YES;
				MACOSX_DEPLOYMENT_TARGET = 26.0;
				MTL_ENABLE_DEBUG_INFO = NO;
				MTL_FAST_MATH = YES;
				PRODUCT_NAME = "$(TARGET_NAME)";
				SDKROOT = macosx;
				SWIFT_COMPILATION_MODE = wholemodule;
				SWIFT_DEFAULT_ACTOR_ISOLATION = nonisolated;
				SWIFT_OPTIMIZATION_LEVEL = "-O";
				SWIFT_STRICT_CONCURRENCY = complete;
				SWIFT_VERSION = 6.0;
			};
			name = Release;
		};
		9E98D5D82FDA529E9B417CDFDD05FFB1 /* Release */ = {
			isa = XCBuildConfiguration;
			buildSettings = {
				GENERATE_INFOPLIST_FILE = YES;
				LD_RUNPATH_SEARCH_PATHS = (
					"$(inherited)",
					"@loader_path/../Frameworks",
					"@executable_path/../Frameworks",
				);
				MACOSX_DEPLOYMENT_TARGET = 26.0;
				PRODUCT_BUNDLE_IDENTIFIER = com.interlacedpixel.PicardCoverArtTests;
				SDKROOT = macosx;
				SWIFT_OBJC_INTEROP_MODE = objcxx;
			};
			name = Release;
		};
		AE0F84D10C01E6DCD8700E7925682DA3 /* Debug */ = {
			isa = XCBuildConfiguration;
			buildSettings = {
				GENERATE_INFOPLIST_FILE = YES;
				LD_RUNPATH_SEARCH_PATHS = (
					"$(inherited)",
					"@loader_path/../Frameworks",
					"@executable_path/../Frameworks",
				);
				MACOSX_DEPLOYMENT_TARGET = 26.0;
				PRODUCT_BUNDLE_IDENTIFIER = com.interlacedpixel.PicardMusicBrainzTests;
				SDKROOT = macosx;
				SWIFT_OBJC_INTEROP_MODE = objcxx;
			};
			name = Debug;
		};
		B2062E9DBAFC379CDA0BB2AF98625790 /* Release */ = {
			isa = XCBuildConfiguration;
			buildSettings = {
				ASSETCATALOG_COMPILER_APPICON_NAME = AppIcon;
				ASSETCATALOG_COMPILER_GLOBAL_ACCENT_COLOR_NAME = AccentColor;
				COMBINE_HIDPI_IMAGES = YES;
				DEFINES_MODULE = YES;
				ENABLE_APP_SANDBOX = NO;
				GENERATE_INFOPLIST_FILE = NO;
				INFOPLIST_FILE = Sources/MacPicard/Resources/Info.plist;
				LD_RUNPATH_SEARCH_PATHS = (
					"$(inherited)",
					"@executable_path/../Frameworks",
				);
				MACOSX_DEPLOYMENT_TARGET = 26.0;
				PRODUCT_BUNDLE_IDENTIFIER = com.interlacedpixel.MacPicard;
				PRODUCT_NAME = MacPicard;
				SDKROOT = macosx;
				SKIP_INSTALL = NO;
				SWIFT_OBJC_INTEROP_MODE = objcxx;
			};
			name = Release;
		};
		B70FA81D724B3F827E4570C898D94147 /* Release */ = {
			isa = XCBuildConfiguration;
			buildSettings = {
				GENERATE_INFOPLIST_FILE = YES;
				LD_RUNPATH_SEARCH_PATHS = (
					"$(inherited)",
					"@loader_path/../Frameworks",
					"@executable_path/../Frameworks",
				);
				MACOSX_DEPLOYMENT_TARGET = 26.0;
				PRODUCT_BUNDLE_IDENTIFIER = com.interlacedpixel.PicardSessionsTests;
				SDKROOT = macosx;
				SWIFT_OBJC_INTEROP_MODE = objcxx;
			};
			name = Release;
		};
		D172ABF80DFEDFB0C841345857478E23 /* Release */ = {
			isa = XCBuildConfiguration;
			buildSettings = {
				GENERATE_INFOPLIST_FILE = YES;
				LD_RUNPATH_SEARCH_PATHS = (
					"$(inherited)",
					"@loader_path/../Frameworks",
					"@executable_path/../Frameworks",
				);
				MACOSX_DEPLOYMENT_TARGET = 26.0;
				PRODUCT_BUNDLE_IDENTIFIER = com.interlacedpixel.PicardFormatsTests;
				SDKROOT = macosx;
				SWIFT_OBJC_INTEROP_MODE = objcxx;
			};
			name = Release;
		};
		FB5860621C79E1379E5928AE7450DD93 /* Debug */ = {
			isa = XCBuildConfiguration;
			buildSettings = {
				GENERATE_INFOPLIST_FILE = YES;
				LD_RUNPATH_SEARCH_PATHS = (
					"$(inherited)",
					"@loader_path/../Frameworks",
					"@executable_path/../Frameworks",
				);
				MACOSX_DEPLOYMENT_TARGET = 26.0;
				PRODUCT_BUNDLE_IDENTIFIER = com.interlacedpixel.PicardFoundationTests;
				SDKROOT = macosx;
				SWIFT_OBJC_INTEROP_MODE = objcxx;
			};
			name = Debug;
		};
/* End XCBuildConfiguration section */

/* Begin XCConfigurationList section */
		1B340A7E11234B7F7C728CC6AE25E65B /* Build configuration list for PBXNativeTarget "MacPicardTests" */ = {
			isa = XCConfigurationList;
			buildConfigurations = (
				59CEDC9F060B95D6DB139DC09F86370D /* Release */,
				7D97ED7625925FA0AAA6C8C10508FE7F /* Debug */,
			);
			defaultConfigurationIsVisible = 0;
			defaultConfigurationName = Release;
		};
		2FFBE0316DCE2D3BD7DFD6945E2F82CD /* Build configuration list for PBXProject "MacPicard" */ = {
			isa = XCConfigurationList;
			buildConfigurations = (
				26BB17F4CE513DADEB0327BCA8B510B2 /* Debug */,
				9C56F9BC4E5FDD4C4BF0B45D6AD4948D /* Release */,
			);
			defaultConfigurationIsVisible = 0;
			defaultConfigurationName = Debug;
		};
		3053DDCDBCDA4B1887278FB978F173B4 /* Build configuration list for PBXNativeTarget "PicardFormatsTests" */ = {
			isa = XCConfigurationList;
			buildConfigurations = (
				D172ABF80DFEDFB0C841345857478E23 /* Release */,
				1F56AD28F662A83D42CDC702739D6308 /* Debug */,
			);
			defaultConfigurationIsVisible = 0;
			defaultConfigurationName = Release;
		};
		6489BE28B7C494B3FF037518ED597BAA /* Build configuration list for PBXNativeTarget "MacPicard" */ = {
			isa = XCConfigurationList;
			buildConfigurations = (
				B2062E9DBAFC379CDA0BB2AF98625790 /* Release */,
				4B77328C9F4C973E389CADBE3C63DEFD /* Debug */,
			);
			defaultConfigurationIsVisible = 0;
			defaultConfigurationName = Release;
		};
		6B9B54882BC6F8738D717D6215DE31CA /* Build configuration list for PBXNativeTarget "PicardMusicBrainzTests" */ = {
			isa = XCConfigurationList;
			buildConfigurations = (
				43EAAC440B8C766A6B6D946898852333 /* Release */,
				AE0F84D10C01E6DCD8700E7925682DA3 /* Debug */,
			);
			defaultConfigurationIsVisible = 0;
			defaultConfigurationName = Release;
		};
		90F2DDB2B27DB4BECCBCC6951C1B83A0 /* Build configuration list for PBXNativeTarget "PicardSessionsTests" */ = {
			isa = XCConfigurationList;
			buildConfigurations = (
				B70FA81D724B3F827E4570C898D94147 /* Release */,
				1CE37138F7F9FA8663CDD490DBC6FC1A /* Debug */,
			);
			defaultConfigurationIsVisible = 0;
			defaultConfigurationName = Release;
		};
		A0575C55DE0C05C6E1C282595B39D9BB /* Build configuration list for PBXNativeTarget "PicardCoverArtTests" */ = {
			isa = XCConfigurationList;
			buildConfigurations = (
				9E98D5D82FDA529E9B417CDFDD05FFB1 /* Release */,
				37DAC1F48D521331E4D0519409D85197 /* Debug */,
			);
			defaultConfigurationIsVisible = 0;
			defaultConfigurationName = Release;
		};
		B1348E60753D9D29F9BEDEED175948CC /* Build configuration list for PBXNativeTarget "PicardScriptsTests" */ = {
			isa = XCConfigurationList;
			buildConfigurations = (
				75E4089AF557242B8E3D4EABEBAEE01D /* Release */,
				26A6101F2C568E7749066B4836666455 /* Debug */,
			);
			defaultConfigurationIsVisible = 0;
			defaultConfigurationName = Release;
		};
		B2C5D76ED72D72CE61FF7A8145ED4313 /* Build configuration list for PBXNativeTarget "PicardFoundationTests" */ = {
			isa = XCConfigurationList;
			buildConfigurations = (
				734378579CC3242CDE6CF5E637F02FE8 /* Release */,
				FB5860621C79E1379E5928AE7450DD93 /* Debug */,
			);
			defaultConfigurationIsVisible = 0;
			defaultConfigurationName = Release;
		};
		CD012337FD762A885D147C7354A5C245 /* Build configuration list for PBXNativeTarget "PicardFingerprintTests" */ = {
			isa = XCConfigurationList;
			buildConfigurations = (
				1D559BA33310F1AFE20D7442ECAB9E57 /* Release */,
				7E939643432DAA2270020DA1C722CE90 /* Debug */,
			);
			defaultConfigurationIsVisible = 0;
			defaultConfigurationName = Release;
		};
/* End XCConfigurationList section */

/* Begin XCLocalSwiftPackageReference section */
		AB0AF1FADBEFEB140091937E5BE11513 /* XCLocalSwiftPackageReference "." */ = {
			isa = XCLocalSwiftPackageReference;
			relativePath = .;
		};
/* End XCLocalSwiftPackageReference section */

/* Begin XCSwiftPackageProductDependency section */
		18EC759E9467AAE78A90F18F7DE38F29 /* PicardFoundation */ = {
			isa = XCSwiftPackageProductDependency;
			package = AB0AF1FADBEFEB140091937E5BE11513 /* XCLocalSwiftPackageReference "." */;
			productName = PicardFoundation;
		};
		288CBF5874AACE7779E30B1DFB1EAB5B /* PicardFoundation */ = {
			isa = XCSwiftPackageProductDependency;
			package = AB0AF1FADBEFEB140091937E5BE11513 /* XCLocalSwiftPackageReference "." */;
			productName = PicardFoundation;
		};
		32CC45EFBB673B9DEFEE04C8B1D1FBE3 /* PicardCoverArt */ = {
			isa = XCSwiftPackageProductDependency;
			package = AB0AF1FADBEFEB140091937E5BE11513 /* XCLocalSwiftPackageReference "." */;
			productName = PicardCoverArt;
		};
		3DABA4F4E94210520732974A0D97D4D9 /* PicardCoverArt */ = {
			isa = XCSwiftPackageProductDependency;
			package = AB0AF1FADBEFEB140091937E5BE11513 /* XCLocalSwiftPackageReference "." */;
			productName = PicardCoverArt;
		};
		3DF5AAB707D9E3D178AF35E39C35C55C /* PicardFormats */ = {
			isa = XCSwiftPackageProductDependency;
			package = AB0AF1FADBEFEB140091937E5BE11513 /* XCLocalSwiftPackageReference "." */;
			productName = PicardFormats;
		};
		464D82CD8AD41A45992E60047EB97644 /* PicardFoundation */ = {
			isa = XCSwiftPackageProductDependency;
			package = AB0AF1FADBEFEB140091937E5BE11513 /* XCLocalSwiftPackageReference "." */;
			productName = PicardFoundation;
		};
		4A9845EB4A049BDF077BAA5D1A79C887 /* PicardFormats */ = {
			isa = XCSwiftPackageProductDependency;
			package = AB0AF1FADBEFEB140091937E5BE11513 /* XCLocalSwiftPackageReference "." */;
			productName = PicardFormats;
		};
		5F8EC2218CE3B0CC98DB1320DDD93767 /* PicardScripts */ = {
			isa = XCSwiftPackageProductDependency;
			package = AB0AF1FADBEFEB140091937E5BE11513 /* XCLocalSwiftPackageReference "." */;
			productName = PicardScripts;
		};
		6AA0048AFEEF5DB8E6CE416914B4D2D1 /* PicardFormats */ = {
			isa = XCSwiftPackageProductDependency;
			package = AB0AF1FADBEFEB140091937E5BE11513 /* XCLocalSwiftPackageReference "." */;
			productName = PicardFormats;
		};
		75345D0AEA87AE58A3196A87997AFB13 /* PicardFingerprint */ = {
			isa = XCSwiftPackageProductDependency;
			package = AB0AF1FADBEFEB140091937E5BE11513 /* XCLocalSwiftPackageReference "." */;
			productName = PicardFingerprint;
		};
		8172878BDA6BEE37CF6E9F76AD432EE9 /* PicardMusicBrainz */ = {
			isa = XCSwiftPackageProductDependency;
			package = AB0AF1FADBEFEB140091937E5BE11513 /* XCLocalSwiftPackageReference "." */;
			productName = PicardMusicBrainz;
		};
		8D926A995DDDE26F0B3773AB0EE51BA7 /* PicardMusicBrainz */ = {
			isa = XCSwiftPackageProductDependency;
			package = AB0AF1FADBEFEB140091937E5BE11513 /* XCLocalSwiftPackageReference "." */;
			productName = PicardMusicBrainz;
		};
		8E0C739EDF564B5DAB5EED71F1083285 /* PicardSessions */ = {
			isa = XCSwiftPackageProductDependency;
			package = AB0AF1FADBEFEB140091937E5BE11513 /* XCLocalSwiftPackageReference "." */;
			productName = PicardSessions;
		};
		9537465BF37EA434E13E0029600C8192 /* PicardMusicBrainz */ = {
			isa = XCSwiftPackageProductDependency;
			package = AB0AF1FADBEFEB140091937E5BE11513 /* XCLocalSwiftPackageReference "." */;
			productName = PicardMusicBrainz;
		};
		97EF2E67075023A199A4840534009B57 /* PicardScripts */ = {
			isa = XCSwiftPackageProductDependency;
			package = AB0AF1FADBEFEB140091937E5BE11513 /* XCLocalSwiftPackageReference "." */;
			productName = PicardScripts;
		};
		9BAB54C7D0DC927EF965414F0FB24232 /* PicardFoundation */ = {
			isa = XCSwiftPackageProductDependency;
			package = AB0AF1FADBEFEB140091937E5BE11513 /* XCLocalSwiftPackageReference "." */;
			productName = PicardFoundation;
		};
		E5B9BD33DBA3BF396789A0A458A94911 /* PicardSessions */ = {
			isa = XCSwiftPackageProductDependency;
			package = AB0AF1FADBEFEB140091937E5BE11513 /* XCLocalSwiftPackageReference "." */;
			productName = PicardSessions;
		};
		F13EE8BCF876C25F2083848F5D0C6515 /* PicardFoundation */ = {
			isa = XCSwiftPackageProductDependency;
			package = AB0AF1FADBEFEB140091937E5BE11513 /* XCLocalSwiftPackageReference "." */;
			productName = PicardFoundation;
		};
		F316AA9196C5DA97B17A8F4A3EF5A9C7 /* PicardFoundation */ = {
			isa = XCSwiftPackageProductDependency;
			package = AB0AF1FADBEFEB140091937E5BE11513 /* XCLocalSwiftPackageReference "." */;
			productName = PicardFoundation;
		};
		F809EB080E6E9AF8E0F641179210102C /* PicardFingerprint */ = {
			isa = XCSwiftPackageProductDependency;
			package = AB0AF1FADBEFEB140091937E5BE11513 /* XCLocalSwiftPackageReference "." */;
			productName = PicardFingerprint;
		};
/* End XCSwiftPackageProductDependency section */
	};
	rootObject = 5F166D669F1CB516D326FABFC8D8735F /* Project object */;
}
